PODS:
  - Alamofire (4.5.0)
  - AWSAutoScaling (2.6.1):
    - AWSCore (= 2.6.1)
  - AWSCloudWatch (2.6.1):
    - AWSCore (= 2.6.1)
  - AWSCognito (2.6.1):
    - AWSCore (= 2.6.1)
  - AWSCognitoIdentityProvider (2.6.1):
    - AWSCore (= 2.6.1)
  - AWSCore (2.6.1)
  - AWSDynamoDB (2.6.1):
    - AWSCore (= 2.6.1)
  - AWSEC2 (2.6.1):
    - AWSCore (= 2.6.1)
  - AWSElasticLoadBalancing (2.6.1):
    - AWSCore (= 2.6.1)
  - AWSIoT (2.6.1):
    - AWSCore (= 2.6.1)
  - AWSKinesis (2.6.1):
    - AWSCore (= 2.6.1)
  - AWSLambda (2.6.1):
    - AWSCore (= 2.6.1)
  - AWSLex (2.6.1):
    - AWSCore (= 2.6.1)
  - AWSMachineLearning (2.6.1):
    - AWSCore (= 2.6.1)
  - AWSMobileAnalytics (2.6.1):
    - AWSCore (= 2.6.1)
  - AWSPinpoint (2.6.1):
    - AWSCore (= 2.6.1)
  - AWSPolly (2.6.1):
    - AWSCore (= 2.6.1)
  - AWSRekognition (2.6.1):
    - AWSCore (= 2.6.1)
  - AWSS3 (2.6.1):
    - AWSCore (= 2.6.1)
  - AWSSES (2.6.1):
    - AWSCore (= 2.6.1)
  - AWSSimpleDB (2.6.1):
    - AWSCore (= 2.6.1)
  - AWSSNS (2.6.1):
    - AWSCore (= 2.6.1)
  - AWSSQS (2.6.1):
    - AWSCore (= 2.6.1)
  - Bolts (1.8.4):
    - Bolts/AppLinks (= 1.8.4)
    - Bolts/Tasks (= 1.8.4)
  - Bolts/AppLinks (1.8.4):
    - Bolts/Tasks
  - Bolts/Tasks (1.8.4)
  - Cosmos (11.0.3)
  - CVCalendar (1.5.2)
  - ESPullToRefresh (2.7)
  - FacebookCore (0.2.0):
    - Bolts (~> 1.8)
    - FBSDKCoreKit (~> 4.15)
  - FacebookLogin (0.2.0):
    - Bolts (~> 1.8)
    - FacebookCore (~> 0.2)
    - FBSDKCoreKit (~> 4.15)
    - FBSDKLoginKit (~> 4.15)
  - FacebookShare (0.2.0):
    - Bolts (~> 1.8)
    - FacebookCore (~> 0.2)
    - FBSDKCoreKit (~> 4.21)
    - FBSDKShareKit (~> 4.21)
  - FBSDKCoreKit (4.26.0):
    - Bolts (~> 1.7)
  - FBSDKLoginKit (4.26.0):
    - FBSDKCoreKit
  - FBSDKShareKit (4.26.0):
    - FBSDKCoreKit
  - Kingfisher (3.10.2)
  - LNSideMenu (2.3.2)
  - ObjectMapper (2.2.7)

DEPENDENCIES:
  - Alamofire (~> 4.4)
  - AWSAutoScaling
  - AWSCloudWatch
  - AWSCognito
  - AWSCognitoIdentityProvider
  - AWSDynamoDB
  - AWSEC2
  - AWSElasticLoadBalancing
  - AWSIoT
  - AWSKinesis
  - AWSLambda
  - AWSLex
  - AWSMachineLearning
  - AWSMobileAnalytics
  - AWSPinpoint
  - AWSPolly
  - AWSRekognition
  - AWSS3
  - AWSSES
  - AWSSimpleDB
  - AWSSNS
  - AWSSQS
  - Cosmos (~> 11.0)
  - CVCalendar (~> 1.5.2)
  - ESPullToRefresh
  - FacebookCore
  - FacebookLogin
  - FacebookShare (from `https://github.com/1amageek/facebook-sdk-swift`)
  - Kingfisher (~> 3.0)
  - LNSideMenu (~> 2.3.2)
  - ObjectMapper (~> 2.2)

EXTERNAL SOURCES:
  FacebookShare:
    :git: https://github.com/1amageek/facebook-sdk-swift

CHECKOUT OPTIONS:
  FacebookShare:
    :commit: 3ac76c770e9849285c380f380309d866911d2e93
    :git: https://github.com/1amageek/facebook-sdk-swift

SPEC CHECKSUMS:
  Alamofire: f28cdffd29de33a7bfa022cbd63ae95a27fae140
  AWSAutoScaling: 69870fc0dc0417adba08aacbacfe1c4cbe1aa7b6
  AWSCloudWatch: 48ffd6cc1610c4113d5dc079f51534b85df7e26e
  AWSCognito: 9aad635e11de0febf026e8a8acbbd345b2016801
  AWSCognitoIdentityProvider: a335678a0024fa2b44213bc4e86b46b21773e567
  AWSCore: e7d37fa0715def975acf1b0d75556576780088b8
  AWSDynamoDB: e873d66ccd547efad9a7e266b8803659a53e0ac9
  AWSEC2: 5cf1ec29b12711baebe33ef9349bc413f623a7d1
  AWSElasticLoadBalancing: 48028580b69ffd136ec1e94bfe2026c2e607bb26
  AWSIoT: b070b7f3967314f58e5c349f383b9f533f63c67a
  AWSKinesis: c63805f4fe943515e0291532cf6ff7f4269002ef
  AWSLambda: 044446e6a9310379a10939fb4e151b2b4a9fe5e6
  AWSLex: 1dbe31322fb857b5d93f0520b5939b5461beb4e8
  AWSMachineLearning: 3f2c50f631cad10431e5dade434adf400fa05834
  AWSMobileAnalytics: e787c0a07a2a428ac27cc4a13be087b4bc667322
  AWSPinpoint: 3b4a191a053858478010e0794ff0a3a42d72e12f
  AWSPolly: a882638c195f94ddffd4b155e5801455aee8b657
  AWSRekognition: 54783372f225d2cda1de305732563f65c4a78df0
  AWSS3: 2e18ede28199a5530955dc1a65434da43dcc4d2c
  AWSSES: aba21100f333fbe5b187ad763da18d5946079be3
  AWSSimpleDB: 6060ddb066ca25b28853a453471c926764c484e4
  AWSSNS: c92b66ebd6f434ae106d3ba49f9432436daba37e
  AWSSQS: 8e55f609a5be369ec5c7348285c75d91cae9f3fe
  Bolts: 8a7995239dbe724f9cba2248b766d48b7ebdd322
  Cosmos: eb506859929f4add2d2aec822a27efb2f718a95d
  CVCalendar: 6d429042961f2abdf90a1795e66ef5e1032c88bb
  ESPullToRefresh: 119e2710b82b75536aab2bbe4883ba119fca35c8
  FacebookCore: 2cb3f0fbff218e9d3119cec84bae983b232412de
  FacebookLogin: c9d606504735780a9e3002465a615512e0a691a5
  FacebookShare: d086f7a4610bbbca9cec5e774de450a9b3e1a20b
  FBSDKCoreKit: c8b8582311ec11b145451d8b9717dc6cc2ae5a76
  FBSDKLoginKit: f3f03b94c21eb834af243c0a881d48641f47ca60
  FBSDKShareKit: 320712d8293fde6392872c91eb80ef0da5d73cc3
  Kingfisher: 7297492bf8cec9b2e2dee3519f2219948580d98e
  LNSideMenu: a36d902c8142af3febafa63e118c351a150f2321
  ObjectMapper: 65abcfd9a61cf7396cbd14a4fb22fddfcc46577e

PODFILE CHECKSUM: 87073db6bb9adf1b037f6545679886fa95ea06e6

COCOAPODS: 1.2.1
