// !$*UTF8*$!
{
	archiveVersion = 1;
	classes = {
	};
	objectVersion = 46;
	objects = {

/* Begin PBXBuildFile section */
		4D06C9531F766EF300ED4E95 /* SegueFromRight.swift in Sources */ = {isa = PBXBuildFile; fileRef = 4D06C9521F766EF300ED4E95 /* SegueFromRight.swift */; };
		4D06C9551F76731A00ED4E95 /* SegueFromLeft.swift in Sources */ = {isa = PBXBuildFile; fileRef = 4D06C9541F76731A00ED4E95 /* SegueFromLeft.swift */; };
		4D1587F91F59639100B1FFB4 /* Main.storyboard in Resources */ = {isa = PBXBuildFile; fileRef = 4D1587F71F59639100B1FFB4 /* Main.storyboard */; };
		4D1587FE1F59651900B1FFB4 /* SMNavigationController.swift in Sources */ = {isa = PBXBuildFile; fileRef = 4D1587FD1F59651900B1FFB4 /* SMNavigationController.swift */; };
		4D1588001F59657500B1FFB4 /* LeftMenuTableViewController.swift in Sources */ = {isa = PBXBuildFile; fileRef = 4D1587FF1F59657500B1FFB4 /* LeftMenuTableViewController.swift */; };
		4D1588041F59663C00B1FFB4 /* MenuTableViewCell.swift in Sources */ = {isa = PBXBuildFile; fileRef = 4D1588021F59663C00B1FFB4 /* MenuTableViewCell.swift */; };
		4D1588051F59663C00B1FFB4 /* MenuTableViewCell.xib in Resources */ = {isa = PBXBuildFile; fileRef = 4D1588031F59663C00B1FFB4 /* MenuTableViewCell.xib */; };
		4D18E2191F750243007B83B6 /* NetworkingService.swift in Sources */ = {isa = PBXBuildFile; fileRef = 4D18E2181F750243007B83B6 /* NetworkingService.swift */; };
		4D18E21D1F750DA6007B83B6 /* UI.swift in Sources */ = {isa = PBXBuildFile; fileRef = 4D18E21C1F750DA6007B83B6 /* UI.swift */; };
		4D237C021F775B71007C1201 /* ListOrderViewController.swift in Sources */ = {isa = PBXBuildFile; fileRef = 4D237C011F775B71007C1201 /* ListOrderViewController.swift */; };
		4D237C091F775C3C007C1201 /* GetOrderTableViewCell.swift in Sources */ = {isa = PBXBuildFile; fileRef = 4D237C071F775C3C007C1201 /* GetOrderTableViewCell.swift */; };
		4D237C0A1F775C3C007C1201 /* GetOrderTableViewCell.xib in Resources */ = {isa = PBXBuildFile; fileRef = 4D237C081F775C3C007C1201 /* GetOrderTableViewCell.xib */; };
		4D24855A1F7A3F940025F810 /* SuggestionTableViewCell.swift in Sources */ = {isa = PBXBuildFile; fileRef = 4D2485581F7A3F940025F810 /* SuggestionTableViewCell.swift */; };
		4D24855B1F7A3F940025F810 /* SuggestionTableViewCell.xib in Resources */ = {isa = PBXBuildFile; fileRef = 4D2485591F7A3F940025F810 /* SuggestionTableViewCell.xib */; };
		4D24855E1F7A5EE00025F810 /* CalendarViewController.swift in Sources */ = {isa = PBXBuildFile; fileRef = 4D24855D1F7A5EE00025F810 /* CalendarViewController.swift */; };
		4D2F0BCC1F711AC70017B8E7 /* ContactInfo.swift in Sources */ = {isa = PBXBuildFile; fileRef = 4D2F0BCB1F711AC70017B8E7 /* ContactInfo.swift */; };
		4D2F0BCE1F711F550017B8E7 /* ResultUser.swift in Sources */ = {isa = PBXBuildFile; fileRef = 4D2F0BCD1F711F550017B8E7 /* ResultUser.swift */; };
		4D3118A01F6C10CD00ACA713 /* OrderInfoViewController.swift in Sources */ = {isa = PBXBuildFile; fileRef = 4D31189F1F6C10CD00ACA713 /* OrderInfoViewController.swift */; };
		4D3BB80B1F5FF52B00D6686C /* TopOrderTableViewCell.swift in Sources */ = {isa = PBXBuildFile; fileRef = 4D3BB8091F5FF52B00D6686C /* TopOrderTableViewCell.swift */; };
		4D3BB80C1F5FF52B00D6686C /* TopOrderTableViewCell.xib in Resources */ = {isa = PBXBuildFile; fileRef = 4D3BB80A1F5FF52B00D6686C /* TopOrderTableViewCell.xib */; };
		4D3BB8101F5FFDAF00D6686C /* Product.swift in Sources */ = {isa = PBXBuildFile; fileRef = 4D3BB80F1F5FFDAF00D6686C /* Product.swift */; };
		4D3BB8121F60035100D6686C /* Recipe.swift in Sources */ = {isa = PBXBuildFile; fileRef = 4D3BB8111F60035100D6686C /* Recipe.swift */; };
		4D3F6DAB1F76167700F95EB9 /* AddNewContactViewController.swift in Sources */ = {isa = PBXBuildFile; fileRef = 4D3F6DAA1F76167700F95EB9 /* AddNewContactViewController.swift */; };
		4D4086581F5F9558004697CE /* KitchenDetailViewController.swift in Sources */ = {isa = PBXBuildFile; fileRef = 4D4086571F5F9558004697CE /* KitchenDetailViewController.swift */; };
		4D4466FC1F60DEA40022C91C /* OrderViewController.swift in Sources */ = {isa = PBXBuildFile; fileRef = 4D4466FB1F60DEA40022C91C /* OrderViewController.swift */; };
		4D4467001F60DF1E0022C91C /* OrderTableViewCell.swift in Sources */ = {isa = PBXBuildFile; fileRef = 4D4466FE1F60DF1E0022C91C /* OrderTableViewCell.swift */; };
		4D4467011F60DF1E0022C91C /* OrderTableViewCell.xib in Resources */ = {isa = PBXBuildFile; fileRef = 4D4466FF1F60DF1E0022C91C /* OrderTableViewCell.xib */; };
		4D62A24E1F7A13C500326E9B /* SuggestionViewController.swift in Sources */ = {isa = PBXBuildFile; fileRef = 4D62A24D1F7A13C500326E9B /* SuggestionViewController.swift */; };
		4D6620E71F5C5A6200B96DC7 /* User.swift in Sources */ = {isa = PBXBuildFile; fileRef = 4D6620E61F5C5A6200B96DC7 /* User.swift */; };
		4D6E96D61F693B45000DD7EE /* OrderInfo.swift in Sources */ = {isa = PBXBuildFile; fileRef = 4D6E96D51F693B45000DD7EE /* OrderInfo.swift */; };
		4D7471DD1F604B23007C53E2 /* Ingredient.swift in Sources */ = {isa = PBXBuildFile; fileRef = 4D7471DC1F604B23007C53E2 /* Ingredient.swift */; };
		4D7471E11F604CB0007C53E2 /* ProductDataModel.swift in Sources */ = {isa = PBXBuildFile; fileRef = 4D7471E01F604CB0007C53E2 /* ProductDataModel.swift */; };
		4D86C0411F72504B00C3D555 /* Helper.swift in Sources */ = {isa = PBXBuildFile; fileRef = 4D86C0401F72504B00C3D555 /* Helper.swift */; };
		4D86C0461F7251AC00C3D555 /* ContactInfoTableViewCell.swift in Sources */ = {isa = PBXBuildFile; fileRef = 4D86C0441F7251AC00C3D555 /* ContactInfoTableViewCell.swift */; };
		4D86C0471F7251AC00C3D555 /* ContactInfoTableViewCell.xib in Resources */ = {isa = PBXBuildFile; fileRef = 4D86C0451F7251AC00C3D555 /* ContactInfoTableViewCell.xib */; };
		4D900EFC1F716FB600D7C9A8 /* UserDataModel.swift in Sources */ = {isa = PBXBuildFile; fileRef = 4D900EFB1F716FB600D7C9A8 /* UserDataModel.swift */; };
		4DACF0AF1F55C9A00043ED79 /* AppDelegate.swift in Sources */ = {isa = PBXBuildFile; fileRef = 4DACF0AE1F55C9A00043ED79 /* AppDelegate.swift */; };
		4DACF0B61F55C9A00043ED79 /* Assets.xcassets in Resources */ = {isa = PBXBuildFile; fileRef = 4DACF0B51F55C9A00043ED79 /* Assets.xcassets */; };
		4DACF0B91F55C9A00043ED79 /* LaunchScreen.storyboard in Resources */ = {isa = PBXBuildFile; fileRef = 4DACF0B71F55C9A00043ED79 /* LaunchScreen.storyboard */; };
		4DCC35191F668B870005BD40 /* OrderItem.swift in Sources */ = {isa = PBXBuildFile; fileRef = 4DCC35181F668B870005BD40 /* OrderItem.swift */; };
		4DE6EC2D1F68EC1000A1A4DE /* getorder.json in Resources */ = {isa = PBXBuildFile; fileRef = 4DE6EC2C1F68EC1000A1A4DE /* getorder.json */; };
		4DEBE0671F77ED2E00A0305D /* ResultOrderInfo.swift in Sources */ = {isa = PBXBuildFile; fileRef = 4DEBE0661F77ED2E00A0305D /* ResultOrderInfo.swift */; };
		4DEBE0691F78082A00A0305D /* OrderDetailViewController.swift in Sources */ = {isa = PBXBuildFile; fileRef = 4DEBE0681F78082A00A0305D /* OrderDetailViewController.swift */; };
		4DEBE06E1F78095A00A0305D /* OrderDetailTableViewCell.swift in Sources */ = {isa = PBXBuildFile; fileRef = 4DEBE06C1F78095A00A0305D /* OrderDetailTableViewCell.swift */; };
		4DEBE06F1F78095A00A0305D /* OrderDetailTableViewCell.xib in Resources */ = {isa = PBXBuildFile; fileRef = 4DEBE06D1F78095A00A0305D /* OrderDetailTableViewCell.xib */; };
		4DEDD3371F5BF90100D24E79 /* LoginViewController.swift in Sources */ = {isa = PBXBuildFile; fileRef = 4DEDD3361F5BF90100D24E79 /* LoginViewController.swift */; };
		4DEDD33D1F5C075500D24E79 /* SignupViewController.swift in Sources */ = {isa = PBXBuildFile; fileRef = 4DEDD33C1F5C075500D24E79 /* SignupViewController.swift */; };
		4DF43FF71F5E39CE00365F57 /* getrestaurants.json in Resources */ = {isa = PBXBuildFile; fileRef = 4DF43FF61F5E39CE00365F57 /* getrestaurants.json */; };
		4DF43FFB1F5E3B6B00365F57 /* Address.swift in Sources */ = {isa = PBXBuildFile; fileRef = 4DF43FFA1F5E3B6B00365F57 /* Address.swift */; };
		4DF43FFD1F5E3B7A00365F57 /* Kitchen.swift in Sources */ = {isa = PBXBuildFile; fileRef = 4DF43FFC1F5E3B7A00365F57 /* Kitchen.swift */; };
		4DF43FFF1F5E3DC200365F57 /* ResultKitchen.swift in Sources */ = {isa = PBXBuildFile; fileRef = 4DF43FFE1F5E3DC200365F57 /* ResultKitchen.swift */; };
		4DF440011F5E448E00365F57 /* KitchenDataModel.swift in Sources */ = {isa = PBXBuildFile; fileRef = 4DF440001F5E448E00365F57 /* KitchenDataModel.swift */; };
		4DF5896C1F78FE5A00CC8149 /* SuggestionItem.swift in Sources */ = {isa = PBXBuildFile; fileRef = 4DF5896B1F78FE5A00CC8149 /* SuggestionItem.swift */; };
		4DF5896E1F7900F500CC8149 /* Suggestion.swift in Sources */ = {isa = PBXBuildFile; fileRef = 4DF5896D1F7900F500CC8149 /* Suggestion.swift */; };
		4DF589721F790C2A00CC8149 /* ResultCustomerOrder.swift in Sources */ = {isa = PBXBuildFile; fileRef = 4DF589711F790C2A00CC8149 /* ResultCustomerOrder.swift */; };
		4DF589741F79101D00CC8149 /* CustomerOrderDataModel.swift in Sources */ = {isa = PBXBuildFile; fileRef = 4DF589731F79101D00CC8149 /* CustomerOrderDataModel.swift */; };
		4DFAAEC31F5D44B600FE2EAE /* KitchenViewController.swift in Sources */ = {isa = PBXBuildFile; fileRef = 4DFAAEC21F5D44B600FE2EAE /* KitchenViewController.swift */; };
		4DFAAEC61F5D459500FE2EAE /* KitchenTableViewCell.swift in Sources */ = {isa = PBXBuildFile; fileRef = 4DFAAEC41F5D459500FE2EAE /* KitchenTableViewCell.swift */; };
		4DFAAEC71F5D459500FE2EAE /* KitchenTableViewCell.xib in Resources */ = {isa = PBXBuildFile; fileRef = 4DFAAEC51F5D459500FE2EAE /* KitchenTableViewCell.xib */; };
		A523611545740C645967EF58 /* Pods_HomeKitchen.framework in Frameworks */ = {isa = PBXBuildFile; fileRef = 223CF9B73D9541A7B43ACFB0 /* Pods_HomeKitchen.framework */; };
/* End PBXBuildFile section */

/* Begin PBXFileReference section */
		223CF9B73D9541A7B43ACFB0 /* Pods_HomeKitchen.framework */ = {isa = PBXFileReference; explicitFileType = wrapper.framework; includeInIndex = 0; path = Pods_HomeKitchen.framework; sourceTree = BUILT_PRODUCTS_DIR; };
		47C45F89A3DE0DE24F6C2B14 /* Pods-HomeKitchen.release.xcconfig */ = {isa = PBXFileReference; includeInIndex = 1; lastKnownFileType = text.xcconfig; name = "Pods-HomeKitchen.release.xcconfig"; path = "Pods/Target Support Files/Pods-HomeKitchen/Pods-HomeKitchen.release.xcconfig"; sourceTree = "<group>"; };
		4D06C9521F766EF300ED4E95 /* SegueFromRight.swift */ = {isa = PBXFileReference; fileEncoding = 4; lastKnownFileType = sourcecode.swift; path = SegueFromRight.swift; sourceTree = "<group>"; };
		4D06C9541F76731A00ED4E95 /* SegueFromLeft.swift */ = {isa = PBXFileReference; fileEncoding = 4; lastKnownFileType = sourcecode.swift; path = SegueFromLeft.swift; sourceTree = "<group>"; };
		4D1587F81F59639100B1FFB4 /* Base */ = {isa = PBXFileReference; lastKnownFileType = file.storyboard; name = Base; path = Base.lproj/Main.storyboard; sourceTree = "<group>"; };
		4D1587FD1F59651900B1FFB4 /* SMNavigationController.swift */ = {isa = PBXFileReference; fileEncoding = 4; lastKnownFileType = sourcecode.swift; path = SMNavigationController.swift; sourceTree = "<group>"; };
		4D1587FF1F59657500B1FFB4 /* LeftMenuTableViewController.swift */ = {isa = PBXFileReference; fileEncoding = 4; lastKnownFileType = sourcecode.swift; path = LeftMenuTableViewController.swift; sourceTree = "<group>"; };
		4D1588021F59663C00B1FFB4 /* MenuTableViewCell.swift */ = {isa = PBXFileReference; fileEncoding = 4; lastKnownFileType = sourcecode.swift; path = MenuTableViewCell.swift; sourceTree = "<group>"; };
		4D1588031F59663C00B1FFB4 /* MenuTableViewCell.xib */ = {isa = PBXFileReference; fileEncoding = 4; lastKnownFileType = file.xib; path = MenuTableViewCell.xib; sourceTree = "<group>"; };
		4D18E2181F750243007B83B6 /* NetworkingService.swift */ = {isa = PBXFileReference; fileEncoding = 4; lastKnownFileType = sourcecode.swift; path = NetworkingService.swift; sourceTree = "<group>"; };
		4D18E21C1F750DA6007B83B6 /* UI.swift */ = {isa = PBXFileReference; fileEncoding = 4; lastKnownFileType = sourcecode.swift; path = UI.swift; sourceTree = "<group>"; };
		4D237C011F775B71007C1201 /* ListOrderViewController.swift */ = {isa = PBXFileReference; fileEncoding = 4; lastKnownFileType = sourcecode.swift; path = ListOrderViewController.swift; sourceTree = "<group>"; };
		4D237C071F775C3C007C1201 /* GetOrderTableViewCell.swift */ = {isa = PBXFileReference; fileEncoding = 4; lastKnownFileType = sourcecode.swift; path = GetOrderTableViewCell.swift; sourceTree = "<group>"; };
		4D237C081F775C3C007C1201 /* GetOrderTableViewCell.xib */ = {isa = PBXFileReference; fileEncoding = 4; lastKnownFileType = file.xib; path = GetOrderTableViewCell.xib; sourceTree = "<group>"; };
		4D2485581F7A3F940025F810 /* SuggestionTableViewCell.swift */ = {isa = PBXFileReference; fileEncoding = 4; lastKnownFileType = sourcecode.swift; path = SuggestionTableViewCell.swift; sourceTree = "<group>"; };
		4D2485591F7A3F940025F810 /* SuggestionTableViewCell.xib */ = {isa = PBXFileReference; fileEncoding = 4; lastKnownFileType = file.xib; path = SuggestionTableViewCell.xib; sourceTree = "<group>"; };
		4D24855D1F7A5EE00025F810 /* CalendarViewController.swift */ = {isa = PBXFileReference; fileEncoding = 4; lastKnownFileType = sourcecode.swift; path = CalendarViewController.swift; sourceTree = "<group>"; };
		4D2F0BCB1F711AC70017B8E7 /* ContactInfo.swift */ = {isa = PBXFileReference; fileEncoding = 4; lastKnownFileType = sourcecode.swift; path = ContactInfo.swift; sourceTree = "<group>"; };
		4D2F0BCD1F711F550017B8E7 /* ResultUser.swift */ = {isa = PBXFileReference; fileEncoding = 4; lastKnownFileType = sourcecode.swift; path = ResultUser.swift; sourceTree = "<group>"; };
		4D31189F1F6C10CD00ACA713 /* OrderInfoViewController.swift */ = {isa = PBXFileReference; fileEncoding = 4; lastKnownFileType = sourcecode.swift; path = OrderInfoViewController.swift; sourceTree = "<group>"; };
		4D3BB8091F5FF52B00D6686C /* TopOrderTableViewCell.swift */ = {isa = PBXFileReference; fileEncoding = 4; lastKnownFileType = sourcecode.swift; path = TopOrderTableViewCell.swift; sourceTree = "<group>"; };
		4D3BB80A1F5FF52B00D6686C /* TopOrderTableViewCell.xib */ = {isa = PBXFileReference; fileEncoding = 4; lastKnownFileType = file.xib; path = TopOrderTableViewCell.xib; sourceTree = "<group>"; };
		4D3BB80F1F5FFDAF00D6686C /* Product.swift */ = {isa = PBXFileReference; fileEncoding = 4; lastKnownFileType = sourcecode.swift; path = Product.swift; sourceTree = "<group>"; };
		4D3BB8111F60035100D6686C /* Recipe.swift */ = {isa = PBXFileReference; fileEncoding = 4; lastKnownFileType = sourcecode.swift; path = Recipe.swift; sourceTree = "<group>"; };
		4D3F6DAA1F76167700F95EB9 /* AddNewContactViewController.swift */ = {isa = PBXFileReference; fileEncoding = 4; lastKnownFileType = sourcecode.swift; path = AddNewContactViewController.swift; sourceTree = "<group>"; };
		4D4086571F5F9558004697CE /* KitchenDetailViewController.swift */ = {isa = PBXFileReference; fileEncoding = 4; lastKnownFileType = sourcecode.swift; path = KitchenDetailViewController.swift; sourceTree = "<group>"; };
		4D4466FB1F60DEA40022C91C /* OrderViewController.swift */ = {isa = PBXFileReference; fileEncoding = 4; lastKnownFileType = sourcecode.swift; path = OrderViewController.swift; sourceTree = "<group>"; };
		4D4466FE1F60DF1E0022C91C /* OrderTableViewCell.swift */ = {isa = PBXFileReference; fileEncoding = 4; lastKnownFileType = sourcecode.swift; path = OrderTableViewCell.swift; sourceTree = "<group>"; };
		4D4466FF1F60DF1E0022C91C /* OrderTableViewCell.xib */ = {isa = PBXFileReference; fileEncoding = 4; lastKnownFileType = file.xib; path = OrderTableViewCell.xib; sourceTree = "<group>"; };
		4D62A24D1F7A13C500326E9B /* SuggestionViewController.swift */ = {isa = PBXFileReference; fileEncoding = 4; lastKnownFileType = sourcecode.swift; path = SuggestionViewController.swift; sourceTree = "<group>"; };
		4D6620E61F5C5A6200B96DC7 /* User.swift */ = {isa = PBXFileReference; fileEncoding = 4; lastKnownFileType = sourcecode.swift; path = User.swift; sourceTree = "<group>"; };
		4D6E96D51F693B45000DD7EE /* OrderInfo.swift */ = {isa = PBXFileReference; fileEncoding = 4; lastKnownFileType = sourcecode.swift; path = OrderInfo.swift; sourceTree = "<group>"; };
		4D7471DC1F604B23007C53E2 /* Ingredient.swift */ = {isa = PBXFileReference; fileEncoding = 4; lastKnownFileType = sourcecode.swift; path = Ingredient.swift; sourceTree = "<group>"; };
		4D7471E01F604CB0007C53E2 /* ProductDataModel.swift */ = {isa = PBXFileReference; fileEncoding = 4; lastKnownFileType = sourcecode.swift; path = ProductDataModel.swift; sourceTree = "<group>"; };
		4D86C0401F72504B00C3D555 /* Helper.swift */ = {isa = PBXFileReference; fileEncoding = 4; lastKnownFileType = sourcecode.swift; path = Helper.swift; sourceTree = "<group>"; };
		4D86C0441F7251AC00C3D555 /* ContactInfoTableViewCell.swift */ = {isa = PBXFileReference; fileEncoding = 4; lastKnownFileType = sourcecode.swift; path = ContactInfoTableViewCell.swift; sourceTree = "<group>"; };
		4D86C0451F7251AC00C3D555 /* ContactInfoTableViewCell.xib */ = {isa = PBXFileReference; fileEncoding = 4; lastKnownFileType = file.xib; path = ContactInfoTableViewCell.xib; sourceTree = "<group>"; };
		4D900EFB1F716FB600D7C9A8 /* UserDataModel.swift */ = {isa = PBXFileReference; fileEncoding = 4; lastKnownFileType = sourcecode.swift; path = UserDataModel.swift; sourceTree = "<group>"; };
		4DACF0AB1F55C9A00043ED79 /* HomeKitchen.app */ = {isa = PBXFileReference; explicitFileType = wrapper.application; includeInIndex = 0; path = HomeKitchen.app; sourceTree = BUILT_PRODUCTS_DIR; };
		4DACF0AE1F55C9A00043ED79 /* AppDelegate.swift */ = {isa = PBXFileReference; lastKnownFileType = sourcecode.swift; path = AppDelegate.swift; sourceTree = "<group>"; };
		4DACF0B51F55C9A00043ED79 /* Assets.xcassets */ = {isa = PBXFileReference; lastKnownFileType = folder.assetcatalog; path = Assets.xcassets; sourceTree = "<group>"; };
		4DACF0B81F55C9A00043ED79 /* Base */ = {isa = PBXFileReference; lastKnownFileType = file.storyboard; name = Base; path = Base.lproj/LaunchScreen.storyboard; sourceTree = "<group>"; };
		4DACF0BA1F55C9A00043ED79 /* Info.plist */ = {isa = PBXFileReference; lastKnownFileType = text.plist.xml; path = Info.plist; sourceTree = "<group>"; };
		4DCC35181F668B870005BD40 /* OrderItem.swift */ = {isa = PBXFileReference; fileEncoding = 4; lastKnownFileType = sourcecode.swift; path = OrderItem.swift; sourceTree = "<group>"; };
		4DE6EC2C1F68EC1000A1A4DE /* getorder.json */ = {isa = PBXFileReference; fileEncoding = 4; lastKnownFileType = text.json; path = getorder.json; sourceTree = "<group>"; };
		4DEBE0661F77ED2E00A0305D /* ResultOrderInfo.swift */ = {isa = PBXFileReference; fileEncoding = 4; lastKnownFileType = sourcecode.swift; path = ResultOrderInfo.swift; sourceTree = "<group>"; };
		4DEBE0681F78082A00A0305D /* OrderDetailViewController.swift */ = {isa = PBXFileReference; fileEncoding = 4; lastKnownFileType = sourcecode.swift; path = OrderDetailViewController.swift; sourceTree = "<group>"; };
		4DEBE06C1F78095A00A0305D /* OrderDetailTableViewCell.swift */ = {isa = PBXFileReference; fileEncoding = 4; lastKnownFileType = sourcecode.swift; path = OrderDetailTableViewCell.swift; sourceTree = "<group>"; };
		4DEBE06D1F78095A00A0305D /* OrderDetailTableViewCell.xib */ = {isa = PBXFileReference; fileEncoding = 4; lastKnownFileType = file.xib; path = OrderDetailTableViewCell.xib; sourceTree = "<group>"; };
		4DEDD3361F5BF90100D24E79 /* LoginViewController.swift */ = {isa = PBXFileReference; fileEncoding = 4; lastKnownFileType = sourcecode.swift; path = LoginViewController.swift; sourceTree = "<group>"; };
		4DEDD33C1F5C075500D24E79 /* SignupViewController.swift */ = {isa = PBXFileReference; fileEncoding = 4; lastKnownFileType = sourcecode.swift; path = SignupViewController.swift; sourceTree = "<group>"; };
		4DF43FF61F5E39CE00365F57 /* getrestaurants.json */ = {isa = PBXFileReference; fileEncoding = 4; lastKnownFileType = text.json; path = getrestaurants.json; sourceTree = "<group>"; };
		4DF43FFA1F5E3B6B00365F57 /* Address.swift */ = {isa = PBXFileReference; fileEncoding = 4; lastKnownFileType = sourcecode.swift; path = Address.swift; sourceTree = "<group>"; };
		4DF43FFC1F5E3B7A00365F57 /* Kitchen.swift */ = {isa = PBXFileReference; fileEncoding = 4; lastKnownFileType = sourcecode.swift; path = Kitchen.swift; sourceTree = "<group>"; };
		4DF43FFE1F5E3DC200365F57 /* ResultKitchen.swift */ = {isa = PBXFileReference; fileEncoding = 4; lastKnownFileType = sourcecode.swift; path = ResultKitchen.swift; sourceTree = "<group>"; };
		4DF440001F5E448E00365F57 /* KitchenDataModel.swift */ = {isa = PBXFileReference; fileEncoding = 4; lastKnownFileType = sourcecode.swift; path = KitchenDataModel.swift; sourceTree = "<group>"; };
		4DF5896B1F78FE5A00CC8149 /* SuggestionItem.swift */ = {isa = PBXFileReference; fileEncoding = 4; lastKnownFileType = sourcecode.swift; path = SuggestionItem.swift; sourceTree = "<group>"; };
		4DF5896D1F7900F500CC8149 /* Suggestion.swift */ = {isa = PBXFileReference; fileEncoding = 4; lastKnownFileType = sourcecode.swift; path = Suggestion.swift; sourceTree = "<group>"; };
		4DF589711F790C2A00CC8149 /* ResultCustomerOrder.swift */ = {isa = PBXFileReference; fileEncoding = 4; lastKnownFileType = sourcecode.swift; path = ResultCustomerOrder.swift; sourceTree = "<group>"; };
		4DF589731F79101D00CC8149 /* CustomerOrderDataModel.swift */ = {isa = PBXFileReference; fileEncoding = 4; lastKnownFileType = sourcecode.swift; path = CustomerOrderDataModel.swift; sourceTree = "<group>"; };
		4DFAAEC21F5D44B600FE2EAE /* KitchenViewController.swift */ = {isa = PBXFileReference; fileEncoding = 4; lastKnownFileType = sourcecode.swift; path = KitchenViewController.swift; sourceTree = "<group>"; };
		4DFAAEC41F5D459500FE2EAE /* KitchenTableViewCell.swift */ = {isa = PBXFileReference; fileEncoding = 4; lastKnownFileType = sourcecode.swift; path = KitchenTableViewCell.swift; sourceTree = "<group>"; };
		4DFAAEC51F5D459500FE2EAE /* KitchenTableViewCell.xib */ = {isa = PBXFileReference; fileEncoding = 4; lastKnownFileType = file.xib; path = KitchenTableViewCell.xib; sourceTree = "<group>"; };
		D9DF5D2093C2480DF0169BD0 /* Pods-HomeKitchen.debug.xcconfig */ = {isa = PBXFileReference; includeInIndex = 1; lastKnownFileType = text.xcconfig; name = "Pods-HomeKitchen.debug.xcconfig"; path = "Pods/Target Support Files/Pods-HomeKitchen/Pods-HomeKitchen.debug.xcconfig"; sourceTree = "<group>"; };
/* End PBXFileReference section */

/* Begin PBXFrameworksBuildPhase section */
		4DACF0A81F55C9A00043ED79 /* Frameworks */ = {
			isa = PBXFrameworksBuildPhase;
			buildActionMask = 2147483647;
			files = (
				A523611545740C645967EF58 /* Pods_HomeKitchen.framework in Frameworks */,
			);
			runOnlyForDeploymentPostprocessing = 0;
		};
/* End PBXFrameworksBuildPhase section */

/* Begin PBXGroup section */
		4D0932C11F63E2A6001CEFF5 /* HomeScreen */ = {
			isa = PBXGroup;
			children = (
				4DFAAEC81F5D45B900FE2EAE /* KitchenCell */,
			);
			path = HomeScreen;
			sourceTree = "<group>";
		};
		4D0932C21F63E2E7001CEFF5 /* KitchenDetailScreen */ = {
			isa = PBXGroup;
			children = (
				4D3BB8081F5FF4EF00D6686C /* TopOrderCell */,
			);
			path = KitchenDetailScreen;
			sourceTree = "<group>";
		};
		4D0932C31F63E306001CEFF5 /* OrderScreen */ = {
			isa = PBXGroup;
			children = (
				4D4466FD1F60DEDE0022C91C /* ListOrderCell */,
			);
			path = OrderScreen;
			sourceTree = "<group>";
		};
		4D1587FC1F5964F400B1FFB4 /* SideMenu */ = {
			isa = PBXGroup;
			children = (
				4D1587FF1F59657500B1FFB4 /* LeftMenuTableViewController.swift */,
				4D1587FD1F59651900B1FFB4 /* SMNavigationController.swift */,
			);
			path = SideMenu;
			sourceTree = "<group>";
		};
		4D1588011F59661600B1FFB4 /* MenuCell */ = {
			isa = PBXGroup;
			children = (
				4D1588021F59663C00B1FFB4 /* MenuTableViewCell.swift */,
				4D1588031F59663C00B1FFB4 /* MenuTableViewCell.xib */,
			);
			path = MenuCell;
			sourceTree = "<group>";
		};
		4D237C001F775AFA007C1201 /* GetListOrderScreen */ = {
			isa = PBXGroup;
			children = (
				4D237C011F775B71007C1201 /* ListOrderViewController.swift */,
			);
			name = GetListOrderScreen;
			sourceTree = "<group>";
		};
		4D237C031F775BA8007C1201 /* GetListOrderScreen */ = {
			isa = PBXGroup;
			children = (
				4D237C061F775C00007C1201 /* GetListOrderCell */,
			);
			name = GetListOrderScreen;
			sourceTree = "<group>";
		};
		4D237C061F775C00007C1201 /* GetListOrderCell */ = {
			isa = PBXGroup;
			children = (
				4D237C071F775C3C007C1201 /* GetOrderTableViewCell.swift */,
				4D237C081F775C3C007C1201 /* GetOrderTableViewCell.xib */,
			);
			name = GetListOrderCell;
			sourceTree = "<group>";
		};
		4D2485571F7A3F710025F810 /* CustomerSuggestionScreen */ = {
			isa = PBXGroup;
			children = (
				4D2485581F7A3F940025F810 /* SuggestionTableViewCell.swift */,
				4D2485591F7A3F940025F810 /* SuggestionTableViewCell.xib */,
			);
			name = CustomerSuggestionScreen;
			sourceTree = "<group>";
		};
		4D24855C1F7A5E4B0025F810 /* CalendarScreen */ = {
			isa = PBXGroup;
			children = (
				4D24855D1F7A5EE00025F810 /* CalendarViewController.swift */,
			);
			name = CalendarScreen;
			sourceTree = "<group>";
		};
		4D31189E1F6C10B600ACA713 /* OrderInfoScreen */ = {
			isa = PBXGroup;
			children = (
				4D31189F1F6C10CD00ACA713 /* OrderInfoViewController.swift */,
			);
			name = OrderInfoScreen;
			sourceTree = "<group>";
		};
		4D3BB8081F5FF4EF00D6686C /* TopOrderCell */ = {
			isa = PBXGroup;
			children = (
				4D3BB8091F5FF52B00D6686C /* TopOrderTableViewCell.swift */,
				4D3BB80A1F5FF52B00D6686C /* TopOrderTableViewCell.xib */,
			);
			path = TopOrderCell;
			sourceTree = "<group>";
		};
		4D3F6DA91F76165900F95EB9 /* AddNewContactScreen */ = {
			isa = PBXGroup;
			children = (
				4D3F6DAA1F76167700F95EB9 /* AddNewContactViewController.swift */,
			);
			name = AddNewContactScreen;
			sourceTree = "<group>";
		};
		4D4086541F5F8E33004697CE /* KitchenDetailScreen */ = {
			isa = PBXGroup;
			children = (
				4D4086571F5F9558004697CE /* KitchenDetailViewController.swift */,
			);
			path = KitchenDetailScreen;
			sourceTree = "<group>";
		};
		4D4466FA1F60DE5A0022C91C /* OrderScreen */ = {
			isa = PBXGroup;
			children = (
				4D4466FB1F60DEA40022C91C /* OrderViewController.swift */,
			);
			path = OrderScreen;
			sourceTree = "<group>";
		};
		4D4466FD1F60DEDE0022C91C /* ListOrderCell */ = {
			isa = PBXGroup;
			children = (
				4D4466FE1F60DF1E0022C91C /* OrderTableViewCell.swift */,
				4D4466FF1F60DF1E0022C91C /* OrderTableViewCell.xib */,
			);
			path = ListOrderCell;
			sourceTree = "<group>";
		};
		4D62A24A1F7A12B600326E9B /* CustomerSuggestionScreen */ = {
			isa = PBXGroup;
			children = (
				4D62A24D1F7A13C500326E9B /* SuggestionViewController.swift */,
			);
			name = CustomerSuggestionScreen;
			sourceTree = "<group>";
		};
		4D86C0421F72515F00C3D555 /* OrderInfoScreen */ = {
			isa = PBXGroup;
			children = (
				4D86C0431F72518C00C3D555 /* ContactInfoCell */,
			);
			name = OrderInfoScreen;
			sourceTree = "<group>";
		};
		4D86C0431F72518C00C3D555 /* ContactInfoCell */ = {
			isa = PBXGroup;
			children = (
				4D86C0441F7251AC00C3D555 /* ContactInfoTableViewCell.swift */,
				4D86C0451F7251AC00C3D555 /* ContactInfoTableViewCell.xib */,
			);
			name = ContactInfoCell;
			sourceTree = "<group>";
		};
		4DACF0A21F55C9A00043ED79 = {
			isa = PBXGroup;
			children = (
				D126507B14935250B33A623E /* Frameworks */,
				4DACF0AD1F55C9A00043ED79 /* HomeKitchen */,
				59DA56E9BE7B31EB6A86CD31 /* Pods */,
				4DACF0AC1F55C9A00043ED79 /* Products */,
			);
			sourceTree = "<group>";
		};
		4DACF0AC1F55C9A00043ED79 /* Products */ = {
			isa = PBXGroup;
			children = (
				4DACF0AB1F55C9A00043ED79 /* HomeKitchen.app */,
			);
			name = Products;
			sourceTree = "<group>";
		};
		4DACF0AD1F55C9A00043ED79 /* HomeKitchen */ = {
			isa = PBXGroup;
			children = (
				4DDE9F7C1F642AE800EE875D /* Helper */,
				4DDB7ED01F59486300A24730 /* Controllers */,
				4DF43FF31F5E395B00365F57 /* Json File */,
				4DDB7ED21F59487700A24730 /* Models */,
				4DDB7ED11F59486C00A24730 /* Views */,
				4DACF0AE1F55C9A00043ED79 /* AppDelegate.swift */,
				4DACF0B51F55C9A00043ED79 /* Assets.xcassets */,
				4DACF0BA1F55C9A00043ED79 /* Info.plist */,
				4DACF0B71F55C9A00043ED79 /* LaunchScreen.storyboard */,
				4D1587F71F59639100B1FFB4 /* Main.storyboard */,
			);
			path = HomeKitchen;
			sourceTree = "<group>";
		};
		4DDB7ED01F59486300A24730 /* Controllers */ = {
			isa = PBXGroup;
			children = (
				4D24855C1F7A5E4B0025F810 /* CalendarScreen */,
				4D62A24A1F7A12B600326E9B /* CustomerSuggestionScreen */,
				4DEBE0651F77A70A00A0305D /* OrderDetailScreen */,
				4D237C001F775AFA007C1201 /* GetListOrderScreen */,
				4D3F6DA91F76165900F95EB9 /* AddNewContactScreen */,
				4D31189E1F6C10B600ACA713 /* OrderInfoScreen */,
				4DDB7ED51F59623500A24730 /* HomeScreen */,
				4D4086541F5F8E33004697CE /* KitchenDetailScreen */,
				4DEDD3351F5BF8D500D24E79 /* LoginAndSignup */,
				4D4466FA1F60DE5A0022C91C /* OrderScreen */,
				4D1587FC1F5964F400B1FFB4 /* SideMenu */,
			);
			path = Controllers;
			sourceTree = "<group>";
		};
		4DDB7ED11F59486C00A24730 /* Views */ = {
			isa = PBXGroup;
			children = (
				4D2485571F7A3F710025F810 /* CustomerSuggestionScreen */,
				4DEBE06A1F78092800A0305D /* OrderDetailScreen */,
				4D237C031F775BA8007C1201 /* GetListOrderScreen */,
				4D86C0421F72515F00C3D555 /* OrderInfoScreen */,
				4D0932C11F63E2A6001CEFF5 /* HomeScreen */,
				4D0932C21F63E2E7001CEFF5 /* KitchenDetailScreen */,
				4D1588011F59661600B1FFB4 /* MenuCell */,
				4D0932C31F63E306001CEFF5 /* OrderScreen */,
			);
			path = Views;
			sourceTree = "<group>";
		};
		4DDB7ED21F59487700A24730 /* Models */ = {
			isa = PBXGroup;
			children = (
				4DF43FFA1F5E3B6B00365F57 /* Address.swift */,
				4D7471DC1F604B23007C53E2 /* Ingredient.swift */,
				4DF43FFC1F5E3B7A00365F57 /* Kitchen.swift */,
				4DF440001F5E448E00365F57 /* KitchenDataModel.swift */,
				4D3BB80F1F5FFDAF00D6686C /* Product.swift */,
				4D7471E01F604CB0007C53E2 /* ProductDataModel.swift */,
				4D3BB8111F60035100D6686C /* Recipe.swift */,
				4DF43FFE1F5E3DC200365F57 /* ResultKitchen.swift */,
				4D6620E61F5C5A6200B96DC7 /* User.swift */,
				4DCC35181F668B870005BD40 /* OrderItem.swift */,
				4D6E96D51F693B45000DD7EE /* OrderInfo.swift */,
				4D2F0BCB1F711AC70017B8E7 /* ContactInfo.swift */,
				4D2F0BCD1F711F550017B8E7 /* ResultUser.swift */,
				4D900EFB1F716FB600D7C9A8 /* UserDataModel.swift */,
				4DEBE0661F77ED2E00A0305D /* ResultOrderInfo.swift */,
				4DF5896B1F78FE5A00CC8149 /* SuggestionItem.swift */,
				4DF5896D1F7900F500CC8149 /* Suggestion.swift */,
				4DF589711F790C2A00CC8149 /* ResultCustomerOrder.swift */,
				4DF589731F79101D00CC8149 /* CustomerOrderDataModel.swift */,
			);
			path = Models;
			sourceTree = "<group>";
		};
		4DDB7ED51F59623500A24730 /* HomeScreen */ = {
			isa = PBXGroup;
			children = (
				4DFAAEC21F5D44B600FE2EAE /* KitchenViewController.swift */,
			);
			path = HomeScreen;
			sourceTree = "<group>";
		};
		4DDE9F7C1F642AE800EE875D /* Helper */ = {
			isa = PBXGroup;
			children = (
				4D86C0401F72504B00C3D555 /* Helper.swift */,
				4D18E2181F750243007B83B6 /* NetworkingService.swift */,
				4D18E21C1F750DA6007B83B6 /* UI.swift */,
				4D06C9521F766EF300ED4E95 /* SegueFromRight.swift */,
				4D06C9541F76731A00ED4E95 /* SegueFromLeft.swift */,
			);
			name = Helper;
			sourceTree = "<group>";
		};
		4DEBE0651F77A70A00A0305D /* OrderDetailScreen */ = {
			isa = PBXGroup;
			children = (
				4DEBE0681F78082A00A0305D /* OrderDetailViewController.swift */,
			);
			name = OrderDetailScreen;
			sourceTree = "<group>";
		};
		4DEBE06A1F78092800A0305D /* OrderDetailScreen */ = {
			isa = PBXGroup;
			children = (
				4DEBE06B1F78093800A0305D /* OrderDetailCell */,
			);
			name = OrderDetailScreen;
			sourceTree = "<group>";
		};
		4DEBE06B1F78093800A0305D /* OrderDetailCell */ = {
			isa = PBXGroup;
			children = (
				4DEBE06C1F78095A00A0305D /* OrderDetailTableViewCell.swift */,
				4DEBE06D1F78095A00A0305D /* OrderDetailTableViewCell.xib */,
			);
			name = OrderDetailCell;
			sourceTree = "<group>";
		};
		4DEDD3351F5BF8D500D24E79 /* LoginAndSignup */ = {
			isa = PBXGroup;
			children = (
				4DEDD3361F5BF90100D24E79 /* LoginViewController.swift */,
				4DEDD33C1F5C075500D24E79 /* SignupViewController.swift */,
			);
			path = LoginAndSignup;
			sourceTree = "<group>";
		};
		4DF43FF31F5E395B00365F57 /* Json File */ = {
			isa = PBXGroup;
			children = (
				4DE6EC2C1F68EC1000A1A4DE /* getorder.json */,
				4DF43FF61F5E39CE00365F57 /* getrestaurants.json */,
			);
			path = "Json File";
			sourceTree = "<group>";
		};
		4DFAAEC81F5D45B900FE2EAE /* KitchenCell */ = {
			isa = PBXGroup;
			children = (
				4DFAAEC41F5D459500FE2EAE /* KitchenTableViewCell.swift */,
				4DFAAEC51F5D459500FE2EAE /* KitchenTableViewCell.xib */,
			);
			path = KitchenCell;
			sourceTree = "<group>";
		};
		59DA56E9BE7B31EB6A86CD31 /* Pods */ = {
			isa = PBXGroup;
			children = (
				D9DF5D2093C2480DF0169BD0 /* Pods-HomeKitchen.debug.xcconfig */,
				47C45F89A3DE0DE24F6C2B14 /* Pods-HomeKitchen.release.xcconfig */,
			);
			name = Pods;
			sourceTree = "<group>";
		};
		D126507B14935250B33A623E /* Frameworks */ = {
			isa = PBXGroup;
			children = (
				223CF9B73D9541A7B43ACFB0 /* Pods_HomeKitchen.framework */,
			);
			name = Frameworks;
			sourceTree = "<group>";
		};
/* End PBXGroup section */

/* Begin PBXNativeTarget section */
		4DACF0AA1F55C9A00043ED79 /* HomeKitchen */ = {
			isa = PBXNativeTarget;
			buildConfigurationList = 4DACF0BD1F55C9A00043ED79 /* Build configuration list for PBXNativeTarget "HomeKitchen" */;
			buildPhases = (
				140F51C71023051090935AB0 /* [CP] Check Pods Manifest.lock */,
				4DACF0A71F55C9A00043ED79 /* Sources */,
				4DACF0A81F55C9A00043ED79 /* Frameworks */,
				4DACF0A91F55C9A00043ED79 /* Resources */,
				AF6D24C2BEE1D4AF7EAC5D0B /* [CP] Embed Pods Frameworks */,
				997A74DD038FF8F91FBB7214 /* [CP] Copy Pods Resources */,
			);
			buildRules = (
			);
			dependencies = (
			);
			name = HomeKitchen;
			productName = HomeKitchen;
			productReference = 4DACF0AB1F55C9A00043ED79 /* HomeKitchen.app */;
			productType = "com.apple.product-type.application";
		};
/* End PBXNativeTarget section */

/* Begin PBXProject section */
		4DACF0A31F55C9A00043ED79 /* Project object */ = {
			isa = PBXProject;
			attributes = {
				LastSwiftUpdateCheck = 0830;
				LastUpgradeCheck = 0830;
				ORGANIZATIONNAME = "Tan Vo";
				TargetAttributes = {
					4DACF0AA1F55C9A00043ED79 = {
						CreatedOnToolsVersion = 8.3.3;
						DevelopmentTeam = JVVJR7Q26C;
						ProvisioningStyle = Automatic;
					};
				};
			};
			buildConfigurationList = 4DACF0A61F55C9A00043ED79 /* Build configuration list for PBXProject "HomeKitchen" */;
			compatibilityVersion = "Xcode 3.2";
			developmentRegion = English;
			hasScannedForEncodings = 0;
			knownRegions = (
				en,
				Base,
			);
			mainGroup = 4DACF0A21F55C9A00043ED79;
			productRefGroup = 4DACF0AC1F55C9A00043ED79 /* Products */;
			projectDirPath = "";
			projectRoot = "";
			targets = (
				4DACF0AA1F55C9A00043ED79 /* HomeKitchen */,
			);
		};
/* End PBXProject section */

/* Begin PBXResourcesBuildPhase section */
		4DACF0A91F55C9A00043ED79 /* Resources */ = {
			isa = PBXResourcesBuildPhase;
			buildActionMask = 2147483647;
			files = (
				4D86C0471F7251AC00C3D555 /* ContactInfoTableViewCell.xib in Resources */,
				4D3BB80C1F5FF52B00D6686C /* TopOrderTableViewCell.xib in Resources */,
				4DFAAEC71F5D459500FE2EAE /* KitchenTableViewCell.xib in Resources */,
				4DF43FF71F5E39CE00365F57 /* getrestaurants.json in Resources */,
				4D4467011F60DF1E0022C91C /* OrderTableViewCell.xib in Resources */,
				4D1587F91F59639100B1FFB4 /* Main.storyboard in Resources */,
				4D24855B1F7A3F940025F810 /* SuggestionTableViewCell.xib in Resources */,
				4DACF0B91F55C9A00043ED79 /* LaunchScreen.storyboard in Resources */,
				4D1588051F59663C00B1FFB4 /* MenuTableViewCell.xib in Resources */,
				4DACF0B61F55C9A00043ED79 /* Assets.xcassets in Resources */,
				4D237C0A1F775C3C007C1201 /* GetOrderTableViewCell.xib in Resources */,
				4DE6EC2D1F68EC1000A1A4DE /* getorder.json in Resources */,
				4DEBE06F1F78095A00A0305D /* OrderDetailTableViewCell.xib in Resources */,
			);
			runOnlyForDeploymentPostprocessing = 0;
		};
/* End PBXResourcesBuildPhase section */

/* Begin PBXShellScriptBuildPhase section */
		140F51C71023051090935AB0 /* [CP] Check Pods Manifest.lock */ = {
			isa = PBXShellScriptBuildPhase;
			buildActionMask = 2147483647;
			files = (
			);
			inputPaths = (
			);
			name = "[CP] Check Pods Manifest.lock";
			outputPaths = (
			);
			runOnlyForDeploymentPostprocessing = 0;
			shellPath = /bin/sh;
			shellScript = "diff \"${PODS_PODFILE_DIR_PATH}/Podfile.lock\" \"${PODS_ROOT}/Manifest.lock\" > /dev/null\nif [ $? != 0 ] ; then\n    # print error to STDERR\n    echo \"error: The sandbox is not in sync with the Podfile.lock. Run 'pod install' or update your CocoaPods installation.\" >&2\n    exit 1\nfi\n";
			showEnvVarsInLog = 0;
		};
		997A74DD038FF8F91FBB7214 /* [CP] Copy Pods Resources */ = {
			isa = PBXShellScriptBuildPhase;
			buildActionMask = 2147483647;
			files = (
			);
			inputPaths = (
			);
			name = "[CP] Copy Pods Resources";
			outputPaths = (
			);
			runOnlyForDeploymentPostprocessing = 0;
			shellPath = /bin/sh;
			shellScript = "\"${SRCROOT}/Pods/Target Support Files/Pods-HomeKitchen/Pods-HomeKitchen-resources.sh\"\n";
			showEnvVarsInLog = 0;
		};
		AF6D24C2BEE1D4AF7EAC5D0B /* [CP] Embed Pods Frameworks */ = {
			isa = PBXShellScriptBuildPhase;
			buildActionMask = 2147483647;
			files = (
			);
			inputPaths = (
			);
			name = "[CP] Embed Pods Frameworks";
			outputPaths = (
			);
			runOnlyForDeploymentPostprocessing = 0;
			shellPath = /bin/sh;
			shellScript = "\"${SRCROOT}/Pods/Target Support Files/Pods-HomeKitchen/Pods-HomeKitchen-frameworks.sh\"\n";
			showEnvVarsInLog = 0;
		};
/* End PBXShellScriptBuildPhase section */

/* Begin PBXSourcesBuildPhase section */
		4DACF0A71F55C9A00043ED79 /* Sources */ = {
			isa = PBXSourcesBuildPhase;
			buildActionMask = 2147483647;
			files = (
				4DEDD3371F5BF90100D24E79 /* LoginViewController.swift in Sources */,
				4D18E21D1F750DA6007B83B6 /* UI.swift in Sources */,
				4D24855A1F7A3F940025F810 /* SuggestionTableViewCell.swift in Sources */,
				4DEBE06E1F78095A00A0305D /* OrderDetailTableViewCell.swift in Sources */,
				4D24855E1F7A5EE00025F810 /* CalendarViewController.swift in Sources */,
				4DF43FFD1F5E3B7A00365F57 /* Kitchen.swift in Sources */,
				4D237C091F775C3C007C1201 /* GetOrderTableViewCell.swift in Sources */,
				4D237C021F775B71007C1201 /* ListOrderViewController.swift in Sources */,
				4D7471DD1F604B23007C53E2 /* Ingredient.swift in Sources */,
				4D3118A01F6C10CD00ACA713 /* OrderInfoViewController.swift in Sources */,
				4DEDD33D1F5C075500D24E79 /* SignupViewController.swift in Sources */,
				4D6E96D61F693B45000DD7EE /* OrderInfo.swift in Sources */,
				4DACF0AF1F55C9A00043ED79 /* AppDelegate.swift in Sources */,
				4D18E2191F750243007B83B6 /* NetworkingService.swift in Sources */,
				4D7471E11F604CB0007C53E2 /* ProductDataModel.swift in Sources */,
				4DF589741F79101D00CC8149 /* CustomerOrderDataModel.swift in Sources */,
				4DEBE0691F78082A00A0305D /* OrderDetailViewController.swift in Sources */,
				4DF5896C1F78FE5A00CC8149 /* SuggestionItem.swift in Sources */,
				4D06C9531F766EF300ED4E95 /* SegueFromRight.swift in Sources */,
				4D86C0461F7251AC00C3D555 /* ContactInfoTableViewCell.swift in Sources */,
				4D4086581F5F9558004697CE /* KitchenDetailViewController.swift in Sources */,
				4D3BB8121F60035100D6686C /* Recipe.swift in Sources */,
				4D1588001F59657500B1FFB4 /* LeftMenuTableViewController.swift in Sources */,
				4DF43FFB1F5E3B6B00365F57 /* Address.swift in Sources */,
				4D3F6DAB1F76167700F95EB9 /* AddNewContactViewController.swift in Sources */,
				4DFAAEC61F5D459500FE2EAE /* KitchenTableViewCell.swift in Sources */,
				4D6620E71F5C5A6200B96DC7 /* User.swift in Sources */,
				4D3BB8101F5FFDAF00D6686C /* Product.swift in Sources */,
				4DFAAEC31F5D44B600FE2EAE /* KitchenViewController.swift in Sources */,
				4DF5896E1F7900F500CC8149 /* Suggestion.swift in Sources */,
				4DEBE0671F77ED2E00A0305D /* ResultOrderInfo.swift in Sources */,
				4D86C0411F72504B00C3D555 /* Helper.swift in Sources */,
				4D3BB80B1F5FF52B00D6686C /* TopOrderTableViewCell.swift in Sources */,
				4D06C9551F76731A00ED4E95 /* SegueFromLeft.swift in Sources */,
				4D62A24E1F7A13C500326E9B /* SuggestionViewController.swift in Sources */,
				4DCC35191F668B870005BD40 /* OrderItem.swift in Sources */,
				4DF440011F5E448E00365F57 /* KitchenDataModel.swift in Sources */,
				4DF589721F790C2A00CC8149 /* ResultCustomerOrder.swift in Sources */,
				4D4467001F60DF1E0022C91C /* OrderTableViewCell.swift in Sources */,
				4D900EFC1F716FB600D7C9A8 /* UserDataModel.swift in Sources */,
				4D2F0BCE1F711F550017B8E7 /* ResultUser.swift in Sources */,
				4D1587FE1F59651900B1FFB4 /* SMNavigationController.swift in Sources */,
				4D4466FC1F60DEA40022C91C /* OrderViewController.swift in Sources */,
				4D2F0BCC1F711AC70017B8E7 /* ContactInfo.swift in Sources */,
				4D1588041F59663C00B1FFB4 /* MenuTableViewCell.swift in Sources */,
				4DF43FFF1F5E3DC200365F57 /* ResultKitchen.swift in Sources */,
			);
			runOnlyForDeploymentPostprocessing = 0;
		};
/* End PBXSourcesBuildPhase section */

/* Begin PBXVariantGroup section */
		4D1587F71F59639100B1FFB4 /* Main.storyboard */ = {
			isa = PBXVariantGroup;
			children = (
				4D1587F81F59639100B1FFB4 /* Base */,
			);
			name = Main.storyboard;
			path = .;
			sourceTree = "<group>";
		};
		4DACF0B71F55C9A00043ED79 /* LaunchScreen.storyboard */ = {
			isa = PBXVariantGroup;
			children = (
				4DACF0B81F55C9A00043ED79 /* Base */,
			);
			name = LaunchScreen.storyboard;
			path = .;
			sourceTree = "<group>";
		};
/* End PBXVariantGroup section */

/* Begin XCBuildConfiguration section */
		4DACF0BB1F55C9A00043ED79 /* Debug */ = {
			isa = XCBuildConfiguration;
			buildSettings = {
				ALWAYS_SEARCH_USER_PATHS = NO;
				CLANG_ANALYZER_NONNULL = YES;
				CLANG_ANALYZER_NUMBER_OBJECT_CONVERSION = YES_AGGRESSIVE;
				CLANG_CXX_LANGUAGE_STANDARD = "gnu++0x";
				CLANG_CXX_LIBRARY = "libc++";
				CLANG_ENABLE_MODULES = YES;
				CLANG_ENABLE_OBJC_ARC = YES;
				CLANG_WARN_BOOL_CONVERSION = YES;
				CLANG_WARN_CONSTANT_CONVERSION = YES;
				CLANG_WARN_DIRECT_OBJC_ISA_USAGE = YES_ERROR;
				CLANG_WARN_DOCUMENTATION_COMMENTS = YES;
				CLANG_WARN_EMPTY_BODY = YES;
				CLANG_WARN_ENUM_CONVERSION = YES;
				CLANG_WARN_INFINITE_RECURSION = YES;
				CLANG_WARN_INT_CONVERSION = YES;
				CLANG_WARN_OBJC_ROOT_CLASS = YES_ERROR;
				CLANG_WARN_SUSPICIOUS_MOVE = YES;
				CLANG_WARN_UNREACHABLE_CODE = YES;
				CLANG_WARN__DUPLICATE_METHOD_MATCH = YES;
				"CODE_SIGN_IDENTITY[sdk=iphoneos*]" = "iPhone Developer";
				COPY_PHASE_STRIP = NO;
				DEBUG_INFORMATION_FORMAT = dwarf;
				ENABLE_STRICT_OBJC_MSGSEND = YES;
				ENABLE_TESTABILITY = YES;
				GCC_C_LANGUAGE_STANDARD = gnu99;
				GCC_DYNAMIC_NO_PIC = NO;
				GCC_NO_COMMON_BLOCKS = YES;
				GCC_OPTIMIZATION_LEVEL = 0;
				GCC_PREPROCESSOR_DEFINITIONS = (
					"DEBUG=1",
					"$(inherited)",
				);
				GCC_WARN_64_TO_32_BIT_CONVERSION = YES;
				GCC_WARN_ABOUT_RETURN_TYPE = YES_ERROR;
				GCC_WARN_UNDECLARED_SELECTOR = YES;
				GCC_WARN_UNINITIALIZED_AUTOS = YES_AGGRESSIVE;
				GCC_WARN_UNUSED_FUNCTION = YES;
				GCC_WARN_UNUSED_VARIABLE = YES;
				IPHONEOS_DEPLOYMENT_TARGET = 10.3;
				MTL_ENABLE_DEBUG_INFO = YES;
				ONLY_ACTIVE_ARCH = YES;
				SDKROOT = iphoneos;
				SWIFT_ACTIVE_COMPILATION_CONDITIONS = DEBUG;
				SWIFT_OPTIMIZATION_LEVEL = "-Onone";
			};
			name = Debug;
		};
		4DACF0BC1F55C9A00043ED79 /* Release */ = {
			isa = XCBuildConfiguration;
			buildSettings = {
				ALWAYS_SEARCH_USER_PATHS = NO;
				CLANG_ANALYZER_NONNULL = YES;
				CLANG_ANALYZER_NUMBER_OBJECT_CONVERSION = YES_AGGRESSIVE;
				CLANG_CXX_LANGUAGE_STANDARD = "gnu++0x";
				CLANG_CXX_LIBRARY = "libc++";
				CLANG_ENABLE_MODULES = YES;
				CLANG_ENABLE_OBJC_ARC = YES;
				CLANG_WARN_BOOL_CONVERSION = YES;
				CLANG_WARN_CONSTANT_CONVERSION = YES;
				CLANG_WARN_DIRECT_OBJC_ISA_USAGE = YES_ERROR;
				CLANG_WARN_DOCUMENTATION_COMMENTS = YES;
				CLANG_WARN_EMPTY_BODY = YES;
				CLANG_WARN_ENUM_CONVERSION = YES;
				CLANG_WARN_INFINITE_RECURSION = YES;
				CLANG_WARN_INT_CONVERSION = YES;
				CLANG_WARN_OBJC_ROOT_CLASS = YES_ERROR;
				CLANG_WARN_SUSPICIOUS_MOVE = YES;
				CLANG_WARN_UNREACHABLE_CODE = YES;
				CLANG_WARN__DUPLICATE_METHOD_MATCH = YES;
				"CODE_SIGN_IDENTITY[sdk=iphoneos*]" = "iPhone Developer";
				COPY_PHASE_STRIP = NO;
				DEBUG_INFORMATION_FORMAT = "dwarf-with-dsym";
				ENABLE_NS_ASSERTIONS = NO;
				ENABLE_STRICT_OBJC_MSGSEND = YES;
				GCC_C_LANGUAGE_STANDARD = gnu99;
				GCC_NO_COMMON_BLOCKS = YES;
				GCC_WARN_64_TO_32_BIT_CONVERSION = YES;
				GCC_WARN_ABOUT_RETURN_TYPE = YES_ERROR;
				GCC_WARN_UNDECLARED_SELECTOR = YES;
				GCC_WARN_UNINITIALIZED_AUTOS = YES_AGGRESSIVE;
				GCC_WARN_UNUSED_FUNCTION = YES;
				GCC_WARN_UNUSED_VARIABLE = YES;
				IPHONEOS_DEPLOYMENT_TARGET = 10.3;
				MTL_ENABLE_DEBUG_INFO = NO;
				SDKROOT = iphoneos;
				SWIFT_OPTIMIZATION_LEVEL = "-Owholemodule";
				VALIDATE_PRODUCT = YES;
			};
			name = Release;
		};
		4DACF0BE1F55C9A00043ED79 /* Debug */ = {
			isa = XCBuildConfiguration;
			baseConfigurationReference = D9DF5D2093C2480DF0169BD0 /* Pods-HomeKitchen.debug.xcconfig */;
			buildSettings = {
				ASSETCATALOG_COMPILER_APPICON_NAME = AppIcon;
				DEVELOPMENT_TEAM = JVVJR7Q26C;
				INFOPLIST_FILE = HomeKitchen/Info.plist;
				LD_RUNPATH_SEARCH_PATHS = "$(inherited) @executable_path/Frameworks";
				PRODUCT_BUNDLE_IDENTIFIER = com.agilityIO.HomeKitchen;
				PRODUCT_NAME = "$(TARGET_NAME)";
				SWIFT_VERSION = 3.0;
			};
			name = Debug;
		};
		4DACF0BF1F55C9A00043ED79 /* Release */ = {
			isa = XCBuildConfiguration;
			baseConfigurationReference = 47C45F89A3DE0DE24F6C2B14 /* Pods-HomeKitchen.release.xcconfig */;
			buildSettings = {
				ASSETCATALOG_COMPILER_APPICON_NAME = AppIcon;
				DEVELOPMENT_TEAM = JVVJR7Q26C;
				INFOPLIST_FILE = HomeKitchen/Info.plist;
				LD_RUNPATH_SEARCH_PATHS = "$(inherited) @executable_path/Frameworks";
				PRODUCT_BUNDLE_IDENTIFIER = com.agilityIO.HomeKitchen;
				PRODUCT_NAME = "$(TARGET_NAME)";
				SWIFT_VERSION = 3.0;
			};
			name = Release;
		};
/* End XCBuildConfiguration section */

/* Begin XCConfigurationList section */
		4DACF0A61F55C9A00043ED79 /* Build configuration list for PBXProject "HomeKitchen" */ = {
			isa = XCConfigurationList;
			buildConfigurations = (
				4DACF0BB1F55C9A00043ED79 /* Debug */,
				4DACF0BC1F55C9A00043ED79 /* Release */,
			);
			defaultConfigurationIsVisible = 0;
			defaultConfigurationName = Release;
		};
		4DACF0BD1F55C9A00043ED79 /* Build configuration list for PBXNativeTarget "HomeKitchen" */ = {
			isa = XCConfigurationList;
			buildConfigurations = (
				4DACF0BE1F55C9A00043ED79 /* Debug */,
				4DACF0BF1F55C9A00043ED79 /* Release */,
			);
			defaultConfigurationIsVisible = 0;
			defaultConfigurationName = Release;
		};
/* End XCConfigurationList section */
	};
	rootObject = 4DACF0A31F55C9A00043ED79 /* Project object */;
}
