// !$*UTF8*$!
{
	archiveVersion = 1;
	classes = {
	};
	objectVersion = 46;
	objects = {

/* Begin PBXBuildFile section */
		4D06C9531F766EF300ED4E95 /* SegueFromRight.swift in Sources */ = {isa = PBXBuildFile; fileRef = 4D06C9521F766EF300ED4E95 /* SegueFromRight.swift */; };
		4D06C9551F76731A00ED4E95 /* SegueFromLeft.swift in Sources */ = {isa = PBXBuildFile; fileRef = 4D06C9541F76731A00ED4E95 /* SegueFromLeft.swift */; };
		4D09DF221F95E2860014E158 /* PostDetailTableViewCell.swift in Sources */ = {isa = PBXBuildFile; fileRef = 4D09DF201F95E2860014E158 /* PostDetailTableViewCell.swift */; };
		4D09DF231F95E2860014E158 /* PostDetailTableViewCell.xib in Resources */ = {isa = PBXBuildFile; fileRef = 4D09DF211F95E2860014E158 /* PostDetailTableViewCell.xib */; };
		4D09DF261F95EB750014E158 /* Answer.swift in Sources */ = {isa = PBXBuildFile; fileRef = 4D09DF251F95EB750014E158 /* Answer.swift */; };
		4D09DF2B1F95ED450014E158 /* CreateAnswerViewController.swift in Sources */ = {isa = PBXBuildFile; fileRef = 4D09DF2A1F95ED450014E158 /* CreateAnswerViewController.swift */; };
		4D09DF2F1F95EDB40014E158 /* CreateAnswerTableViewCell.swift in Sources */ = {isa = PBXBuildFile; fileRef = 4D09DF2D1F95EDB40014E158 /* CreateAnswerTableViewCell.swift */; };
		4D09DF301F95EDB40014E158 /* CreateAnswerTableViewCell.xib in Resources */ = {isa = PBXBuildFile; fileRef = 4D09DF2E1F95EDB40014E158 /* CreateAnswerTableViewCell.xib */; };
		4D0BBDD01F96643900BDA6AC /* AnswerTableViewCell.swift in Sources */ = {isa = PBXBuildFile; fileRef = 4D0BBDCE1F96643900BDA6AC /* AnswerTableViewCell.swift */; };
		4D0BBDD11F96643900BDA6AC /* AnswerTableViewCell.xib in Resources */ = {isa = PBXBuildFile; fileRef = 4D0BBDCF1F96643900BDA6AC /* AnswerTableViewCell.xib */; };
		4D0BBDD31F966D5900BDA6AC /* AnswerDetail.swift in Sources */ = {isa = PBXBuildFile; fileRef = 4D0BBDD21F966D5900BDA6AC /* AnswerDetail.swift */; };
		4D1587F91F59639100B1FFB4 /* Main.storyboard in Resources */ = {isa = PBXBuildFile; fileRef = 4D1587F71F59639100B1FFB4 /* Main.storyboard */; };
		4D1587FE1F59651900B1FFB4 /* SMNavigationController.swift in Sources */ = {isa = PBXBuildFile; fileRef = 4D1587FD1F59651900B1FFB4 /* SMNavigationController.swift */; };
		4D1588001F59657500B1FFB4 /* LeftMenuTableViewController.swift in Sources */ = {isa = PBXBuildFile; fileRef = 4D1587FF1F59657500B1FFB4 /* LeftMenuTableViewController.swift */; };
		4D1588041F59663C00B1FFB4 /* MenuTableViewCell.swift in Sources */ = {isa = PBXBuildFile; fileRef = 4D1588021F59663C00B1FFB4 /* MenuTableViewCell.swift */; };
		4D1588051F59663C00B1FFB4 /* MenuTableViewCell.xib in Resources */ = {isa = PBXBuildFile; fileRef = 4D1588031F59663C00B1FFB4 /* MenuTableViewCell.xib */; };
		4D18E2191F750243007B83B6 /* NetworkingService.swift in Sources */ = {isa = PBXBuildFile; fileRef = 4D18E2181F750243007B83B6 /* NetworkingService.swift */; };
		4D18E21D1F750DA6007B83B6 /* UI.swift in Sources */ = {isa = PBXBuildFile; fileRef = 4D18E21C1F750DA6007B83B6 /* UI.swift */; };
		4D203BC41F90B5A300A8F267 /* Post.swift in Sources */ = {isa = PBXBuildFile; fileRef = 4D203BC31F90B5A300A8F267 /* Post.swift */; };
		4D203BC61F90B5D900A8F267 /* PostItem.swift in Sources */ = {isa = PBXBuildFile; fileRef = 4D203BC51F90B5D900A8F267 /* PostItem.swift */; };
		4D203BC91F90B8EB00A8F267 /* PostRequestViewController.swift in Sources */ = {isa = PBXBuildFile; fileRef = 4D203BC81F90B8EB00A8F267 /* PostRequestViewController.swift */; };
		4D21D61D1F8C6B8E00E71A29 /* ResultKitchenInfo.swift in Sources */ = {isa = PBXBuildFile; fileRef = 4D21D61C1F8C6B8E00E71A29 /* ResultKitchenInfo.swift */; };
		4D237C021F775B71007C1201 /* ListOrderViewController.swift in Sources */ = {isa = PBXBuildFile; fileRef = 4D237C011F775B71007C1201 /* ListOrderViewController.swift */; };
		4D237C091F775C3C007C1201 /* GetOrderTableViewCell.swift in Sources */ = {isa = PBXBuildFile; fileRef = 4D237C071F775C3C007C1201 /* GetOrderTableViewCell.swift */; };
		4D237C0A1F775C3C007C1201 /* GetOrderTableViewCell.xib in Resources */ = {isa = PBXBuildFile; fileRef = 4D237C081F775C3C007C1201 /* GetOrderTableViewCell.xib */; };
		4D24855A1F7A3F940025F810 /* SuggestionTableViewCell.swift in Sources */ = {isa = PBXBuildFile; fileRef = 4D2485581F7A3F940025F810 /* SuggestionTableViewCell.swift */; };
		4D24855B1F7A3F940025F810 /* SuggestionTableViewCell.xib in Resources */ = {isa = PBXBuildFile; fileRef = 4D2485591F7A3F940025F810 /* SuggestionTableViewCell.xib */; };
		4D24855E1F7A5EE00025F810 /* CalendarViewController.swift in Sources */ = {isa = PBXBuildFile; fileRef = 4D24855D1F7A5EE00025F810 /* CalendarViewController.swift */; };
		4D2AAAC51F8A6B1200F281A4 /* CreateKitchenViewController.swift in Sources */ = {isa = PBXBuildFile; fileRef = 4D2AAAC41F8A6B1200F281A4 /* CreateKitchenViewController.swift */; };
		4D2AAACB1F8A6EAD00F281A4 /* CreateKitchenTableViewCell.swift in Sources */ = {isa = PBXBuildFile; fileRef = 4D2AAAC91F8A6EAD00F281A4 /* CreateKitchenTableViewCell.swift */; };
		4D2AAACC1F8A6EAD00F281A4 /* CreateKitchenTableViewCell.xib in Resources */ = {isa = PBXBuildFile; fileRef = 4D2AAACA1F8A6EAD00F281A4 /* CreateKitchenTableViewCell.xib */; };
		4D2AAAD11F8A8E7900F281A4 /* CustomTimeTableViewCell.swift in Sources */ = {isa = PBXBuildFile; fileRef = 4D2AAACF1F8A8E7900F281A4 /* CustomTimeTableViewCell.swift */; };
		4D2AAAD21F8A8E7900F281A4 /* CustomTimeTableViewCell.xib in Resources */ = {isa = PBXBuildFile; fileRef = 4D2AAAD01F8A8E7900F281A4 /* CustomTimeTableViewCell.xib */; };
		4D2BB7971F8E1AA0002045EB /* EditProductViewController.swift in Sources */ = {isa = PBXBuildFile; fileRef = 4D2BB7961F8E1AA0002045EB /* EditProductViewController.swift */; };
		4D2F0BCC1F711AC70017B8E7 /* ContactInfo.swift in Sources */ = {isa = PBXBuildFile; fileRef = 4D2F0BCB1F711AC70017B8E7 /* ContactInfo.swift */; };
		4D2F0BCE1F711F550017B8E7 /* ResultUser.swift in Sources */ = {isa = PBXBuildFile; fileRef = 4D2F0BCD1F711F550017B8E7 /* ResultUser.swift */; };
		4D3118A01F6C10CD00ACA713 /* OrderInfoViewController.swift in Sources */ = {isa = PBXBuildFile; fileRef = 4D31189F1F6C10CD00ACA713 /* OrderInfoViewController.swift */; };
		4D3BB80B1F5FF52B00D6686C /* TopOrderTableViewCell.swift in Sources */ = {isa = PBXBuildFile; fileRef = 4D3BB8091F5FF52B00D6686C /* TopOrderTableViewCell.swift */; };
		4D3BB80C1F5FF52B00D6686C /* TopOrderTableViewCell.xib in Resources */ = {isa = PBXBuildFile; fileRef = 4D3BB80A1F5FF52B00D6686C /* TopOrderTableViewCell.xib */; };
		4D3BB8101F5FFDAF00D6686C /* Product.swift in Sources */ = {isa = PBXBuildFile; fileRef = 4D3BB80F1F5FFDAF00D6686C /* Product.swift */; };
		4D3BB8121F60035100D6686C /* Recipe.swift in Sources */ = {isa = PBXBuildFile; fileRef = 4D3BB8111F60035100D6686C /* Recipe.swift */; };
		4D3E1C8A1F7FEE2B0037E4A2 /* Constant.swift in Sources */ = {isa = PBXBuildFile; fileRef = 4D3E1C891F7FEE2B0037E4A2 /* Constant.swift */; };
		4D3F6DAB1F76167700F95EB9 /* AddNewContactViewController.swift in Sources */ = {isa = PBXBuildFile; fileRef = 4D3F6DAA1F76167700F95EB9 /* AddNewContactViewController.swift */; };
		4D4086581F5F9558004697CE /* KitchenDetailViewController.swift in Sources */ = {isa = PBXBuildFile; fileRef = 4D4086571F5F9558004697CE /* KitchenDetailViewController.swift */; };
		4D438D921F8B6E4200AF5233 /* LocationViewController.swift in Sources */ = {isa = PBXBuildFile; fileRef = 4D438D911F8B6E4200AF5233 /* LocationViewController.swift */; };
		4D438D961F8B6ECA00AF5233 /* LocationTableViewCell.swift in Sources */ = {isa = PBXBuildFile; fileRef = 4D438D941F8B6ECA00AF5233 /* LocationTableViewCell.swift */; };
		4D438D971F8B6ECA00AF5233 /* LocationTableViewCell.xib in Resources */ = {isa = PBXBuildFile; fileRef = 4D438D951F8B6ECA00AF5233 /* LocationTableViewCell.xib */; };
		4D4466FC1F60DEA40022C91C /* OrderViewController.swift in Sources */ = {isa = PBXBuildFile; fileRef = 4D4466FB1F60DEA40022C91C /* OrderViewController.swift */; };
		4D4467001F60DF1E0022C91C /* OrderTableViewCell.swift in Sources */ = {isa = PBXBuildFile; fileRef = 4D4466FE1F60DF1E0022C91C /* OrderTableViewCell.swift */; };
		4D4467011F60DF1E0022C91C /* OrderTableViewCell.xib in Resources */ = {isa = PBXBuildFile; fileRef = 4D4466FF1F60DF1E0022C91C /* OrderTableViewCell.xib */; };
		4D4A73151F7AA9D6008A487C /* EditContactViewController.swift in Sources */ = {isa = PBXBuildFile; fileRef = 4D4A73141F7AA9D6008A487C /* EditContactViewController.swift */; };
		4D4F3E561F99A3FB00FD0C6B /* SuggestionDetailViewController.swift in Sources */ = {isa = PBXBuildFile; fileRef = 4D4F3E551F99A3FB00FD0C6B /* SuggestionDetailViewController.swift */; };
		4D4F3E581F99A62100FD0C6B /* SuggestionsViewController.swift in Sources */ = {isa = PBXBuildFile; fileRef = 4D4F3E571F99A62100FD0C6B /* SuggestionsViewController.swift */; };
		4D4F3E5C1F99A6C700FD0C6B /* SuggestionsTableViewCell.swift in Sources */ = {isa = PBXBuildFile; fileRef = 4D4F3E5A1F99A6C700FD0C6B /* SuggestionsTableViewCell.swift */; };
		4D4F3E5D1F99A6C700FD0C6B /* SuggestionsTableViewCell.xib in Resources */ = {isa = PBXBuildFile; fileRef = 4D4F3E5B1F99A6C700FD0C6B /* SuggestionsTableViewCell.xib */; };
		4D4F3E5F1F99AD3000FD0C6B /* AnswerDetailViewController.swift in Sources */ = {isa = PBXBuildFile; fileRef = 4D4F3E5E1F99AD3000FD0C6B /* AnswerDetailViewController.swift */; };
		4D4F3E621F99AF0E00FD0C6B /* AnswersViewController.swift in Sources */ = {isa = PBXBuildFile; fileRef = 4D4F3E611F99AF0E00FD0C6B /* AnswersViewController.swift */; };
		4D4F3E661F99B00300FD0C6B /* AnswersTableViewCell.swift in Sources */ = {isa = PBXBuildFile; fileRef = 4D4F3E641F99B00300FD0C6B /* AnswersTableViewCell.swift */; };
		4D4F3E671F99B00300FD0C6B /* AnswersTableViewCell.xib in Resources */ = {isa = PBXBuildFile; fileRef = 4D4F3E651F99B00300FD0C6B /* AnswersTableViewCell.xib */; };
		4D51E9611F93683500299AFC /* PostTableViewCell.swift in Sources */ = {isa = PBXBuildFile; fileRef = 4D51E95F1F93683500299AFC /* PostTableViewCell.swift */; };
		4D51E9621F93683500299AFC /* PostTableViewCell.xib in Resources */ = {isa = PBXBuildFile; fileRef = 4D51E9601F93683500299AFC /* PostTableViewCell.xib */; };
		4D6620E71F5C5A6200B96DC7 /* User.swift in Sources */ = {isa = PBXBuildFile; fileRef = 4D6620E61F5C5A6200B96DC7 /* User.swift */; };
		4D6E96D61F693B45000DD7EE /* OrderInfo.swift in Sources */ = {isa = PBXBuildFile; fileRef = 4D6E96D51F693B45000DD7EE /* OrderInfo.swift */; };
		4D7471DD1F604B23007C53E2 /* Ingredient.swift in Sources */ = {isa = PBXBuildFile; fileRef = 4D7471DC1F604B23007C53E2 /* Ingredient.swift */; };
		4D7471E11F604CB0007C53E2 /* ProductDataModel.swift in Sources */ = {isa = PBXBuildFile; fileRef = 4D7471E01F604CB0007C53E2 /* ProductDataModel.swift */; };
		4D8198B91F8DB409003FA2A7 /* ProductsViewController.swift in Sources */ = {isa = PBXBuildFile; fileRef = 4D8198B81F8DB409003FA2A7 /* ProductsViewController.swift */; };
		4D8198BD1F8DB47E003FA2A7 /* ProductsTableViewCell.swift in Sources */ = {isa = PBXBuildFile; fileRef = 4D8198BB1F8DB47E003FA2A7 /* ProductsTableViewCell.swift */; };
		4D8198BE1F8DB47E003FA2A7 /* ProductsTableViewCell.xib in Resources */ = {isa = PBXBuildFile; fileRef = 4D8198BC1F8DB47E003FA2A7 /* ProductsTableViewCell.xib */; };
		4D8198C11F8DC7BE003FA2A7 /* CreateProductViewController.swift in Sources */ = {isa = PBXBuildFile; fileRef = 4D8198C01F8DC7BE003FA2A7 /* CreateProductViewController.swift */; };
		4D86C0411F72504B00C3D555 /* Helper.swift in Sources */ = {isa = PBXBuildFile; fileRef = 4D86C0401F72504B00C3D555 /* Helper.swift */; };
		4D86C0461F7251AC00C3D555 /* ContactInfoTableViewCell.swift in Sources */ = {isa = PBXBuildFile; fileRef = 4D86C0441F7251AC00C3D555 /* ContactInfoTableViewCell.swift */; };
		4D86C0471F7251AC00C3D555 /* ContactInfoTableViewCell.xib in Resources */ = {isa = PBXBuildFile; fileRef = 4D86C0451F7251AC00C3D555 /* ContactInfoTableViewCell.xib */; };
		4D900EFC1F716FB600D7C9A8 /* UserDataModel.swift in Sources */ = {isa = PBXBuildFile; fileRef = 4D900EFB1F716FB600D7C9A8 /* UserDataModel.swift */; };
		4D97B9921F8C5DFA00682A99 /* EditKitchenViewController.swift in Sources */ = {isa = PBXBuildFile; fileRef = 4D97B9911F8C5DFA00682A99 /* EditKitchenViewController.swift */; };
		4DACF0AF1F55C9A00043ED79 /* AppDelegate.swift in Sources */ = {isa = PBXBuildFile; fileRef = 4DACF0AE1F55C9A00043ED79 /* AppDelegate.swift */; };
		4DACF0B61F55C9A00043ED79 /* Assets.xcassets in Resources */ = {isa = PBXBuildFile; fileRef = 4DACF0B51F55C9A00043ED79 /* Assets.xcassets */; };
		4DACF0B91F55C9A00043ED79 /* LaunchScreen.storyboard in Resources */ = {isa = PBXBuildFile; fileRef = 4DACF0B71F55C9A00043ED79 /* LaunchScreen.storyboard */; };
		4DC4FB891F95AA35005A94A3 /* ListPostViewController.swift in Sources */ = {isa = PBXBuildFile; fileRef = 4DC4FB881F95AA35005A94A3 /* ListPostViewController.swift */; };
		4DC4FB8D1F95ABF7005A94A3 /* ListPostTableViewCell.swift in Sources */ = {isa = PBXBuildFile; fileRef = 4DC4FB8B1F95ABF7005A94A3 /* ListPostTableViewCell.swift */; };
		4DC4FB8E1F95ABF7005A94A3 /* ListPostTableViewCell.xib in Resources */ = {isa = PBXBuildFile; fileRef = 4DC4FB8C1F95ABF7005A94A3 /* ListPostTableViewCell.xib */; };
		4DC4FB911F95B4F5005A94A3 /* ResultPosts.swift in Sources */ = {isa = PBXBuildFile; fileRef = 4DC4FB901F95B4F5005A94A3 /* ResultPosts.swift */; };
		4DC4FB931F95B504005A94A3 /* PostDataModel.swift in Sources */ = {isa = PBXBuildFile; fileRef = 4DC4FB921F95B504005A94A3 /* PostDataModel.swift */; };
		4DC4FB961F95BF5C005A94A3 /* PostDetailViewController.swift in Sources */ = {isa = PBXBuildFile; fileRef = 4DC4FB951F95BF5C005A94A3 /* PostDetailViewController.swift */; };
		4DCC35191F668B870005BD40 /* OrderItem.swift in Sources */ = {isa = PBXBuildFile; fileRef = 4DCC35181F668B870005BD40 /* OrderItem.swift */; };
		4DE6EC2D1F68EC1000A1A4DE /* getorder.json in Resources */ = {isa = PBXBuildFile; fileRef = 4DE6EC2C1F68EC1000A1A4DE /* getorder.json */; };
		4DEBE0671F77ED2E00A0305D /* ResultOrderInfo.swift in Sources */ = {isa = PBXBuildFile; fileRef = 4DEBE0661F77ED2E00A0305D /* ResultOrderInfo.swift */; };
		4DEBE0691F78082A00A0305D /* OrderDetailViewController.swift in Sources */ = {isa = PBXBuildFile; fileRef = 4DEBE0681F78082A00A0305D /* OrderDetailViewController.swift */; };
		4DEBE06E1F78095A00A0305D /* OrderDetailTableViewCell.swift in Sources */ = {isa = PBXBuildFile; fileRef = 4DEBE06C1F78095A00A0305D /* OrderDetailTableViewCell.swift */; };
		4DEBE06F1F78095A00A0305D /* OrderDetailTableViewCell.xib in Resources */ = {isa = PBXBuildFile; fileRef = 4DEBE06D1F78095A00A0305D /* OrderDetailTableViewCell.xib */; };
		4DEDD3371F5BF90100D24E79 /* LoginViewController.swift in Sources */ = {isa = PBXBuildFile; fileRef = 4DEDD3361F5BF90100D24E79 /* LoginViewController.swift */; };
		4DEDD33D1F5C075500D24E79 /* SignupViewController.swift in Sources */ = {isa = PBXBuildFile; fileRef = 4DEDD33C1F5C075500D24E79 /* SignupViewController.swift */; };
		4DEF2DC21F7BA32700C534FC /* MakeSuggestionViewController.swift in Sources */ = {isa = PBXBuildFile; fileRef = 4DEF2DC11F7BA32700C534FC /* MakeSuggestionViewController.swift */; };
		4DEF2DC61F7BA47100C534FC /* MakeSuggestionViewCell.swift in Sources */ = {isa = PBXBuildFile; fileRef = 4DEF2DC41F7BA47100C534FC /* MakeSuggestionViewCell.swift */; };
		4DEF2DC71F7BA47100C534FC /* MakeSuggestionViewCell.xib in Resources */ = {isa = PBXBuildFile; fileRef = 4DEF2DC51F7BA47100C534FC /* MakeSuggestionViewCell.xib */; };
		4DF43FF71F5E39CE00365F57 /* getrestaurants.json in Resources */ = {isa = PBXBuildFile; fileRef = 4DF43FF61F5E39CE00365F57 /* getrestaurants.json */; };
		4DF43FFB1F5E3B6B00365F57 /* Address.swift in Sources */ = {isa = PBXBuildFile; fileRef = 4DF43FFA1F5E3B6B00365F57 /* Address.swift */; };
		4DF43FFD1F5E3B7A00365F57 /* Kitchen.swift in Sources */ = {isa = PBXBuildFile; fileRef = 4DF43FFC1F5E3B7A00365F57 /* Kitchen.swift */; };
		4DF43FFF1F5E3DC200365F57 /* ResultKitchen.swift in Sources */ = {isa = PBXBuildFile; fileRef = 4DF43FFE1F5E3DC200365F57 /* ResultKitchen.swift */; };
		4DF440011F5E448E00365F57 /* KitchenDataModel.swift in Sources */ = {isa = PBXBuildFile; fileRef = 4DF440001F5E448E00365F57 /* KitchenDataModel.swift */; };
		4DF4A4AD1F7B573F00DC272D /* ResultKitchenOrder.swift in Sources */ = {isa = PBXBuildFile; fileRef = 4DF4A4AC1F7B573F00DC272D /* ResultKitchenOrder.swift */; };
		4DF4A4B41F7B58D400DC272D /* KitchenOrderDataModel.swift in Sources */ = {isa = PBXBuildFile; fileRef = 4DF4A4B31F7B58D400DC272D /* KitchenOrderDataModel.swift */; };
		4DF5896C1F78FE5A00CC8149 /* SuggestionItem.swift in Sources */ = {isa = PBXBuildFile; fileRef = 4DF5896B1F78FE5A00CC8149 /* SuggestionItem.swift */; };
		4DF5896E1F7900F500CC8149 /* Suggestion.swift in Sources */ = {isa = PBXBuildFile; fileRef = 4DF5896D1F7900F500CC8149 /* Suggestion.swift */; };
		4DF589721F790C2A00CC8149 /* ResultCustomerOrder.swift in Sources */ = {isa = PBXBuildFile; fileRef = 4DF589711F790C2A00CC8149 /* ResultCustomerOrder.swift */; };
		4DF589741F79101D00CC8149 /* CustomerOrderDataModel.swift in Sources */ = {isa = PBXBuildFile; fileRef = 4DF589731F79101D00CC8149 /* CustomerOrderDataModel.swift */; };
		4DFAAEC31F5D44B600FE2EAE /* KitchenViewController.swift in Sources */ = {isa = PBXBuildFile; fileRef = 4DFAAEC21F5D44B600FE2EAE /* KitchenViewController.swift */; };
		4DFAAEC61F5D459500FE2EAE /* KitchenTableViewCell.swift in Sources */ = {isa = PBXBuildFile; fileRef = 4DFAAEC41F5D459500FE2EAE /* KitchenTableViewCell.swift */; };
		4DFAAEC71F5D459500FE2EAE /* KitchenTableViewCell.xib in Resources */ = {isa = PBXBuildFile; fileRef = 4DFAAEC51F5D459500FE2EAE /* KitchenTableViewCell.xib */; };
		A523611545740C645967EF58 /* Pods_HomeKitchen.framework in Frameworks */ = {isa = PBXBuildFile; fileRef = 223CF9B73D9541A7B43ACFB0 /* Pods_HomeKitchen.framework */; };
/* End PBXBuildFile section */

/* Begin PBXFileReference section */
		223CF9B73D9541A7B43ACFB0 /* Pods_HomeKitchen.framework */ = {isa = PBXFileReference; explicitFileType = wrapper.framework; includeInIndex = 0; path = Pods_HomeKitchen.framework; sourceTree = BUILT_PRODUCTS_DIR; };
		47C45F89A3DE0DE24F6C2B14 /* Pods-HomeKitchen.release.xcconfig */ = {isa = PBXFileReference; includeInIndex = 1; lastKnownFileType = text.xcconfig; name = "Pods-HomeKitchen.release.xcconfig"; path = "Pods/Target Support Files/Pods-HomeKitchen/Pods-HomeKitchen.release.xcconfig"; sourceTree = "<group>"; };
		4D06C9521F766EF300ED4E95 /* SegueFromRight.swift */ = {isa = PBXFileReference; fileEncoding = 4; lastKnownFileType = sourcecode.swift; path = SegueFromRight.swift; sourceTree = "<group>"; };
		4D06C9541F76731A00ED4E95 /* SegueFromLeft.swift */ = {isa = PBXFileReference; fileEncoding = 4; lastKnownFileType = sourcecode.swift; path = SegueFromLeft.swift; sourceTree = "<group>"; };
		4D09DF201F95E2860014E158 /* PostDetailTableViewCell.swift */ = {isa = PBXFileReference; fileEncoding = 4; lastKnownFileType = sourcecode.swift; path = PostDetailTableViewCell.swift; sourceTree = "<group>"; };
		4D09DF211F95E2860014E158 /* PostDetailTableViewCell.xib */ = {isa = PBXFileReference; fileEncoding = 4; lastKnownFileType = file.xib; path = PostDetailTableViewCell.xib; sourceTree = "<group>"; };
		4D09DF251F95EB750014E158 /* Answer.swift */ = {isa = PBXFileReference; fileEncoding = 4; lastKnownFileType = sourcecode.swift; path = Answer.swift; sourceTree = "<group>"; };
		4D09DF2A1F95ED450014E158 /* CreateAnswerViewController.swift */ = {isa = PBXFileReference; fileEncoding = 4; lastKnownFileType = sourcecode.swift; path = CreateAnswerViewController.swift; sourceTree = "<group>"; };
		4D09DF2D1F95EDB40014E158 /* CreateAnswerTableViewCell.swift */ = {isa = PBXFileReference; fileEncoding = 4; lastKnownFileType = sourcecode.swift; path = CreateAnswerTableViewCell.swift; sourceTree = "<group>"; };
		4D09DF2E1F95EDB40014E158 /* CreateAnswerTableViewCell.xib */ = {isa = PBXFileReference; fileEncoding = 4; lastKnownFileType = file.xib; path = CreateAnswerTableViewCell.xib; sourceTree = "<group>"; };
		4D0BBDCE1F96643900BDA6AC /* AnswerTableViewCell.swift */ = {isa = PBXFileReference; fileEncoding = 4; lastKnownFileType = sourcecode.swift; path = AnswerTableViewCell.swift; sourceTree = "<group>"; };
		4D0BBDCF1F96643900BDA6AC /* AnswerTableViewCell.xib */ = {isa = PBXFileReference; fileEncoding = 4; lastKnownFileType = file.xib; path = AnswerTableViewCell.xib; sourceTree = "<group>"; };
		4D0BBDD21F966D5900BDA6AC /* AnswerDetail.swift */ = {isa = PBXFileReference; fileEncoding = 4; lastKnownFileType = sourcecode.swift; path = AnswerDetail.swift; sourceTree = "<group>"; };
		4D1587F81F59639100B1FFB4 /* Base */ = {isa = PBXFileReference; lastKnownFileType = file.storyboard; name = Base; path = Base.lproj/Main.storyboard; sourceTree = "<group>"; };
		4D1587FD1F59651900B1FFB4 /* SMNavigationController.swift */ = {isa = PBXFileReference; fileEncoding = 4; lastKnownFileType = sourcecode.swift; path = SMNavigationController.swift; sourceTree = "<group>"; };
		4D1587FF1F59657500B1FFB4 /* LeftMenuTableViewController.swift */ = {isa = PBXFileReference; fileEncoding = 4; lastKnownFileType = sourcecode.swift; path = LeftMenuTableViewController.swift; sourceTree = "<group>"; };
		4D1588021F59663C00B1FFB4 /* MenuTableViewCell.swift */ = {isa = PBXFileReference; fileEncoding = 4; lastKnownFileType = sourcecode.swift; path = MenuTableViewCell.swift; sourceTree = "<group>"; };
		4D1588031F59663C00B1FFB4 /* MenuTableViewCell.xib */ = {isa = PBXFileReference; fileEncoding = 4; lastKnownFileType = file.xib; path = MenuTableViewCell.xib; sourceTree = "<group>"; };
		4D18E2181F750243007B83B6 /* NetworkingService.swift */ = {isa = PBXFileReference; fileEncoding = 4; lastKnownFileType = sourcecode.swift; path = NetworkingService.swift; sourceTree = "<group>"; };
		4D18E21C1F750DA6007B83B6 /* UI.swift */ = {isa = PBXFileReference; fileEncoding = 4; lastKnownFileType = sourcecode.swift; path = UI.swift; sourceTree = "<group>"; };
		4D203BC31F90B5A300A8F267 /* Post.swift */ = {isa = PBXFileReference; fileEncoding = 4; lastKnownFileType = sourcecode.swift; path = Post.swift; sourceTree = "<group>"; };
		4D203BC51F90B5D900A8F267 /* PostItem.swift */ = {isa = PBXFileReference; fileEncoding = 4; lastKnownFileType = sourcecode.swift; path = PostItem.swift; sourceTree = "<group>"; };
		4D203BC81F90B8EB00A8F267 /* PostRequestViewController.swift */ = {isa = PBXFileReference; fileEncoding = 4; lastKnownFileType = sourcecode.swift; path = PostRequestViewController.swift; sourceTree = "<group>"; };
		4D21D61C1F8C6B8E00E71A29 /* ResultKitchenInfo.swift */ = {isa = PBXFileReference; fileEncoding = 4; lastKnownFileType = sourcecode.swift; path = ResultKitchenInfo.swift; sourceTree = "<group>"; };
		4D237C011F775B71007C1201 /* ListOrderViewController.swift */ = {isa = PBXFileReference; fileEncoding = 4; lastKnownFileType = sourcecode.swift; path = ListOrderViewController.swift; sourceTree = "<group>"; };
		4D237C071F775C3C007C1201 /* GetOrderTableViewCell.swift */ = {isa = PBXFileReference; fileEncoding = 4; lastKnownFileType = sourcecode.swift; path = GetOrderTableViewCell.swift; sourceTree = "<group>"; };
		4D237C081F775C3C007C1201 /* GetOrderTableViewCell.xib */ = {isa = PBXFileReference; fileEncoding = 4; lastKnownFileType = file.xib; path = GetOrderTableViewCell.xib; sourceTree = "<group>"; };
		4D2485581F7A3F940025F810 /* SuggestionTableViewCell.swift */ = {isa = PBXFileReference; fileEncoding = 4; lastKnownFileType = sourcecode.swift; path = SuggestionTableViewCell.swift; sourceTree = "<group>"; };
		4D2485591F7A3F940025F810 /* SuggestionTableViewCell.xib */ = {isa = PBXFileReference; fileEncoding = 4; lastKnownFileType = file.xib; path = SuggestionTableViewCell.xib; sourceTree = "<group>"; };
		4D24855D1F7A5EE00025F810 /* CalendarViewController.swift */ = {isa = PBXFileReference; fileEncoding = 4; lastKnownFileType = sourcecode.swift; path = CalendarViewController.swift; sourceTree = "<group>"; };
		4D2AAAC41F8A6B1200F281A4 /* CreateKitchenViewController.swift */ = {isa = PBXFileReference; fileEncoding = 4; lastKnownFileType = sourcecode.swift; path = CreateKitchenViewController.swift; sourceTree = "<group>"; };
		4D2AAAC91F8A6EAD00F281A4 /* CreateKitchenTableViewCell.swift */ = {isa = PBXFileReference; fileEncoding = 4; lastKnownFileType = sourcecode.swift; path = CreateKitchenTableViewCell.swift; sourceTree = "<group>"; };
		4D2AAACA1F8A6EAD00F281A4 /* CreateKitchenTableViewCell.xib */ = {isa = PBXFileReference; fileEncoding = 4; lastKnownFileType = file.xib; path = CreateKitchenTableViewCell.xib; sourceTree = "<group>"; };
		4D2AAACF1F8A8E7900F281A4 /* CustomTimeTableViewCell.swift */ = {isa = PBXFileReference; fileEncoding = 4; lastKnownFileType = sourcecode.swift; path = CustomTimeTableViewCell.swift; sourceTree = "<group>"; };
		4D2AAAD01F8A8E7900F281A4 /* CustomTimeTableViewCell.xib */ = {isa = PBXFileReference; fileEncoding = 4; lastKnownFileType = file.xib; path = CustomTimeTableViewCell.xib; sourceTree = "<group>"; };
		4D2BB7961F8E1AA0002045EB /* EditProductViewController.swift */ = {isa = PBXFileReference; fileEncoding = 4; lastKnownFileType = sourcecode.swift; path = EditProductViewController.swift; sourceTree = "<group>"; };
		4D2F0BCB1F711AC70017B8E7 /* ContactInfo.swift */ = {isa = PBXFileReference; fileEncoding = 4; lastKnownFileType = sourcecode.swift; path = ContactInfo.swift; sourceTree = "<group>"; };
		4D2F0BCD1F711F550017B8E7 /* ResultUser.swift */ = {isa = PBXFileReference; fileEncoding = 4; lastKnownFileType = sourcecode.swift; path = ResultUser.swift; sourceTree = "<group>"; };
		4D31189F1F6C10CD00ACA713 /* OrderInfoViewController.swift */ = {isa = PBXFileReference; fileEncoding = 4; lastKnownFileType = sourcecode.swift; path = OrderInfoViewController.swift; sourceTree = "<group>"; };
		4D3BB8091F5FF52B00D6686C /* TopOrderTableViewCell.swift */ = {isa = PBXFileReference; fileEncoding = 4; lastKnownFileType = sourcecode.swift; path = TopOrderTableViewCell.swift; sourceTree = "<group>"; };
		4D3BB80A1F5FF52B00D6686C /* TopOrderTableViewCell.xib */ = {isa = PBXFileReference; fileEncoding = 4; lastKnownFileType = file.xib; path = TopOrderTableViewCell.xib; sourceTree = "<group>"; };
		4D3BB80F1F5FFDAF00D6686C /* Product.swift */ = {isa = PBXFileReference; fileEncoding = 4; lastKnownFileType = sourcecode.swift; path = Product.swift; sourceTree = "<group>"; };
		4D3BB8111F60035100D6686C /* Recipe.swift */ = {isa = PBXFileReference; fileEncoding = 4; lastKnownFileType = sourcecode.swift; path = Recipe.swift; sourceTree = "<group>"; };
		4D3E1C891F7FEE2B0037E4A2 /* Constant.swift */ = {isa = PBXFileReference; fileEncoding = 4; lastKnownFileType = sourcecode.swift; path = Constant.swift; sourceTree = "<group>"; };
		4D3F6DAA1F76167700F95EB9 /* AddNewContactViewController.swift */ = {isa = PBXFileReference; fileEncoding = 4; lastKnownFileType = sourcecode.swift; path = AddNewContactViewController.swift; sourceTree = "<group>"; };
		4D4086571F5F9558004697CE /* KitchenDetailViewController.swift */ = {isa = PBXFileReference; fileEncoding = 4; lastKnownFileType = sourcecode.swift; path = KitchenDetailViewController.swift; sourceTree = "<group>"; };
		4D438D911F8B6E4200AF5233 /* LocationViewController.swift */ = {isa = PBXFileReference; fileEncoding = 4; lastKnownFileType = sourcecode.swift; path = LocationViewController.swift; sourceTree = "<group>"; };
		4D438D941F8B6ECA00AF5233 /* LocationTableViewCell.swift */ = {isa = PBXFileReference; fileEncoding = 4; lastKnownFileType = sourcecode.swift; path = LocationTableViewCell.swift; sourceTree = "<group>"; };
		4D438D951F8B6ECA00AF5233 /* LocationTableViewCell.xib */ = {isa = PBXFileReference; fileEncoding = 4; lastKnownFileType = file.xib; path = LocationTableViewCell.xib; sourceTree = "<group>"; };
		4D4466FB1F60DEA40022C91C /* OrderViewController.swift */ = {isa = PBXFileReference; fileEncoding = 4; lastKnownFileType = sourcecode.swift; path = OrderViewController.swift; sourceTree = "<group>"; };
		4D4466FE1F60DF1E0022C91C /* OrderTableViewCell.swift */ = {isa = PBXFileReference; fileEncoding = 4; lastKnownFileType = sourcecode.swift; path = OrderTableViewCell.swift; sourceTree = "<group>"; };
		4D4466FF1F60DF1E0022C91C /* OrderTableViewCell.xib */ = {isa = PBXFileReference; fileEncoding = 4; lastKnownFileType = file.xib; path = OrderTableViewCell.xib; sourceTree = "<group>"; };
		4D4A73141F7AA9D6008A487C /* EditContactViewController.swift */ = {isa = PBXFileReference; fileEncoding = 4; lastKnownFileType = sourcecode.swift; path = EditContactViewController.swift; sourceTree = "<group>"; };
		4D4F3E551F99A3FB00FD0C6B /* SuggestionDetailViewController.swift */ = {isa = PBXFileReference; fileEncoding = 4; lastKnownFileType = sourcecode.swift; path = SuggestionDetailViewController.swift; sourceTree = "<group>"; };
		4D4F3E571F99A62100FD0C6B /* SuggestionsViewController.swift */ = {isa = PBXFileReference; fileEncoding = 4; lastKnownFileType = sourcecode.swift; path = SuggestionsViewController.swift; sourceTree = "<group>"; };
		4D4F3E5A1F99A6C700FD0C6B /* SuggestionsTableViewCell.swift */ = {isa = PBXFileReference; fileEncoding = 4; lastKnownFileType = sourcecode.swift; path = SuggestionsTableViewCell.swift; sourceTree = "<group>"; };
		4D4F3E5B1F99A6C700FD0C6B /* SuggestionsTableViewCell.xib */ = {isa = PBXFileReference; fileEncoding = 4; lastKnownFileType = file.xib; path = SuggestionsTableViewCell.xib; sourceTree = "<group>"; };
		4D4F3E5E1F99AD3000FD0C6B /* AnswerDetailViewController.swift */ = {isa = PBXFileReference; fileEncoding = 4; lastKnownFileType = sourcecode.swift; path = AnswerDetailViewController.swift; sourceTree = "<group>"; };
		4D4F3E611F99AF0E00FD0C6B /* AnswersViewController.swift */ = {isa = PBXFileReference; fileEncoding = 4; lastKnownFileType = sourcecode.swift; path = AnswersViewController.swift; sourceTree = "<group>"; };
		4D4F3E641F99B00300FD0C6B /* AnswersTableViewCell.swift */ = {isa = PBXFileReference; fileEncoding = 4; lastKnownFileType = sourcecode.swift; path = AnswersTableViewCell.swift; sourceTree = "<group>"; };
		4D4F3E651F99B00300FD0C6B /* AnswersTableViewCell.xib */ = {isa = PBXFileReference; fileEncoding = 4; lastKnownFileType = file.xib; path = AnswersTableViewCell.xib; sourceTree = "<group>"; };
		4D51E95F1F93683500299AFC /* PostTableViewCell.swift */ = {isa = PBXFileReference; fileEncoding = 4; lastKnownFileType = sourcecode.swift; path = PostTableViewCell.swift; sourceTree = "<group>"; };
		4D51E9601F93683500299AFC /* PostTableViewCell.xib */ = {isa = PBXFileReference; fileEncoding = 4; lastKnownFileType = file.xib; path = PostTableViewCell.xib; sourceTree = "<group>"; };
		4D6620E61F5C5A6200B96DC7 /* User.swift */ = {isa = PBXFileReference; fileEncoding = 4; lastKnownFileType = sourcecode.swift; path = User.swift; sourceTree = "<group>"; };
		4D6E96D51F693B45000DD7EE /* OrderInfo.swift */ = {isa = PBXFileReference; fileEncoding = 4; lastKnownFileType = sourcecode.swift; path = OrderInfo.swift; sourceTree = "<group>"; };
		4D7471DC1F604B23007C53E2 /* Ingredient.swift */ = {isa = PBXFileReference; fileEncoding = 4; lastKnownFileType = sourcecode.swift; path = Ingredient.swift; sourceTree = "<group>"; };
		4D7471E01F604CB0007C53E2 /* ProductDataModel.swift */ = {isa = PBXFileReference; fileEncoding = 4; lastKnownFileType = sourcecode.swift; path = ProductDataModel.swift; sourceTree = "<group>"; };
		4D8198B81F8DB409003FA2A7 /* ProductsViewController.swift */ = {isa = PBXFileReference; fileEncoding = 4; lastKnownFileType = sourcecode.swift; path = ProductsViewController.swift; sourceTree = "<group>"; };
		4D8198BB1F8DB47E003FA2A7 /* ProductsTableViewCell.swift */ = {isa = PBXFileReference; fileEncoding = 4; lastKnownFileType = sourcecode.swift; path = ProductsTableViewCell.swift; sourceTree = "<group>"; };
		4D8198BC1F8DB47E003FA2A7 /* ProductsTableViewCell.xib */ = {isa = PBXFileReference; fileEncoding = 4; lastKnownFileType = file.xib; path = ProductsTableViewCell.xib; sourceTree = "<group>"; };
		4D8198C01F8DC7BE003FA2A7 /* CreateProductViewController.swift */ = {isa = PBXFileReference; fileEncoding = 4; lastKnownFileType = sourcecode.swift; path = CreateProductViewController.swift; sourceTree = "<group>"; };
		4D86C0401F72504B00C3D555 /* Helper.swift */ = {isa = PBXFileReference; fileEncoding = 4; lastKnownFileType = sourcecode.swift; path = Helper.swift; sourceTree = "<group>"; };
		4D86C0441F7251AC00C3D555 /* ContactInfoTableViewCell.swift */ = {isa = PBXFileReference; fileEncoding = 4; lastKnownFileType = sourcecode.swift; path = ContactInfoTableViewCell.swift; sourceTree = "<group>"; };
		4D86C0451F7251AC00C3D555 /* ContactInfoTableViewCell.xib */ = {isa = PBXFileReference; fileEncoding = 4; lastKnownFileType = file.xib; path = ContactInfoTableViewCell.xib; sourceTree = "<group>"; };
		4D900EFB1F716FB600D7C9A8 /* UserDataModel.swift */ = {isa = PBXFileReference; fileEncoding = 4; lastKnownFileType = sourcecode.swift; path = UserDataModel.swift; sourceTree = "<group>"; };
		4D97B9911F8C5DFA00682A99 /* EditKitchenViewController.swift */ = {isa = PBXFileReference; fileEncoding = 4; lastKnownFileType = sourcecode.swift; path = EditKitchenViewController.swift; sourceTree = "<group>"; };
		4DACF0AB1F55C9A00043ED79 /* HomeKitchen.app */ = {isa = PBXFileReference; explicitFileType = wrapper.application; includeInIndex = 0; path = HomeKitchen.app; sourceTree = BUILT_PRODUCTS_DIR; };
		4DACF0AE1F55C9A00043ED79 /* AppDelegate.swift */ = {isa = PBXFileReference; lastKnownFileType = sourcecode.swift; path = AppDelegate.swift; sourceTree = "<group>"; };
		4DACF0B51F55C9A00043ED79 /* Assets.xcassets */ = {isa = PBXFileReference; lastKnownFileType = folder.assetcatalog; path = Assets.xcassets; sourceTree = "<group>"; };
		4DACF0B81F55C9A00043ED79 /* Base */ = {isa = PBXFileReference; lastKnownFileType = file.storyboard; name = Base; path = Base.lproj/LaunchScreen.storyboard; sourceTree = "<group>"; };
		4DACF0BA1F55C9A00043ED79 /* Info.plist */ = {isa = PBXFileReference; lastKnownFileType = text.plist.xml; path = Info.plist; sourceTree = "<group>"; };
		4DC4FB881F95AA35005A94A3 /* ListPostViewController.swift */ = {isa = PBXFileReference; fileEncoding = 4; lastKnownFileType = sourcecode.swift; path = ListPostViewController.swift; sourceTree = "<group>"; };
		4DC4FB8B1F95ABF7005A94A3 /* ListPostTableViewCell.swift */ = {isa = PBXFileReference; fileEncoding = 4; lastKnownFileType = sourcecode.swift; path = ListPostTableViewCell.swift; sourceTree = "<group>"; };
		4DC4FB8C1F95ABF7005A94A3 /* ListPostTableViewCell.xib */ = {isa = PBXFileReference; fileEncoding = 4; lastKnownFileType = file.xib; path = ListPostTableViewCell.xib; sourceTree = "<group>"; };
		4DC4FB901F95B4F5005A94A3 /* ResultPosts.swift */ = {isa = PBXFileReference; fileEncoding = 4; lastKnownFileType = sourcecode.swift; path = ResultPosts.swift; sourceTree = "<group>"; };
		4DC4FB921F95B504005A94A3 /* PostDataModel.swift */ = {isa = PBXFileReference; fileEncoding = 4; lastKnownFileType = sourcecode.swift; path = PostDataModel.swift; sourceTree = "<group>"; };
		4DC4FB951F95BF5C005A94A3 /* PostDetailViewController.swift */ = {isa = PBXFileReference; fileEncoding = 4; lastKnownFileType = sourcecode.swift; path = PostDetailViewController.swift; sourceTree = "<group>"; };
		4DCC35181F668B870005BD40 /* OrderItem.swift */ = {isa = PBXFileReference; fileEncoding = 4; lastKnownFileType = sourcecode.swift; path = OrderItem.swift; sourceTree = "<group>"; };
		4DE6EC2C1F68EC1000A1A4DE /* getorder.json */ = {isa = PBXFileReference; fileEncoding = 4; lastKnownFileType = text.json; path = getorder.json; sourceTree = "<group>"; };
		4DEBE0661F77ED2E00A0305D /* ResultOrderInfo.swift */ = {isa = PBXFileReference; fileEncoding = 4; lastKnownFileType = sourcecode.swift; path = ResultOrderInfo.swift; sourceTree = "<group>"; };
		4DEBE0681F78082A00A0305D /* OrderDetailViewController.swift */ = {isa = PBXFileReference; fileEncoding = 4; lastKnownFileType = sourcecode.swift; path = OrderDetailViewController.swift; sourceTree = "<group>"; };
		4DEBE06C1F78095A00A0305D /* OrderDetailTableViewCell.swift */ = {isa = PBXFileReference; fileEncoding = 4; lastKnownFileType = sourcecode.swift; path = OrderDetailTableViewCell.swift; sourceTree = "<group>"; };
		4DEBE06D1F78095A00A0305D /* OrderDetailTableViewCell.xib */ = {isa = PBXFileReference; fileEncoding = 4; lastKnownFileType = file.xib; path = OrderDetailTableViewCell.xib; sourceTree = "<group>"; };
		4DEDD3361F5BF90100D24E79 /* LoginViewController.swift */ = {isa = PBXFileReference; fileEncoding = 4; lastKnownFileType = sourcecode.swift; path = LoginViewController.swift; sourceTree = "<group>"; };
		4DEDD33C1F5C075500D24E79 /* SignupViewController.swift */ = {isa = PBXFileReference; fileEncoding = 4; lastKnownFileType = sourcecode.swift; path = SignupViewController.swift; sourceTree = "<group>"; };
		4DEF2DC11F7BA32700C534FC /* MakeSuggestionViewController.swift */ = {isa = PBXFileReference; fileEncoding = 4; lastKnownFileType = sourcecode.swift; path = MakeSuggestionViewController.swift; sourceTree = "<group>"; };
		4DEF2DC41F7BA47100C534FC /* MakeSuggestionViewCell.swift */ = {isa = PBXFileReference; fileEncoding = 4; lastKnownFileType = sourcecode.swift; path = MakeSuggestionViewCell.swift; sourceTree = "<group>"; };
		4DEF2DC51F7BA47100C534FC /* MakeSuggestionViewCell.xib */ = {isa = PBXFileReference; fileEncoding = 4; lastKnownFileType = file.xib; path = MakeSuggestionViewCell.xib; sourceTree = "<group>"; };
		4DF43FF61F5E39CE00365F57 /* getrestaurants.json */ = {isa = PBXFileReference; fileEncoding = 4; lastKnownFileType = text.json; path = getrestaurants.json; sourceTree = "<group>"; };
		4DF43FFA1F5E3B6B00365F57 /* Address.swift */ = {isa = PBXFileReference; fileEncoding = 4; lastKnownFileType = sourcecode.swift; path = Address.swift; sourceTree = "<group>"; };
		4DF43FFC1F5E3B7A00365F57 /* Kitchen.swift */ = {isa = PBXFileReference; fileEncoding = 4; lastKnownFileType = sourcecode.swift; path = Kitchen.swift; sourceTree = "<group>"; };
		4DF43FFE1F5E3DC200365F57 /* ResultKitchen.swift */ = {isa = PBXFileReference; fileEncoding = 4; lastKnownFileType = sourcecode.swift; path = ResultKitchen.swift; sourceTree = "<group>"; };
		4DF440001F5E448E00365F57 /* KitchenDataModel.swift */ = {isa = PBXFileReference; fileEncoding = 4; lastKnownFileType = sourcecode.swift; path = KitchenDataModel.swift; sourceTree = "<group>"; };
		4DF4A4AC1F7B573F00DC272D /* ResultKitchenOrder.swift */ = {isa = PBXFileReference; fileEncoding = 4; lastKnownFileType = sourcecode.swift; path = ResultKitchenOrder.swift; sourceTree = "<group>"; };
		4DF4A4B31F7B58D400DC272D /* KitchenOrderDataModel.swift */ = {isa = PBXFileReference; fileEncoding = 4; lastKnownFileType = sourcecode.swift; path = KitchenOrderDataModel.swift; sourceTree = "<group>"; };
		4DF5896B1F78FE5A00CC8149 /* SuggestionItem.swift */ = {isa = PBXFileReference; fileEncoding = 4; lastKnownFileType = sourcecode.swift; path = SuggestionItem.swift; sourceTree = "<group>"; };
		4DF5896D1F7900F500CC8149 /* Suggestion.swift */ = {isa = PBXFileReference; fileEncoding = 4; lastKnownFileType = sourcecode.swift; path = Suggestion.swift; sourceTree = "<group>"; };
		4DF589711F790C2A00CC8149 /* ResultCustomerOrder.swift */ = {isa = PBXFileReference; fileEncoding = 4; lastKnownFileType = sourcecode.swift; path = ResultCustomerOrder.swift; sourceTree = "<group>"; };
		4DF589731F79101D00CC8149 /* CustomerOrderDataModel.swift */ = {isa = PBXFileReference; fileEncoding = 4; lastKnownFileType = sourcecode.swift; path = CustomerOrderDataModel.swift; sourceTree = "<group>"; };
		4DFAAEC21F5D44B600FE2EAE /* KitchenViewController.swift */ = {isa = PBXFileReference; fileEncoding = 4; lastKnownFileType = sourcecode.swift; path = KitchenViewController.swift; sourceTree = "<group>"; };
		4DFAAEC41F5D459500FE2EAE /* KitchenTableViewCell.swift */ = {isa = PBXFileReference; fileEncoding = 4; lastKnownFileType = sourcecode.swift; path = KitchenTableViewCell.swift; sourceTree = "<group>"; };
		4DFAAEC51F5D459500FE2EAE /* KitchenTableViewCell.xib */ = {isa = PBXFileReference; fileEncoding = 4; lastKnownFileType = file.xib; path = KitchenTableViewCell.xib; sourceTree = "<group>"; };
		D9DF5D2093C2480DF0169BD0 /* Pods-HomeKitchen.debug.xcconfig */ = {isa = PBXFileReference; includeInIndex = 1; lastKnownFileType = text.xcconfig; name = "Pods-HomeKitchen.debug.xcconfig"; path = "Pods/Target Support Files/Pods-HomeKitchen/Pods-HomeKitchen.debug.xcconfig"; sourceTree = "<group>"; };
/* End PBXFileReference section */

/* Begin PBXFrameworksBuildPhase section */
		4DACF0A81F55C9A00043ED79 /* Frameworks */ = {
			isa = PBXFrameworksBuildPhase;
			buildActionMask = 2147483647;
			files = (
				A523611545740C645967EF58 /* Pods_HomeKitchen.framework in Frameworks */,
			);
			runOnlyForDeploymentPostprocessing = 0;
		};
/* End PBXFrameworksBuildPhase section */

/* Begin PBXGroup section */
		4D0932C11F63E2A6001CEFF5 /* HomeScreen */ = {
			isa = PBXGroup;
			children = (
				4DFAAEC81F5D45B900FE2EAE /* KitchenCell */,
			);
			path = HomeScreen;
			sourceTree = "<group>";
		};
		4D0932C21F63E2E7001CEFF5 /* KitchenDetailScreen */ = {
			isa = PBXGroup;
			children = (
				4D3BB8081F5FF4EF00D6686C /* TopOrderCell */,
			);
			path = KitchenDetailScreen;
			sourceTree = "<group>";
		};
		4D0932C31F63E306001CEFF5 /* OrderScreen */ = {
			isa = PBXGroup;
			children = (
				4D4466FD1F60DEDE0022C91C /* ListOrderCell */,
			);
			path = OrderScreen;
			sourceTree = "<group>";
		};
		4D09DF1D1F95E1F20014E158 /* PostDetailScreen */ = {
			isa = PBXGroup;
			children = (
				4D44FCCB1FA2E02C00FC8D4A /* PostDetailCell */,
			);
			name = PostDetailScreen;
			sourceTree = "<group>";
		};
		4D09DF241F95E8800014E158 /* CreateAnswerPostRequestScreen */ = {
			isa = PBXGroup;
			children = (
				4D09DF2A1F95ED450014E158 /* CreateAnswerViewController.swift */,
			);
			name = CreateAnswerPostRequestScreen;
			sourceTree = "<group>";
		};
		4D09DF2C1F95ED970014E158 /* CreateAnswerScreen */ = {
			isa = PBXGroup;
			children = (
				4D09DF2D1F95EDB40014E158 /* CreateAnswerTableViewCell.swift */,
				4D09DF2E1F95EDB40014E158 /* CreateAnswerTableViewCell.xib */,
			);
			name = CreateAnswerScreen;
			sourceTree = "<group>";
		};
		4D0BBDCA1F9661B200BDA6AC /* AnswerDetailScreen */ = {
			isa = PBXGroup;
			children = (
				4D4F3E5E1F99AD3000FD0C6B /* AnswerDetailViewController.swift */,
			);
			name = AnswerDetailScreen;
			sourceTree = "<group>";
		};
		4D0BBDCD1F96642500BDA6AC /* AnswerDetailScreen */ = {
			isa = PBXGroup;
			children = (
				4D0BBDCE1F96643900BDA6AC /* AnswerTableViewCell.swift */,
				4D0BBDCF1F96643900BDA6AC /* AnswerTableViewCell.xib */,
			);
			name = AnswerDetailScreen;
			sourceTree = "<group>";
		};
		4D1587FC1F5964F400B1FFB4 /* SideMenu */ = {
			isa = PBXGroup;
			children = (
				4D1587FF1F59657500B1FFB4 /* LeftMenuTableViewController.swift */,
				4D1587FD1F59651900B1FFB4 /* SMNavigationController.swift */,
			);
			path = SideMenu;
			sourceTree = "<group>";
		};
		4D1588011F59661600B1FFB4 /* MenuCell */ = {
			isa = PBXGroup;
			children = (
				4D1588021F59663C00B1FFB4 /* MenuTableViewCell.swift */,
				4D1588031F59663C00B1FFB4 /* MenuTableViewCell.xib */,
			);
			path = MenuCell;
			sourceTree = "<group>";
		};
		4D203BC71F90B8C700A8F267 /* PostRequestScreen */ = {
			isa = PBXGroup;
			children = (
				4D203BC81F90B8EB00A8F267 /* PostRequestViewController.swift */,
			);
			name = PostRequestScreen;
			sourceTree = "<group>";
		};
		4D21D61B1F8C6AD200E71A29 /* GetKitchenInfo */ = {
			isa = PBXGroup;
			children = (
				4D21D61C1F8C6B8E00E71A29 /* ResultKitchenInfo.swift */,
			);
			name = GetKitchenInfo;
			sourceTree = "<group>";
		};
		4D237C001F775AFA007C1201 /* GetListOrderScreen */ = {
			isa = PBXGroup;
			children = (
				4D237C011F775B71007C1201 /* ListOrderViewController.swift */,
			);
			name = GetListOrderScreen;
			sourceTree = "<group>";
		};
		4D237C031F775BA8007C1201 /* GetListOrderScreen */ = {
			isa = PBXGroup;
			children = (
				4D237C061F775C00007C1201 /* GetListOrderCell */,
			);
			name = GetListOrderScreen;
			sourceTree = "<group>";
		};
		4D237C061F775C00007C1201 /* GetListOrderCell */ = {
			isa = PBXGroup;
			children = (
				4D237C071F775C3C007C1201 /* GetOrderTableViewCell.swift */,
				4D237C081F775C3C007C1201 /* GetOrderTableViewCell.xib */,
			);
			name = GetListOrderCell;
			sourceTree = "<group>";
		};
		4D2485571F7A3F710025F810 /* CustomerSuggestionScreen */ = {
			isa = PBXGroup;
			children = (
				4D2485581F7A3F940025F810 /* SuggestionTableViewCell.swift */,
				4D2485591F7A3F940025F810 /* SuggestionTableViewCell.xib */,
			);
			name = CustomerSuggestionScreen;
			sourceTree = "<group>";
		};
		4D24855C1F7A5E4B0025F810 /* CalendarScreen */ = {
			isa = PBXGroup;
			children = (
				4D24855D1F7A5EE00025F810 /* CalendarViewController.swift */,
			);
			name = CalendarScreen;
			sourceTree = "<group>";
		};
		4D2AAAC31F8A6AB700F281A4 /* CreateKitchenScreen */ = {
			isa = PBXGroup;
			children = (
				4D2AAAC41F8A6B1200F281A4 /* CreateKitchenViewController.swift */,
			);
			name = CreateKitchenScreen;
			sourceTree = "<group>";
		};
		4D2AAAC61F8A6E6C00F281A4 /* CreateKitchenScreen */ = {
			isa = PBXGroup;
			children = (
				4D2AAACE1F8A8E4E00F281A4 /* CustomTimeCell */,
				4D2AAACD1F8A8E3000F281A4 /* CreateKitchenCell */,
			);
			name = CreateKitchenScreen;
			sourceTree = "<group>";
		};
		4D2AAACD1F8A8E3000F281A4 /* CreateKitchenCell */ = {
			isa = PBXGroup;
			children = (
				4D2AAAC91F8A6EAD00F281A4 /* CreateKitchenTableViewCell.swift */,
				4D2AAACA1F8A6EAD00F281A4 /* CreateKitchenTableViewCell.xib */,
			);
			name = CreateKitchenCell;
			sourceTree = "<group>";
		};
		4D2AAACE1F8A8E4E00F281A4 /* CustomTimeCell */ = {
			isa = PBXGroup;
			children = (
				4D2AAACF1F8A8E7900F281A4 /* CustomTimeTableViewCell.swift */,
				4D2AAAD01F8A8E7900F281A4 /* CustomTimeTableViewCell.xib */,
			);
			name = CustomTimeCell;
			sourceTree = "<group>";
		};
		4D2BB7951F8E1A85002045EB /* EditProductScreen */ = {
			isa = PBXGroup;
			children = (
				4D2BB7961F8E1AA0002045EB /* EditProductViewController.swift */,
			);
			name = EditProductScreen;
			sourceTree = "<group>";
		};
		4D31189E1F6C10B600ACA713 /* OrderInfoScreen */ = {
			isa = PBXGroup;
			children = (
				4D31189F1F6C10CD00ACA713 /* OrderInfoViewController.swift */,
			);
			name = OrderInfoScreen;
			sourceTree = "<group>";
		};
		4D3BB8081F5FF4EF00D6686C /* TopOrderCell */ = {
			isa = PBXGroup;
			children = (
				4D3BB8091F5FF52B00D6686C /* TopOrderTableViewCell.swift */,
				4D3BB80A1F5FF52B00D6686C /* TopOrderTableViewCell.xib */,
			);
			path = TopOrderCell;
			sourceTree = "<group>";
		};
		4D3F6DA91F76165900F95EB9 /* AddNewContactScreen */ = {
			isa = PBXGroup;
			children = (
				4D3F6DAA1F76167700F95EB9 /* AddNewContactViewController.swift */,
			);
			name = AddNewContactScreen;
			sourceTree = "<group>";
		};
		4D4086541F5F8E33004697CE /* KitchenDetailScreen */ = {
			isa = PBXGroup;
			children = (
				4D4086571F5F9558004697CE /* KitchenDetailViewController.swift */,
			);
			path = KitchenDetailScreen;
			sourceTree = "<group>";
		};
		4D438D901F8B6E1600AF5233 /* LocationScreen */ = {
			isa = PBXGroup;
			children = (
				4D438D911F8B6E4200AF5233 /* LocationViewController.swift */,
			);
			name = LocationScreen;
			sourceTree = "<group>";
		};
		4D438D931F8B6EB500AF5233 /* LocationScreen */ = {
			isa = PBXGroup;
			children = (
				4D438D941F8B6ECA00AF5233 /* LocationTableViewCell.swift */,
				4D438D951F8B6ECA00AF5233 /* LocationTableViewCell.xib */,
			);
			name = LocationScreen;
			sourceTree = "<group>";
		};
		4D4466FA1F60DE5A0022C91C /* OrderScreen */ = {
			isa = PBXGroup;
			children = (
				4D4466FB1F60DEA40022C91C /* OrderViewController.swift */,
			);
			path = OrderScreen;
			sourceTree = "<group>";
		};
		4D4466FD1F60DEDE0022C91C /* ListOrderCell */ = {
			isa = PBXGroup;
			children = (
				4D4466FE1F60DF1E0022C91C /* OrderTableViewCell.swift */,
				4D4466FF1F60DF1E0022C91C /* OrderTableViewCell.xib */,
			);
			path = ListOrderCell;
			sourceTree = "<group>";
		};
		4D44FCCB1FA2E02C00FC8D4A /* PostDetailCell */ = {
			isa = PBXGroup;
			children = (
				4D09DF201F95E2860014E158 /* PostDetailTableViewCell.swift */,
				4D09DF211F95E2860014E158 /* PostDetailTableViewCell.xib */,
			);
			name = PostDetailCell;
			sourceTree = "<group>";
		};
		4D4A73131F7AA9A1008A487C /* EditContactScreen */ = {
			isa = PBXGroup;
			children = (
				4D4A73141F7AA9D6008A487C /* EditContactViewController.swift */,
			);
			name = EditContactScreen;
			sourceTree = "<group>";
		};
		4D4F3E541F99A34000FD0C6B /* ListSuggestionScreen */ = {
			isa = PBXGroup;
			children = (
				4D4F3E571F99A62100FD0C6B /* SuggestionsViewController.swift */,
			);
			name = ListSuggestionScreen;
			sourceTree = "<group>";
		};
		4D4F3E591F99A67400FD0C6B /* ListSuggestionsScreen */ = {
			isa = PBXGroup;
			children = (
				4D4F3E5A1F99A6C700FD0C6B /* SuggestionsTableViewCell.swift */,
				4D4F3E5B1F99A6C700FD0C6B /* SuggestionsTableViewCell.xib */,
			);
			name = ListSuggestionsScreen;
			sourceTree = "<group>";
		};
		4D4F3E601F99AEF400FD0C6B /* ListAnswerScreen */ = {
			isa = PBXGroup;
			children = (
				4D4F3E611F99AF0E00FD0C6B /* AnswersViewController.swift */,
			);
			name = ListAnswerScreen;
			sourceTree = "<group>";
		};
		4D4F3E631F99AFD600FD0C6B /* ListAnswerScreen */ = {
			isa = PBXGroup;
			children = (
				4D4F3E641F99B00300FD0C6B /* AnswersTableViewCell.swift */,
				4D4F3E651F99B00300FD0C6B /* AnswersTableViewCell.xib */,
			);
			name = ListAnswerScreen;
			sourceTree = "<group>";
		};
		4D51E95C1F9367ED00299AFC /* PostRequestScreen */ = {
			isa = PBXGroup;
			children = (
				4D51E95F1F93683500299AFC /* PostTableViewCell.swift */,
				4D51E9601F93683500299AFC /* PostTableViewCell.xib */,
			);
			name = PostRequestScreen;
			sourceTree = "<group>";
		};
		4D62A24A1F7A12B600326E9B /* DetailSuggestionScreen */ = {
			isa = PBXGroup;
			children = (
				4D4F3E551F99A3FB00FD0C6B /* SuggestionDetailViewController.swift */,
			);
			name = DetailSuggestionScreen;
			sourceTree = "<group>";
		};
		4D8198B71F8DB39C003FA2A7 /* ListProductScreen */ = {
			isa = PBXGroup;
			children = (
				4D8198B81F8DB409003FA2A7 /* ProductsViewController.swift */,
			);
			name = ListProductScreen;
			sourceTree = "<group>";
		};
		4D8198BA1F8DB457003FA2A7 /* ListProductScreen */ = {
			isa = PBXGroup;
			children = (
				4D8198BB1F8DB47E003FA2A7 /* ProductsTableViewCell.swift */,
				4D8198BC1F8DB47E003FA2A7 /* ProductsTableViewCell.xib */,
			);
			name = ListProductScreen;
			sourceTree = "<group>";
		};
		4D8198BF1F8DC7A3003FA2A7 /* CreateProductScreen */ = {
			isa = PBXGroup;
			children = (
				4D8198C01F8DC7BE003FA2A7 /* CreateProductViewController.swift */,
			);
			name = CreateProductScreen;
			sourceTree = "<group>";
		};
		4D86C0421F72515F00C3D555 /* OrderInfoScreen */ = {
			isa = PBXGroup;
			children = (
				4D86C0431F72518C00C3D555 /* ContactInfoCell */,
			);
			name = OrderInfoScreen;
			sourceTree = "<group>";
		};
		4D86C0431F72518C00C3D555 /* ContactInfoCell */ = {
			isa = PBXGroup;
			children = (
				4D86C0441F7251AC00C3D555 /* ContactInfoTableViewCell.swift */,
				4D86C0451F7251AC00C3D555 /* ContactInfoTableViewCell.xib */,
			);
			name = ContactInfoCell;
			sourceTree = "<group>";
		};
		4D97B9901F8C5DD700682A99 /* EditKitchenScreen */ = {
			isa = PBXGroup;
			children = (
				4D97B9911F8C5DFA00682A99 /* EditKitchenViewController.swift */,
			);
			name = EditKitchenScreen;
			sourceTree = "<group>";
		};
		4DACF0A21F55C9A00043ED79 = {
			isa = PBXGroup;
			children = (
				D126507B14935250B33A623E /* Frameworks */,
				4DACF0AD1F55C9A00043ED79 /* HomeKitchen */,
				59DA56E9BE7B31EB6A86CD31 /* Pods */,
				4DACF0AC1F55C9A00043ED79 /* Products */,
			);
			sourceTree = "<group>";
		};
		4DACF0AC1F55C9A00043ED79 /* Products */ = {
			isa = PBXGroup;
			children = (
				4DACF0AB1F55C9A00043ED79 /* HomeKitchen.app */,
			);
			name = Products;
			sourceTree = "<group>";
		};
		4DACF0AD1F55C9A00043ED79 /* HomeKitchen */ = {
			isa = PBXGroup;
			children = (
				4DDE9F7C1F642AE800EE875D /* Helper */,
				4DDB7ED01F59486300A24730 /* Controllers */,
				4DF43FF31F5E395B00365F57 /* Json File */,
				4DDB7ED21F59487700A24730 /* Models */,
				4DDB7ED11F59486C00A24730 /* Views */,
				4DACF0AE1F55C9A00043ED79 /* AppDelegate.swift */,
				4DACF0B51F55C9A00043ED79 /* Assets.xcassets */,
				4DACF0BA1F55C9A00043ED79 /* Info.plist */,
				4DACF0B71F55C9A00043ED79 /* LaunchScreen.storyboard */,
				4D1587F71F59639100B1FFB4 /* Main.storyboard */,
			);
			path = HomeKitchen;
			sourceTree = "<group>";
		};
		4DC4FB871F95AA11005A94A3 /* GetListPostScreen */ = {
			isa = PBXGroup;
			children = (
				4DC4FB881F95AA35005A94A3 /* ListPostViewController.swift */,
			);
			name = GetListPostScreen;
			sourceTree = "<group>";
		};
		4DC4FB8A1F95ABC0005A94A3 /* GetListPostScreen */ = {
			isa = PBXGroup;
			children = (
				4DC4FB8B1F95ABF7005A94A3 /* ListPostTableViewCell.swift */,
				4DC4FB8C1F95ABF7005A94A3 /* ListPostTableViewCell.xib */,
			);
			name = GetListPostScreen;
			sourceTree = "<group>";
		};
		4DC4FB8F1F95B0B7005A94A3 /* GetKitchenPost */ = {
			isa = PBXGroup;
			children = (
				4DC4FB901F95B4F5005A94A3 /* ResultPosts.swift */,
				4DC4FB921F95B504005A94A3 /* PostDataModel.swift */,
			);
			name = GetKitchenPost;
			sourceTree = "<group>";
		};
		4DC4FB941F95BF3C005A94A3 /* PostDetailScreen */ = {
			isa = PBXGroup;
			children = (
				4DC4FB951F95BF5C005A94A3 /* PostDetailViewController.swift */,
			);
			name = PostDetailScreen;
			sourceTree = "<group>";
		};
		4DDB7ED01F59486300A24730 /* Controllers */ = {
			isa = PBXGroup;
			children = (
				4D4F3E601F99AEF400FD0C6B /* ListAnswerScreen */,
				4D0BBDCA1F9661B200BDA6AC /* AnswerDetailScreen */,
				4D09DF241F95E8800014E158 /* CreateAnswerPostRequestScreen */,
				4DC4FB941F95BF3C005A94A3 /* PostDetailScreen */,
				4DC4FB871F95AA11005A94A3 /* GetListPostScreen */,
				4D203BC71F90B8C700A8F267 /* PostRequestScreen */,
				4D2BB7951F8E1A85002045EB /* EditProductScreen */,
				4D8198BF1F8DC7A3003FA2A7 /* CreateProductScreen */,
				4D8198B71F8DB39C003FA2A7 /* ListProductScreen */,
				4D97B9901F8C5DD700682A99 /* EditKitchenScreen */,
				4D438D901F8B6E1600AF5233 /* LocationScreen */,
				4D2AAAC31F8A6AB700F281A4 /* CreateKitchenScreen */,
				4DEF2DC01F7BA31000C534FC /* MakeSuggestionScreen */,
				4D4A73131F7AA9A1008A487C /* EditContactScreen */,
				4D24855C1F7A5E4B0025F810 /* CalendarScreen */,
				4D4F3E541F99A34000FD0C6B /* ListSuggestionScreen */,
				4D62A24A1F7A12B600326E9B /* DetailSuggestionScreen */,
				4DEBE0651F77A70A00A0305D /* OrderDetailScreen */,
				4D237C001F775AFA007C1201 /* GetListOrderScreen */,
				4D3F6DA91F76165900F95EB9 /* AddNewContactScreen */,
				4D31189E1F6C10B600ACA713 /* OrderInfoScreen */,
				4DDB7ED51F59623500A24730 /* HomeScreen */,
				4D4086541F5F8E33004697CE /* KitchenDetailScreen */,
				4DEDD3351F5BF8D500D24E79 /* LoginAndSignup */,
				4D4466FA1F60DE5A0022C91C /* OrderScreen */,
				4D1587FC1F5964F400B1FFB4 /* SideMenu */,
			);
			path = Controllers;
			sourceTree = "<group>";
		};
		4DDB7ED11F59486C00A24730 /* Views */ = {
			isa = PBXGroup;
			children = (
				4D4F3E631F99AFD600FD0C6B /* ListAnswerScreen */,
				4D0BBDCD1F96642500BDA6AC /* AnswerDetailScreen */,
				4D09DF2C1F95ED970014E158 /* CreateAnswerScreen */,
				4D09DF1D1F95E1F20014E158 /* PostDetailScreen */,
				4DC4FB8A1F95ABC0005A94A3 /* GetListPostScreen */,
				4D51E95C1F9367ED00299AFC /* PostRequestScreen */,
				4D8198BA1F8DB457003FA2A7 /* ListProductScreen */,
				4D438D931F8B6EB500AF5233 /* LocationScreen */,
				4D2AAAC61F8A6E6C00F281A4 /* CreateKitchenScreen */,
				4DEF2DC31F7BA45300C534FC /* MakeSuggestionScreen */,
				4D4F3E591F99A67400FD0C6B /* ListSuggestionsScreen */,
				4D2485571F7A3F710025F810 /* CustomerSuggestionScreen */,
				4DEBE06A1F78092800A0305D /* OrderDetailScreen */,
				4D237C031F775BA8007C1201 /* GetListOrderScreen */,
				4D86C0421F72515F00C3D555 /* OrderInfoScreen */,
				4D0932C11F63E2A6001CEFF5 /* HomeScreen */,
				4D0932C21F63E2E7001CEFF5 /* KitchenDetailScreen */,
				4D1588011F59661600B1FFB4 /* MenuCell */,
				4D0932C31F63E306001CEFF5 /* OrderScreen */,
			);
			path = Views;
			sourceTree = "<group>";
		};
		4DDB7ED21F59487700A24730 /* Models */ = {
			isa = PBXGroup;
			children = (
				4DC4FB8F1F95B0B7005A94A3 /* GetKitchenPost */,
				4D21D61B1F8C6AD200E71A29 /* GetKitchenInfo */,
				4DF4A4B21F7B58A300DC272D /* GetUser */,
				4DF4A4B11F7B57B400DC272D /* GetKitchenProduct */,
				4DF4A4B01F7B57A800DC272D /* GetListKitchen */,
				4DF4A4AF1F7B57A000DC272D /* GetKitchenOrder */,
				4DF4A4AE1F7B578D00DC272D /* GetCustomerOrder */,
				4DF43FFA1F5E3B6B00365F57 /* Address.swift */,
				4D7471DC1F604B23007C53E2 /* Ingredient.swift */,
				4DF43FFC1F5E3B7A00365F57 /* Kitchen.swift */,
				4D3BB80F1F5FFDAF00D6686C /* Product.swift */,
				4D3BB8111F60035100D6686C /* Recipe.swift */,
				4D6620E61F5C5A6200B96DC7 /* User.swift */,
				4DCC35181F668B870005BD40 /* OrderItem.swift */,
				4D6E96D51F693B45000DD7EE /* OrderInfo.swift */,
				4D2F0BCB1F711AC70017B8E7 /* ContactInfo.swift */,
				4DF5896B1F78FE5A00CC8149 /* SuggestionItem.swift */,
				4DF5896D1F7900F500CC8149 /* Suggestion.swift */,
				4D203BC31F90B5A300A8F267 /* Post.swift */,
				4D203BC51F90B5D900A8F267 /* PostItem.swift */,
				4D09DF251F95EB750014E158 /* Answer.swift */,
				4D0BBDD21F966D5900BDA6AC /* AnswerDetail.swift */,
			);
			path = Models;
			sourceTree = "<group>";
		};
		4DDB7ED51F59623500A24730 /* HomeScreen */ = {
			isa = PBXGroup;
			children = (
				4DFAAEC21F5D44B600FE2EAE /* KitchenViewController.swift */,
			);
			path = HomeScreen;
			sourceTree = "<group>";
		};
		4DDE9F7C1F642AE800EE875D /* Helper */ = {
			isa = PBXGroup;
			children = (
				4D86C0401F72504B00C3D555 /* Helper.swift */,
				4D18E2181F750243007B83B6 /* NetworkingService.swift */,
				4D18E21C1F750DA6007B83B6 /* UI.swift */,
				4D06C9521F766EF300ED4E95 /* SegueFromRight.swift */,
				4D06C9541F76731A00ED4E95 /* SegueFromLeft.swift */,
				4D3E1C891F7FEE2B0037E4A2 /* Constant.swift */,
			);
			name = Helper;
			sourceTree = "<group>";
		};
		4DEBE0651F77A70A00A0305D /* OrderDetailScreen */ = {
			isa = PBXGroup;
			children = (
				4DEBE0681F78082A00A0305D /* OrderDetailViewController.swift */,
			);
			name = OrderDetailScreen;
			sourceTree = "<group>";
		};
		4DEBE06A1F78092800A0305D /* OrderDetailScreen */ = {
			isa = PBXGroup;
			children = (
				4DEBE06B1F78093800A0305D /* OrderDetailCell */,
			);
			name = OrderDetailScreen;
			sourceTree = "<group>";
		};
		4DEBE06B1F78093800A0305D /* OrderDetailCell */ = {
			isa = PBXGroup;
			children = (
				4DEBE06C1F78095A00A0305D /* OrderDetailTableViewCell.swift */,
				4DEBE06D1F78095A00A0305D /* OrderDetailTableViewCell.xib */,
			);
			name = OrderDetailCell;
			sourceTree = "<group>";
		};
		4DEDD3351F5BF8D500D24E79 /* LoginAndSignup */ = {
			isa = PBXGroup;
			children = (
				4DEDD3361F5BF90100D24E79 /* LoginViewController.swift */,
				4DEDD33C1F5C075500D24E79 /* SignupViewController.swift */,
			);
			path = LoginAndSignup;
			sourceTree = "<group>";
		};
		4DEF2DC01F7BA31000C534FC /* MakeSuggestionScreen */ = {
			isa = PBXGroup;
			children = (
				4DEF2DC11F7BA32700C534FC /* MakeSuggestionViewController.swift */,
			);
			name = MakeSuggestionScreen;
			sourceTree = "<group>";
		};
		4DEF2DC31F7BA45300C534FC /* MakeSuggestionScreen */ = {
			isa = PBXGroup;
			children = (
				4DEF2DC41F7BA47100C534FC /* MakeSuggestionViewCell.swift */,
				4DEF2DC51F7BA47100C534FC /* MakeSuggestionViewCell.xib */,
			);
			name = MakeSuggestionScreen;
			sourceTree = "<group>";
		};
		4DF43FF31F5E395B00365F57 /* Json File */ = {
			isa = PBXGroup;
			children = (
				4DE6EC2C1F68EC1000A1A4DE /* getorder.json */,
				4DF43FF61F5E39CE00365F57 /* getrestaurants.json */,
			);
			path = "Json File";
			sourceTree = "<group>";
		};
		4DF4A4AE1F7B578D00DC272D /* GetCustomerOrder */ = {
			isa = PBXGroup;
			children = (
				4DF589711F790C2A00CC8149 /* ResultCustomerOrder.swift */,
				4DF589731F79101D00CC8149 /* CustomerOrderDataModel.swift */,
			);
			name = GetCustomerOrder;
			sourceTree = "<group>";
		};
		4DF4A4AF1F7B57A000DC272D /* GetKitchenOrder */ = {
			isa = PBXGroup;
			children = (
				4DF4A4AC1F7B573F00DC272D /* ResultKitchenOrder.swift */,
				4DF4A4B31F7B58D400DC272D /* KitchenOrderDataModel.swift */,
			);
			name = GetKitchenOrder;
			sourceTree = "<group>";
		};
		4DF4A4B01F7B57A800DC272D /* GetListKitchen */ = {
			isa = PBXGroup;
			children = (
				4DF440001F5E448E00365F57 /* KitchenDataModel.swift */,
				4DF43FFE1F5E3DC200365F57 /* ResultKitchen.swift */,
			);
			name = GetListKitchen;
			sourceTree = "<group>";
		};
		4DF4A4B11F7B57B400DC272D /* GetKitchenProduct */ = {
			isa = PBXGroup;
			children = (
				4D7471E01F604CB0007C53E2 /* ProductDataModel.swift */,
				4DEBE0661F77ED2E00A0305D /* ResultOrderInfo.swift */,
			);
			name = GetKitchenProduct;
			sourceTree = "<group>";
		};
		4DF4A4B21F7B58A300DC272D /* GetUser */ = {
			isa = PBXGroup;
			children = (
				4D2F0BCD1F711F550017B8E7 /* ResultUser.swift */,
				4D900EFB1F716FB600D7C9A8 /* UserDataModel.swift */,
			);
			name = GetUser;
			sourceTree = "<group>";
		};
		4DFAAEC81F5D45B900FE2EAE /* KitchenCell */ = {
			isa = PBXGroup;
			children = (
				4DFAAEC41F5D459500FE2EAE /* KitchenTableViewCell.swift */,
				4DFAAEC51F5D459500FE2EAE /* KitchenTableViewCell.xib */,
			);
			path = KitchenCell;
			sourceTree = "<group>";
		};
		59DA56E9BE7B31EB6A86CD31 /* Pods */ = {
			isa = PBXGroup;
			children = (
				D9DF5D2093C2480DF0169BD0 /* Pods-HomeKitchen.debug.xcconfig */,
				47C45F89A3DE0DE24F6C2B14 /* Pods-HomeKitchen.release.xcconfig */,
			);
			name = Pods;
			sourceTree = "<group>";
		};
		D126507B14935250B33A623E /* Frameworks */ = {
			isa = PBXGroup;
			children = (
				223CF9B73D9541A7B43ACFB0 /* Pods_HomeKitchen.framework */,
			);
			name = Frameworks;
			sourceTree = "<group>";
		};
/* End PBXGroup section */

/* Begin PBXNativeTarget section */
		4DACF0AA1F55C9A00043ED79 /* HomeKitchen */ = {
			isa = PBXNativeTarget;
			buildConfigurationList = 4DACF0BD1F55C9A00043ED79 /* Build configuration list for PBXNativeTarget "HomeKitchen" */;
			buildPhases = (
				140F51C71023051090935AB0 /* [CP] Check Pods Manifest.lock */,
				4DACF0A71F55C9A00043ED79 /* Sources */,
				4DACF0A81F55C9A00043ED79 /* Frameworks */,
				4DACF0A91F55C9A00043ED79 /* Resources */,
				AF6D24C2BEE1D4AF7EAC5D0B /* [CP] Embed Pods Frameworks */,
				997A74DD038FF8F91FBB7214 /* [CP] Copy Pods Resources */,
			);
			buildRules = (
			);
			dependencies = (
			);
			name = HomeKitchen;
			productName = HomeKitchen;
			productReference = 4DACF0AB1F55C9A00043ED79 /* HomeKitchen.app */;
			productType = "com.apple.product-type.application";
		};
/* End PBXNativeTarget section */

/* Begin PBXProject section */
		4DACF0A31F55C9A00043ED79 /* Project object */ = {
			isa = PBXProject;
			attributes = {
				LastSwiftUpdateCheck = 0830;
				LastUpgradeCheck = 0830;
				ORGANIZATIONNAME = "Tan Vo";
				TargetAttributes = {
					4DACF0AA1F55C9A00043ED79 = {
						CreatedOnToolsVersion = 8.3.3;
						DevelopmentTeam = JVVJR7Q26C;
						ProvisioningStyle = Automatic;
					};
				};
			};
			buildConfigurationList = 4DACF0A61F55C9A00043ED79 /* Build configuration list for PBXProject "HomeKitchen" */;
			compatibilityVersion = "Xcode 3.2";
			developmentRegion = English;
			hasScannedForEncodings = 0;
			knownRegions = (
				en,
				Base,
			);
			mainGroup = 4DACF0A21F55C9A00043ED79;
			productRefGroup = 4DACF0AC1F55C9A00043ED79 /* Products */;
			projectDirPath = "";
			projectRoot = "";
			targets = (
				4DACF0AA1F55C9A00043ED79 /* HomeKitchen */,
			);
		};
/* End PBXProject section */

/* Begin PBXResourcesBuildPhase section */
		4DACF0A91F55C9A00043ED79 /* Resources */ = {
			isa = PBXResourcesBuildPhase;
			buildActionMask = 2147483647;
			files = (
				4D2AAACC1F8A6EAD00F281A4 /* CreateKitchenTableViewCell.xib in Resources */,
				4D8198BE1F8DB47E003FA2A7 /* ProductsTableViewCell.xib in Resources */,
				4D438D971F8B6ECA00AF5233 /* LocationTableViewCell.xib in Resources */,
				4DEF2DC71F7BA47100C534FC /* MakeSuggestionViewCell.xib in Resources */,
				4D86C0471F7251AC00C3D555 /* ContactInfoTableViewCell.xib in Resources */,
				4D4F3E671F99B00300FD0C6B /* AnswersTableViewCell.xib in Resources */,
				4D09DF301F95EDB40014E158 /* CreateAnswerTableViewCell.xib in Resources */,
				4D3BB80C1F5FF52B00D6686C /* TopOrderTableViewCell.xib in Resources */,
				4D09DF231F95E2860014E158 /* PostDetailTableViewCell.xib in Resources */,
				4DFAAEC71F5D459500FE2EAE /* KitchenTableViewCell.xib in Resources */,
				4DF43FF71F5E39CE00365F57 /* getrestaurants.json in Resources */,
				4D4467011F60DF1E0022C91C /* OrderTableViewCell.xib in Resources */,
				4D1587F91F59639100B1FFB4 /* Main.storyboard in Resources */,
				4D51E9621F93683500299AFC /* PostTableViewCell.xib in Resources */,
				4D24855B1F7A3F940025F810 /* SuggestionTableViewCell.xib in Resources */,
				4D2AAAD21F8A8E7900F281A4 /* CustomTimeTableViewCell.xib in Resources */,
				4DACF0B91F55C9A00043ED79 /* LaunchScreen.storyboard in Resources */,
				4D1588051F59663C00B1FFB4 /* MenuTableViewCell.xib in Resources */,
				4DACF0B61F55C9A00043ED79 /* Assets.xcassets in Resources */,
				4D237C0A1F775C3C007C1201 /* GetOrderTableViewCell.xib in Resources */,
				4D4F3E5D1F99A6C700FD0C6B /* SuggestionsTableViewCell.xib in Resources */,
				4D0BBDD11F96643900BDA6AC /* AnswerTableViewCell.xib in Resources */,
				4DE6EC2D1F68EC1000A1A4DE /* getorder.json in Resources */,
				4DEBE06F1F78095A00A0305D /* OrderDetailTableViewCell.xib in Resources */,
				4DC4FB8E1F95ABF7005A94A3 /* ListPostTableViewCell.xib in Resources */,
			);
			runOnlyForDeploymentPostprocessing = 0;
		};
/* End PBXResourcesBuildPhase section */

/* Begin PBXShellScriptBuildPhase section */
		140F51C71023051090935AB0 /* [CP] Check Pods Manifest.lock */ = {
			isa = PBXShellScriptBuildPhase;
			buildActionMask = 2147483647;
			files = (
			);
			inputPaths = (
			);
			name = "[CP] Check Pods Manifest.lock";
			outputPaths = (
			);
			runOnlyForDeploymentPostprocessing = 0;
			shellPath = /bin/sh;
			shellScript = "diff \"${PODS_PODFILE_DIR_PATH}/Podfile.lock\" \"${PODS_ROOT}/Manifest.lock\" > /dev/null\nif [ $? != 0 ] ; then\n    # print error to STDERR\n    echo \"error: The sandbox is not in sync with the Podfile.lock. Run 'pod install' or update your CocoaPods installation.\" >&2\n    exit 1\nfi\n";
			showEnvVarsInLog = 0;
		};
		997A74DD038FF8F91FBB7214 /* [CP] Copy Pods Resources */ = {
			isa = PBXShellScriptBuildPhase;
			buildActionMask = 2147483647;
			files = (
			);
			inputPaths = (
			);
			name = "[CP] Copy Pods Resources";
			outputPaths = (
			);
			runOnlyForDeploymentPostprocessing = 0;
			shellPath = /bin/sh;
			shellScript = "\"${SRCROOT}/Pods/Target Support Files/Pods-HomeKitchen/Pods-HomeKitchen-resources.sh\"\n";
			showEnvVarsInLog = 0;
		};
		AF6D24C2BEE1D4AF7EAC5D0B /* [CP] Embed Pods Frameworks */ = {
			isa = PBXShellScriptBuildPhase;
			buildActionMask = 2147483647;
			files = (
			);
			inputPaths = (
			);
			name = "[CP] Embed Pods Frameworks";
			outputPaths = (
			);
			runOnlyForDeploymentPostprocessing = 0;
			shellPath = /bin/sh;
			shellScript = "\"${SRCROOT}/Pods/Target Support Files/Pods-HomeKitchen/Pods-HomeKitchen-frameworks.sh\"\n";
			showEnvVarsInLog = 0;
		};
/* End PBXShellScriptBuildPhase section */

/* Begin PBXSourcesBuildPhase section */
		4DACF0A71F55C9A00043ED79 /* Sources */ = {
			isa = PBXSourcesBuildPhase;
			buildActionMask = 2147483647;
			files = (
				4DC4FB8D1F95ABF7005A94A3 /* ListPostTableViewCell.swift in Sources */,
				4D0BBDD01F96643900BDA6AC /* AnswerTableViewCell.swift in Sources */,
				4D2AAAD11F8A8E7900F281A4 /* CustomTimeTableViewCell.swift in Sources */,
				4DF4A4B41F7B58D400DC272D /* KitchenOrderDataModel.swift in Sources */,
				4DEDD3371F5BF90100D24E79 /* LoginViewController.swift in Sources */,
				4D09DF2B1F95ED450014E158 /* CreateAnswerViewController.swift in Sources */,
				4D09DF2F1F95EDB40014E158 /* CreateAnswerTableViewCell.swift in Sources */,
				4DC4FB911F95B4F5005A94A3 /* ResultPosts.swift in Sources */,
				4D18E21D1F750DA6007B83B6 /* UI.swift in Sources */,
				4DC4FB931F95B504005A94A3 /* PostDataModel.swift in Sources */,
				4D8198C11F8DC7BE003FA2A7 /* CreateProductViewController.swift in Sources */,
				4D24855A1F7A3F940025F810 /* SuggestionTableViewCell.swift in Sources */,
				4D0BBDD31F966D5900BDA6AC /* AnswerDetail.swift in Sources */,
				4D97B9921F8C5DFA00682A99 /* EditKitchenViewController.swift in Sources */,
				4DEBE06E1F78095A00A0305D /* OrderDetailTableViewCell.swift in Sources */,
				4D203BC91F90B8EB00A8F267 /* PostRequestViewController.swift in Sources */,
				4DF4A4AD1F7B573F00DC272D /* ResultKitchenOrder.swift in Sources */,
				4D438D921F8B6E4200AF5233 /* LocationViewController.swift in Sources */,
				4D24855E1F7A5EE00025F810 /* CalendarViewController.swift in Sources */,
				4D203BC41F90B5A300A8F267 /* Post.swift in Sources */,
				4DF43FFD1F5E3B7A00365F57 /* Kitchen.swift in Sources */,
				4D4F3E661F99B00300FD0C6B /* AnswersTableViewCell.swift in Sources */,
				4D237C091F775C3C007C1201 /* GetOrderTableViewCell.swift in Sources */,
				4D237C021F775B71007C1201 /* ListOrderViewController.swift in Sources */,
				4D2BB7971F8E1AA0002045EB /* EditProductViewController.swift in Sources */,
				4D7471DD1F604B23007C53E2 /* Ingredient.swift in Sources */,
				4D3118A01F6C10CD00ACA713 /* OrderInfoViewController.swift in Sources */,
				4DEDD33D1F5C075500D24E79 /* SignupViewController.swift in Sources */,
				4D6E96D61F693B45000DD7EE /* OrderInfo.swift in Sources */,
				4DACF0AF1F55C9A00043ED79 /* AppDelegate.swift in Sources */,
				4D18E2191F750243007B83B6 /* NetworkingService.swift in Sources */,
				4DEF2DC21F7BA32700C534FC /* MakeSuggestionViewController.swift in Sources */,
				4D4F3E5C1F99A6C700FD0C6B /* SuggestionsTableViewCell.swift in Sources */,
				4D4F3E5F1F99AD3000FD0C6B /* AnswerDetailViewController.swift in Sources */,
				4D7471E11F604CB0007C53E2 /* ProductDataModel.swift in Sources */,
				4DF589741F79101D00CC8149 /* CustomerOrderDataModel.swift in Sources */,
				4DEBE0691F78082A00A0305D /* OrderDetailViewController.swift in Sources */,
				4DF5896C1F78FE5A00CC8149 /* SuggestionItem.swift in Sources */,
				4D06C9531F766EF300ED4E95 /* SegueFromRight.swift in Sources */,
				4D86C0461F7251AC00C3D555 /* ContactInfoTableViewCell.swift in Sources */,
				4D2AAAC51F8A6B1200F281A4 /* CreateKitchenViewController.swift in Sources */,
				4D8198BD1F8DB47E003FA2A7 /* ProductsTableViewCell.swift in Sources */,
				4D4086581F5F9558004697CE /* KitchenDetailViewController.swift in Sources */,
				4D3BB8121F60035100D6686C /* Recipe.swift in Sources */,
				4D1588001F59657500B1FFB4 /* LeftMenuTableViewController.swift in Sources */,
				4D51E9611F93683500299AFC /* PostTableViewCell.swift in Sources */,
				4DF43FFB1F5E3B6B00365F57 /* Address.swift in Sources */,
				4D3F6DAB1F76167700F95EB9 /* AddNewContactViewController.swift in Sources */,
				4DFAAEC61F5D459500FE2EAE /* KitchenTableViewCell.swift in Sources */,
				4D4A73151F7AA9D6008A487C /* EditContactViewController.swift in Sources */,
				4D6620E71F5C5A6200B96DC7 /* User.swift in Sources */,
				4D3BB8101F5FFDAF00D6686C /* Product.swift in Sources */,
				4D09DF221F95E2860014E158 /* PostDetailTableViewCell.swift in Sources */,
				4D21D61D1F8C6B8E00E71A29 /* ResultKitchenInfo.swift in Sources */,
				4DFAAEC31F5D44B600FE2EAE /* KitchenViewController.swift in Sources */,
				4DF5896E1F7900F500CC8149 /* Suggestion.swift in Sources */,
				4DEBE0671F77ED2E00A0305D /* ResultOrderInfo.swift in Sources */,
				4DC4FB961F95BF5C005A94A3 /* PostDetailViewController.swift in Sources */,
				4D3E1C8A1F7FEE2B0037E4A2 /* Constant.swift in Sources */,
				4D4F3E561F99A3FB00FD0C6B /* SuggestionDetailViewController.swift in Sources */,
				4D86C0411F72504B00C3D555 /* Helper.swift in Sources */,
				4D3BB80B1F5FF52B00D6686C /* TopOrderTableViewCell.swift in Sources */,
				4D06C9551F76731A00ED4E95 /* SegueFromLeft.swift in Sources */,
				4DCC35191F668B870005BD40 /* OrderItem.swift in Sources */,
				4DF440011F5E448E00365F57 /* KitchenDataModel.swift in Sources */,
				4D4F3E621F99AF0E00FD0C6B /* AnswersViewController.swift in Sources */,
				4DF589721F790C2A00CC8149 /* ResultCustomerOrder.swift in Sources */,
				4D4467001F60DF1E0022C91C /* OrderTableViewCell.swift in Sources */,
				4D900EFC1F716FB600D7C9A8 /* UserDataModel.swift in Sources */,
				4DC4FB891F95AA35005A94A3 /* ListPostViewController.swift in Sources */,
				4D2F0BCE1F711F550017B8E7 /* ResultUser.swift in Sources */,
				4D4F3E581F99A62100FD0C6B /* SuggestionsViewController.swift in Sources */,
				4D1587FE1F59651900B1FFB4 /* SMNavigationController.swift in Sources */,
				4D4466FC1F60DEA40022C91C /* OrderViewController.swift in Sources */,
				4D438D961F8B6ECA00AF5233 /* LocationTableViewCell.swift in Sources */,
				4D8198B91F8DB409003FA2A7 /* ProductsViewController.swift in Sources */,
				4DEF2DC61F7BA47100C534FC /* MakeSuggestionViewCell.swift in Sources */,
				4D2AAACB1F8A6EAD00F281A4 /* CreateKitchenTableViewCell.swift in Sources */,
				4D2F0BCC1F711AC70017B8E7 /* ContactInfo.swift in Sources */,
				4D203BC61F90B5D900A8F267 /* PostItem.swift in Sources */,
				4D09DF261F95EB750014E158 /* Answer.swift in Sources */,
				4D1588041F59663C00B1FFB4 /* MenuTableViewCell.swift in Sources */,
				4DF43FFF1F5E3DC200365F57 /* ResultKitchen.swift in Sources */,
			);
			runOnlyForDeploymentPostprocessing = 0;
		};
/* End PBXSourcesBuildPhase section */

/* Begin PBXVariantGroup section */
		4D1587F71F59639100B1FFB4 /* Main.storyboard */ = {
			isa = PBXVariantGroup;
			children = (
				4D1587F81F59639100B1FFB4 /* Base */,
			);
			name = Main.storyboard;
			path = .;
			sourceTree = "<group>";
		};
		4DACF0B71F55C9A00043ED79 /* LaunchScreen.storyboard */ = {
			isa = PBXVariantGroup;
			children = (
				4DACF0B81F55C9A00043ED79 /* Base */,
			);
			name = LaunchScreen.storyboard;
			path = .;
			sourceTree = "<group>";
		};
/* End PBXVariantGroup section */

/* Begin XCBuildConfiguration section */
		4DACF0BB1F55C9A00043ED79 /* Debug */ = {
			isa = XCBuildConfiguration;
			buildSettings = {
				ALWAYS_SEARCH_USER_PATHS = NO;
				CLANG_ANALYZER_NONNULL = YES;
				CLANG_ANALYZER_NUMBER_OBJECT_CONVERSION = YES_AGGRESSIVE;
				CLANG_CXX_LANGUAGE_STANDARD = "gnu++0x";
				CLANG_CXX_LIBRARY = "libc++";
				CLANG_ENABLE_MODULES = YES;
				CLANG_ENABLE_OBJC_ARC = YES;
				CLANG_WARN_BOOL_CONVERSION = YES;
				CLANG_WARN_CONSTANT_CONVERSION = YES;
				CLANG_WARN_DIRECT_OBJC_ISA_USAGE = YES_ERROR;
				CLANG_WARN_DOCUMENTATION_COMMENTS = YES;
				CLANG_WARN_EMPTY_BODY = YES;
				CLANG_WARN_ENUM_CONVERSION = YES;
				CLANG_WARN_INFINITE_RECURSION = YES;
				CLANG_WARN_INT_CONVERSION = YES;
				CLANG_WARN_OBJC_ROOT_CLASS = YES_ERROR;
				CLANG_WARN_SUSPICIOUS_MOVE = YES;
				CLANG_WARN_UNREACHABLE_CODE = YES;
				CLANG_WARN__DUPLICATE_METHOD_MATCH = YES;
				"CODE_SIGN_IDENTITY[sdk=iphoneos*]" = "iPhone Developer";
				COPY_PHASE_STRIP = NO;
				DEBUG_INFORMATION_FORMAT = dwarf;
				ENABLE_STRICT_OBJC_MSGSEND = YES;
				ENABLE_TESTABILITY = YES;
				GCC_C_LANGUAGE_STANDARD = gnu99;
				GCC_DYNAMIC_NO_PIC = NO;
				GCC_NO_COMMON_BLOCKS = YES;
				GCC_OPTIMIZATION_LEVEL = 0;
				GCC_PREPROCESSOR_DEFINITIONS = (
					"DEBUG=1",
					"$(inherited)",
				);
				GCC_WARN_64_TO_32_BIT_CONVERSION = YES;
				GCC_WARN_ABOUT_RETURN_TYPE = YES_ERROR;
				GCC_WARN_UNDECLARED_SELECTOR = YES;
				GCC_WARN_UNINITIALIZED_AUTOS = YES_AGGRESSIVE;
				GCC_WARN_UNUSED_FUNCTION = YES;
				GCC_WARN_UNUSED_VARIABLE = YES;
				IPHONEOS_DEPLOYMENT_TARGET = 10.3;
				MTL_ENABLE_DEBUG_INFO = YES;
				ONLY_ACTIVE_ARCH = YES;
				SDKROOT = iphoneos;
				SWIFT_ACTIVE_COMPILATION_CONDITIONS = DEBUG;
				SWIFT_OPTIMIZATION_LEVEL = "-Onone";
			};
			name = Debug;
		};
		4DACF0BC1F55C9A00043ED79 /* Release */ = {
			isa = XCBuildConfiguration;
			buildSettings = {
				ALWAYS_SEARCH_USER_PATHS = NO;
				CLANG_ANALYZER_NONNULL = YES;
				CLANG_ANALYZER_NUMBER_OBJECT_CONVERSION = YES_AGGRESSIVE;
				CLANG_CXX_LANGUAGE_STANDARD = "gnu++0x";
				CLANG_CXX_LIBRARY = "libc++";
				CLANG_ENABLE_MODULES = YES;
				CLANG_ENABLE_OBJC_ARC = YES;
				CLANG_WARN_BOOL_CONVERSION = YES;
				CLANG_WARN_CONSTANT_CONVERSION = YES;
				CLANG_WARN_DIRECT_OBJC_ISA_USAGE = YES_ERROR;
				CLANG_WARN_DOCUMENTATION_COMMENTS = YES;
				CLANG_WARN_EMPTY_BODY = YES;
				CLANG_WARN_ENUM_CONVERSION = YES;
				CLANG_WARN_INFINITE_RECURSION = YES;
				CLANG_WARN_INT_CONVERSION = YES;
				CLANG_WARN_OBJC_ROOT_CLASS = YES_ERROR;
				CLANG_WARN_SUSPICIOUS_MOVE = YES;
				CLANG_WARN_UNREACHABLE_CODE = YES;
				CLANG_WARN__DUPLICATE_METHOD_MATCH = YES;
				"CODE_SIGN_IDENTITY[sdk=iphoneos*]" = "iPhone Developer";
				COPY_PHASE_STRIP = NO;
				DEBUG_INFORMATION_FORMAT = "dwarf-with-dsym";
				ENABLE_NS_ASSERTIONS = NO;
				ENABLE_STRICT_OBJC_MSGSEND = YES;
				GCC_C_LANGUAGE_STANDARD = gnu99;
				GCC_NO_COMMON_BLOCKS = YES;
				GCC_WARN_64_TO_32_BIT_CONVERSION = YES;
				GCC_WARN_ABOUT_RETURN_TYPE = YES_ERROR;
				GCC_WARN_UNDECLARED_SELECTOR = YES;
				GCC_WARN_UNINITIALIZED_AUTOS = YES_AGGRESSIVE;
				GCC_WARN_UNUSED_FUNCTION = YES;
				GCC_WARN_UNUSED_VARIABLE = YES;
				IPHONEOS_DEPLOYMENT_TARGET = 10.3;
				MTL_ENABLE_DEBUG_INFO = NO;
				SDKROOT = iphoneos;
				SWIFT_OPTIMIZATION_LEVEL = "-Owholemodule";
				VALIDATE_PRODUCT = YES;
			};
			name = Release;
		};
		4DACF0BE1F55C9A00043ED79 /* Debug */ = {
			isa = XCBuildConfiguration;
			baseConfigurationReference = D9DF5D2093C2480DF0169BD0 /* Pods-HomeKitchen.debug.xcconfig */;
			buildSettings = {
				ASSETCATALOG_COMPILER_APPICON_NAME = AppIcon;
				DEVELOPMENT_TEAM = JVVJR7Q26C;
				INFOPLIST_FILE = HomeKitchen/Info.plist;
				LD_RUNPATH_SEARCH_PATHS = "$(inherited) @executable_path/Frameworks";
				PRODUCT_BUNDLE_IDENTIFIER = com.agilityIO.HomeKitchen;
				PRODUCT_NAME = "$(TARGET_NAME)";
				SWIFT_VERSION = 3.0;
			};
			name = Debug;
		};
		4DACF0BF1F55C9A00043ED79 /* Release */ = {
			isa = XCBuildConfiguration;
			baseConfigurationReference = 47C45F89A3DE0DE24F6C2B14 /* Pods-HomeKitchen.release.xcconfig */;
			buildSettings = {
				ASSETCATALOG_COMPILER_APPICON_NAME = AppIcon;
				DEVELOPMENT_TEAM = JVVJR7Q26C;
				INFOPLIST_FILE = HomeKitchen/Info.plist;
				LD_RUNPATH_SEARCH_PATHS = "$(inherited) @executable_path/Frameworks";
				PRODUCT_BUNDLE_IDENTIFIER = com.agilityIO.HomeKitchen;
				PRODUCT_NAME = "$(TARGET_NAME)";
				SWIFT_VERSION = 3.0;
			};
			name = Release;
		};
/* End XCBuildConfiguration section */

/* Begin XCConfigurationList section */
		4DACF0A61F55C9A00043ED79 /* Build configuration list for PBXProject "HomeKitchen" */ = {
			isa = XCConfigurationList;
			buildConfigurations = (
				4DACF0BB1F55C9A00043ED79 /* Debug */,
				4DACF0BC1F55C9A00043ED79 /* Release */,
			);
			defaultConfigurationIsVisible = 0;
			defaultConfigurationName = Release;
		};
		4DACF0BD1F55C9A00043ED79 /* Build configuration list for PBXNativeTarget "HomeKitchen" */ = {
			isa = XCConfigurationList;
			buildConfigurations = (
				4DACF0BE1F55C9A00043ED79 /* Debug */,
				4DACF0BF1F55C9A00043ED79 /* Release */,
			);
			defaultConfigurationIsVisible = 0;
			defaultConfigurationName = Release;
		};
/* End XCConfigurationList section */
	};
	rootObject = 4DACF0A31F55C9A00043ED79 /* Project object */;
}
