// !$*UTF8*$!
{
	archiveVersion = 1;
	classes = {
	};
	objectVersion = 46;
	objects = {

/* Begin PBXBuildFile section */
		4D1587F91F59639100B1FFB4 /* Main.storyboard in Resources */ = {isa = PBXBuildFile; fileRef = 4D1587F71F59639100B1FFB4 /* Main.storyboard */; };
		4D1587FE1F59651900B1FFB4 /* SMNavigationController.swift in Sources */ = {isa = PBXBuildFile; fileRef = 4D1587FD1F59651900B1FFB4 /* SMNavigationController.swift */; };
		4D1588001F59657500B1FFB4 /* LeftMenuTableViewController.swift in Sources */ = {isa = PBXBuildFile; fileRef = 4D1587FF1F59657500B1FFB4 /* LeftMenuTableViewController.swift */; };
		4D1588041F59663C00B1FFB4 /* MenuTableViewCell.swift in Sources */ = {isa = PBXBuildFile; fileRef = 4D1588021F59663C00B1FFB4 /* MenuTableViewCell.swift */; };
		4D1588051F59663C00B1FFB4 /* MenuTableViewCell.xib in Resources */ = {isa = PBXBuildFile; fileRef = 4D1588031F59663C00B1FFB4 /* MenuTableViewCell.xib */; };
		4D3BB80B1F5FF52B00D6686C /* TopOrderTableViewCell.swift in Sources */ = {isa = PBXBuildFile; fileRef = 4D3BB8091F5FF52B00D6686C /* TopOrderTableViewCell.swift */; };
		4D3BB80C1F5FF52B00D6686C /* TopOrderTableViewCell.xib in Resources */ = {isa = PBXBuildFile; fileRef = 4D3BB80A1F5FF52B00D6686C /* TopOrderTableViewCell.xib */; };
		4D3BB80E1F5FFD0000D6686C /* product.json in Resources */ = {isa = PBXBuildFile; fileRef = 4D3BB80D1F5FFD0000D6686C /* product.json */; };
		4D3BB8101F5FFDAF00D6686C /* Product.swift in Sources */ = {isa = PBXBuildFile; fileRef = 4D3BB80F1F5FFDAF00D6686C /* Product.swift */; };
		4D3BB8121F60035100D6686C /* Recipe.swift in Sources */ = {isa = PBXBuildFile; fileRef = 4D3BB8111F60035100D6686C /* Recipe.swift */; };
		4D4086581F5F9558004697CE /* KitchenDetailViewController.swift in Sources */ = {isa = PBXBuildFile; fileRef = 4D4086571F5F9558004697CE /* KitchenDetailViewController.swift */; };
		4D6620E71F5C5A6200B96DC7 /* User.swift in Sources */ = {isa = PBXBuildFile; fileRef = 4D6620E61F5C5A6200B96DC7 /* User.swift */; };
		4DACF0AF1F55C9A00043ED79 /* AppDelegate.swift in Sources */ = {isa = PBXBuildFile; fileRef = 4DACF0AE1F55C9A00043ED79 /* AppDelegate.swift */; };
		4DACF0B61F55C9A00043ED79 /* Assets.xcassets in Resources */ = {isa = PBXBuildFile; fileRef = 4DACF0B51F55C9A00043ED79 /* Assets.xcassets */; };
		4DACF0B91F55C9A00043ED79 /* LaunchScreen.storyboard in Resources */ = {isa = PBXBuildFile; fileRef = 4DACF0B71F55C9A00043ED79 /* LaunchScreen.storyboard */; };
		4DEDD3371F5BF90100D24E79 /* LoginViewController.swift in Sources */ = {isa = PBXBuildFile; fileRef = 4DEDD3361F5BF90100D24E79 /* LoginViewController.swift */; };
		4DEDD33D1F5C075500D24E79 /* SignupViewController.swift in Sources */ = {isa = PBXBuildFile; fileRef = 4DEDD33C1F5C075500D24E79 /* SignupViewController.swift */; };
		4DF43FF71F5E39CE00365F57 /* getrestaurants.json in Resources */ = {isa = PBXBuildFile; fileRef = 4DF43FF61F5E39CE00365F57 /* getrestaurants.json */; };
		4DF43FFB1F5E3B6B00365F57 /* Address.swift in Sources */ = {isa = PBXBuildFile; fileRef = 4DF43FFA1F5E3B6B00365F57 /* Address.swift */; };
		4DF43FFD1F5E3B7A00365F57 /* Kitchen.swift in Sources */ = {isa = PBXBuildFile; fileRef = 4DF43FFC1F5E3B7A00365F57 /* Kitchen.swift */; };
		4DF43FFF1F5E3DC200365F57 /* ResultKitchen.swift in Sources */ = {isa = PBXBuildFile; fileRef = 4DF43FFE1F5E3DC200365F57 /* ResultKitchen.swift */; };
		4DF440011F5E448E00365F57 /* KitchenDataModel.swift in Sources */ = {isa = PBXBuildFile; fileRef = 4DF440001F5E448E00365F57 /* KitchenDataModel.swift */; };
		4DFAAEC31F5D44B600FE2EAE /* KitchenViewController.swift in Sources */ = {isa = PBXBuildFile; fileRef = 4DFAAEC21F5D44B600FE2EAE /* KitchenViewController.swift */; };
		4DFAAEC61F5D459500FE2EAE /* KitchenTableViewCell.swift in Sources */ = {isa = PBXBuildFile; fileRef = 4DFAAEC41F5D459500FE2EAE /* KitchenTableViewCell.swift */; };
		4DFAAEC71F5D459500FE2EAE /* KitchenTableViewCell.xib in Resources */ = {isa = PBXBuildFile; fileRef = 4DFAAEC51F5D459500FE2EAE /* KitchenTableViewCell.xib */; };
		A523611545740C645967EF58 /* Pods_HomeKitchen.framework in Frameworks */ = {isa = PBXBuildFile; fileRef = 223CF9B73D9541A7B43ACFB0 /* Pods_HomeKitchen.framework */; };
/* End PBXBuildFile section */

/* Begin PBXFileReference section */
		223CF9B73D9541A7B43ACFB0 /* Pods_HomeKitchen.framework */ = {isa = PBXFileReference; explicitFileType = wrapper.framework; includeInIndex = 0; path = Pods_HomeKitchen.framework; sourceTree = BUILT_PRODUCTS_DIR; };
		47C45F89A3DE0DE24F6C2B14 /* Pods-HomeKitchen.release.xcconfig */ = {isa = PBXFileReference; includeInIndex = 1; lastKnownFileType = text.xcconfig; name = "Pods-HomeKitchen.release.xcconfig"; path = "Pods/Target Support Files/Pods-HomeKitchen/Pods-HomeKitchen.release.xcconfig"; sourceTree = "<group>"; };
		4D1587F81F59639100B1FFB4 /* Base */ = {isa = PBXFileReference; lastKnownFileType = file.storyboard; name = Base; path = Base.lproj/Main.storyboard; sourceTree = "<group>"; };
		4D1587FD1F59651900B1FFB4 /* SMNavigationController.swift */ = {isa = PBXFileReference; fileEncoding = 4; lastKnownFileType = sourcecode.swift; path = SMNavigationController.swift; sourceTree = "<group>"; };
		4D1587FF1F59657500B1FFB4 /* LeftMenuTableViewController.swift */ = {isa = PBXFileReference; fileEncoding = 4; lastKnownFileType = sourcecode.swift; path = LeftMenuTableViewController.swift; sourceTree = "<group>"; };
		4D1588021F59663C00B1FFB4 /* MenuTableViewCell.swift */ = {isa = PBXFileReference; fileEncoding = 4; lastKnownFileType = sourcecode.swift; path = MenuTableViewCell.swift; sourceTree = "<group>"; };
		4D1588031F59663C00B1FFB4 /* MenuTableViewCell.xib */ = {isa = PBXFileReference; fileEncoding = 4; lastKnownFileType = file.xib; path = MenuTableViewCell.xib; sourceTree = "<group>"; };
		4D3BB8091F5FF52B00D6686C /* TopOrderTableViewCell.swift */ = {isa = PBXFileReference; fileEncoding = 4; lastKnownFileType = sourcecode.swift; path = TopOrderTableViewCell.swift; sourceTree = "<group>"; };
		4D3BB80A1F5FF52B00D6686C /* TopOrderTableViewCell.xib */ = {isa = PBXFileReference; fileEncoding = 4; lastKnownFileType = file.xib; path = TopOrderTableViewCell.xib; sourceTree = "<group>"; };
		4D3BB80D1F5FFD0000D6686C /* product.json */ = {isa = PBXFileReference; fileEncoding = 4; lastKnownFileType = text.json; path = product.json; sourceTree = "<group>"; };
		4D3BB80F1F5FFDAF00D6686C /* Product.swift */ = {isa = PBXFileReference; fileEncoding = 4; lastKnownFileType = sourcecode.swift; path = Product.swift; sourceTree = "<group>"; };
		4D3BB8111F60035100D6686C /* Recipe.swift */ = {isa = PBXFileReference; fileEncoding = 4; lastKnownFileType = sourcecode.swift; path = Recipe.swift; sourceTree = "<group>"; };
		4D4086571F5F9558004697CE /* KitchenDetailViewController.swift */ = {isa = PBXFileReference; fileEncoding = 4; lastKnownFileType = sourcecode.swift; path = KitchenDetailViewController.swift; sourceTree = "<group>"; };
		4D6620E61F5C5A6200B96DC7 /* User.swift */ = {isa = PBXFileReference; fileEncoding = 4; lastKnownFileType = sourcecode.swift; path = User.swift; sourceTree = "<group>"; };
		4DACF0AB1F55C9A00043ED79 /* HomeKitchen.app */ = {isa = PBXFileReference; explicitFileType = wrapper.application; includeInIndex = 0; path = HomeKitchen.app; sourceTree = BUILT_PRODUCTS_DIR; };
		4DACF0AE1F55C9A00043ED79 /* AppDelegate.swift */ = {isa = PBXFileReference; lastKnownFileType = sourcecode.swift; path = AppDelegate.swift; sourceTree = "<group>"; };
		4DACF0B51F55C9A00043ED79 /* Assets.xcassets */ = {isa = PBXFileReference; lastKnownFileType = folder.assetcatalog; path = Assets.xcassets; sourceTree = "<group>"; };
		4DACF0B81F55C9A00043ED79 /* Base */ = {isa = PBXFileReference; lastKnownFileType = file.storyboard; name = Base; path = Base.lproj/LaunchScreen.storyboard; sourceTree = "<group>"; };
		4DACF0BA1F55C9A00043ED79 /* Info.plist */ = {isa = PBXFileReference; lastKnownFileType = text.plist.xml; path = Info.plist; sourceTree = "<group>"; };
		4DEDD3361F5BF90100D24E79 /* LoginViewController.swift */ = {isa = PBXFileReference; fileEncoding = 4; lastKnownFileType = sourcecode.swift; path = LoginViewController.swift; sourceTree = "<group>"; };
		4DEDD33C1F5C075500D24E79 /* SignupViewController.swift */ = {isa = PBXFileReference; fileEncoding = 4; lastKnownFileType = sourcecode.swift; path = SignupViewController.swift; sourceTree = "<group>"; };
		4DF43FF61F5E39CE00365F57 /* getrestaurants.json */ = {isa = PBXFileReference; fileEncoding = 4; lastKnownFileType = text.json; path = getrestaurants.json; sourceTree = "<group>"; };
		4DF43FFA1F5E3B6B00365F57 /* Address.swift */ = {isa = PBXFileReference; fileEncoding = 4; lastKnownFileType = sourcecode.swift; path = Address.swift; sourceTree = "<group>"; };
		4DF43FFC1F5E3B7A00365F57 /* Kitchen.swift */ = {isa = PBXFileReference; fileEncoding = 4; lastKnownFileType = sourcecode.swift; path = Kitchen.swift; sourceTree = "<group>"; };
		4DF43FFE1F5E3DC200365F57 /* ResultKitchen.swift */ = {isa = PBXFileReference; fileEncoding = 4; lastKnownFileType = sourcecode.swift; path = ResultKitchen.swift; sourceTree = "<group>"; };
		4DF440001F5E448E00365F57 /* KitchenDataModel.swift */ = {isa = PBXFileReference; fileEncoding = 4; lastKnownFileType = sourcecode.swift; path = KitchenDataModel.swift; sourceTree = "<group>"; };
		4DFAAEC21F5D44B600FE2EAE /* KitchenViewController.swift */ = {isa = PBXFileReference; fileEncoding = 4; lastKnownFileType = sourcecode.swift; path = KitchenViewController.swift; sourceTree = "<group>"; };
		4DFAAEC41F5D459500FE2EAE /* KitchenTableViewCell.swift */ = {isa = PBXFileReference; fileEncoding = 4; lastKnownFileType = sourcecode.swift; path = KitchenTableViewCell.swift; sourceTree = "<group>"; };
		4DFAAEC51F5D459500FE2EAE /* KitchenTableViewCell.xib */ = {isa = PBXFileReference; fileEncoding = 4; lastKnownFileType = file.xib; path = KitchenTableViewCell.xib; sourceTree = "<group>"; };
		D9DF5D2093C2480DF0169BD0 /* Pods-HomeKitchen.debug.xcconfig */ = {isa = PBXFileReference; includeInIndex = 1; lastKnownFileType = text.xcconfig; name = "Pods-HomeKitchen.debug.xcconfig"; path = "Pods/Target Support Files/Pods-HomeKitchen/Pods-HomeKitchen.debug.xcconfig"; sourceTree = "<group>"; };
/* End PBXFileReference section */

/* Begin PBXFrameworksBuildPhase section */
		4DACF0A81F55C9A00043ED79 /* Frameworks */ = {
			isa = PBXFrameworksBuildPhase;
			buildActionMask = 2147483647;
			files = (
				A523611545740C645967EF58 /* Pods_HomeKitchen.framework in Frameworks */,
			);
			runOnlyForDeploymentPostprocessing = 0;
		};
/* End PBXFrameworksBuildPhase section */

/* Begin PBXGroup section */
		4D1587FC1F5964F400B1FFB4 /* SideMenu */ = {
			isa = PBXGroup;
			children = (
				4D1587FF1F59657500B1FFB4 /* LeftMenuTableViewController.swift */,
				4D1587FD1F59651900B1FFB4 /* SMNavigationController.swift */,
			);
			path = SideMenu;
			sourceTree = "<group>";
		};
		4D1588011F59661600B1FFB4 /* MenuCell */ = {
			isa = PBXGroup;
			children = (
				4D1588021F59663C00B1FFB4 /* MenuTableViewCell.swift */,
				4D1588031F59663C00B1FFB4 /* MenuTableViewCell.xib */,
			);
			path = MenuCell;
			sourceTree = "<group>";
		};
		4D3BB8081F5FF4EF00D6686C /* TopOrderCell */ = {
			isa = PBXGroup;
			children = (
				4D3BB8091F5FF52B00D6686C /* TopOrderTableViewCell.swift */,
				4D3BB80A1F5FF52B00D6686C /* TopOrderTableViewCell.xib */,
			);
			name = TopOrderCell;
			sourceTree = "<group>";
		};
		4D4086541F5F8E33004697CE /* KitchenDetailScreen */ = {
			isa = PBXGroup;
			children = (
				4D4086571F5F9558004697CE /* KitchenDetailViewController.swift */,
			);
			name = KitchenDetailScreen;
			sourceTree = "<group>";
		};
		4DACF0A21F55C9A00043ED79 = {
			isa = PBXGroup;
			children = (
				D126507B14935250B33A623E /* Frameworks */,
				4DACF0AD1F55C9A00043ED79 /* HomeKitchen */,
				59DA56E9BE7B31EB6A86CD31 /* Pods */,
				4DACF0AC1F55C9A00043ED79 /* Products */,
			);
			sourceTree = "<group>";
		};
		4DACF0AC1F55C9A00043ED79 /* Products */ = {
			isa = PBXGroup;
			children = (
				4DACF0AB1F55C9A00043ED79 /* HomeKitchen.app */,
			);
			name = Products;
			sourceTree = "<group>";
		};
		4DACF0AD1F55C9A00043ED79 /* HomeKitchen */ = {
			isa = PBXGroup;
			children = (
				4DDB7ED01F59486300A24730 /* Controllers */,
				4DF43FF31F5E395B00365F57 /* Json File */,
				4DDB7ED21F59487700A24730 /* Models */,
				4DDB7ED11F59486C00A24730 /* Views */,
				4DACF0AE1F55C9A00043ED79 /* AppDelegate.swift */,
				4DACF0B51F55C9A00043ED79 /* Assets.xcassets */,
				4DACF0BA1F55C9A00043ED79 /* Info.plist */,
				4DACF0B71F55C9A00043ED79 /* LaunchScreen.storyboard */,
				4D1587F71F59639100B1FFB4 /* Main.storyboard */,
			);
			path = HomeKitchen;
			sourceTree = "<group>";
		};
		4DDB7ED01F59486300A24730 /* Controllers */ = {
			isa = PBXGroup;
			children = (
				4D4086541F5F8E33004697CE /* KitchenDetailScreen */,
				4DDB7ED51F59623500A24730 /* HomePageScreen */,
				4DEDD3351F5BF8D500D24E79 /* LoginAndSignup */,
				4D1587FC1F5964F400B1FFB4 /* SideMenu */,
			);
			path = Controllers;
			sourceTree = "<group>";
		};
		4DDB7ED11F59486C00A24730 /* Views */ = {
			isa = PBXGroup;
			children = (
				4D3BB8081F5FF4EF00D6686C /* TopOrderCell */,
				4DFAAEC81F5D45B900FE2EAE /* KitchenCell */,
				4D1588011F59661600B1FFB4 /* MenuCell */,
			);
			path = Views;
			sourceTree = "<group>";
		};
		4DDB7ED21F59487700A24730 /* Models */ = {
			isa = PBXGroup;
			children = (
				4D6620E61F5C5A6200B96DC7 /* User.swift */,
				4DF43FFA1F5E3B6B00365F57 /* Address.swift */,
				4DF43FFC1F5E3B7A00365F57 /* Kitchen.swift */,
				4DF43FFE1F5E3DC200365F57 /* ResultKitchen.swift */,
				4DF440001F5E448E00365F57 /* KitchenDataModel.swift */,
				4D3BB80F1F5FFDAF00D6686C /* Product.swift */,
				4D3BB8111F60035100D6686C /* Recipe.swift */,
			);
			path = Models;
			sourceTree = "<group>";
		};
		4DDB7ED51F59623500A24730 /* HomePageScreen */ = {
			isa = PBXGroup;
			children = (
				4DFAAEC21F5D44B600FE2EAE /* KitchenViewController.swift */,
			);
			path = HomePageScreen;
			sourceTree = "<group>";
		};
		4DEDD3351F5BF8D500D24E79 /* LoginAndSignup */ = {
			isa = PBXGroup;
			children = (
				4DEDD3361F5BF90100D24E79 /* LoginViewController.swift */,
				4DEDD33C1F5C075500D24E79 /* SignupViewController.swift */,
			);
			path = LoginAndSignup;
			sourceTree = "<group>";
		};
		4DF43FF31F5E395B00365F57 /* Json File */ = {
			isa = PBXGroup;
			children = (
				4D3BB80D1F5FFD0000D6686C /* product.json */,
				4DF43FF61F5E39CE00365F57 /* getrestaurants.json */,
			);
			path = "Json File";
			sourceTree = "<group>";
		};
		4DFAAEC81F5D45B900FE2EAE /* KitchenCell */ = {
			isa = PBXGroup;
			children = (
				4DFAAEC41F5D459500FE2EAE /* KitchenTableViewCell.swift */,
				4DFAAEC51F5D459500FE2EAE /* KitchenTableViewCell.xib */,
			);
			path = KitchenCell;
			sourceTree = "<group>";
		};
		59DA56E9BE7B31EB6A86CD31 /* Pods */ = {
			isa = PBXGroup;
			children = (
				D9DF5D2093C2480DF0169BD0 /* Pods-HomeKitchen.debug.xcconfig */,
				47C45F89A3DE0DE24F6C2B14 /* Pods-HomeKitchen.release.xcconfig */,
			);
			name = Pods;
			sourceTree = "<group>";
		};
		D126507B14935250B33A623E /* Frameworks */ = {
			isa = PBXGroup;
			children = (
				223CF9B73D9541A7B43ACFB0 /* Pods_HomeKitchen.framework */,
			);
			name = Frameworks;
			sourceTree = "<group>";
		};
/* End PBXGroup section */

/* Begin PBXNativeTarget section */
		4DACF0AA1F55C9A00043ED79 /* HomeKitchen */ = {
			isa = PBXNativeTarget;
			buildConfigurationList = 4DACF0BD1F55C9A00043ED79 /* Build configuration list for PBXNativeTarget "HomeKitchen" */;
			buildPhases = (
				140F51C71023051090935AB0 /* [CP] Check Pods Manifest.lock */,
				4DACF0A71F55C9A00043ED79 /* Sources */,
				4DACF0A81F55C9A00043ED79 /* Frameworks */,
				4DACF0A91F55C9A00043ED79 /* Resources */,
				AF6D24C2BEE1D4AF7EAC5D0B /* [CP] Embed Pods Frameworks */,
				997A74DD038FF8F91FBB7214 /* [CP] Copy Pods Resources */,
			);
			buildRules = (
			);
			dependencies = (
			);
			name = HomeKitchen;
			productName = HomeKitchen;
			productReference = 4DACF0AB1F55C9A00043ED79 /* HomeKitchen.app */;
			productType = "com.apple.product-type.application";
		};
/* End PBXNativeTarget section */

/* Begin PBXProject section */
		4DACF0A31F55C9A00043ED79 /* Project object */ = {
			isa = PBXProject;
			attributes = {
				LastSwiftUpdateCheck = 0830;
				LastUpgradeCheck = 0830;
				ORGANIZATIONNAME = "Tan Vo";
				TargetAttributes = {
					4DACF0AA1F55C9A00043ED79 = {
						CreatedOnToolsVersion = 8.3.3;
						DevelopmentTeam = JVVJR7Q26C;
						ProvisioningStyle = Automatic;
					};
				};
			};
			buildConfigurationList = 4DACF0A61F55C9A00043ED79 /* Build configuration list for PBXProject "HomeKitchen" */;
			compatibilityVersion = "Xcode 3.2";
			developmentRegion = English;
			hasScannedForEncodings = 0;
			knownRegions = (
				en,
				Base,
			);
			mainGroup = 4DACF0A21F55C9A00043ED79;
			productRefGroup = 4DACF0AC1F55C9A00043ED79 /* Products */;
			projectDirPath = "";
			projectRoot = "";
			targets = (
				4DACF0AA1F55C9A00043ED79 /* HomeKitchen */,
			);
		};
/* End PBXProject section */

/* Begin PBXResourcesBuildPhase section */
		4DACF0A91F55C9A00043ED79 /* Resources */ = {
			isa = PBXResourcesBuildPhase;
			buildActionMask = 2147483647;
			files = (
				4D3BB80C1F5FF52B00D6686C /* TopOrderTableViewCell.xib in Resources */,
				4DFAAEC71F5D459500FE2EAE /* KitchenTableViewCell.xib in Resources */,
				4DF43FF71F5E39CE00365F57 /* getrestaurants.json in Resources */,
				4D1587F91F59639100B1FFB4 /* Main.storyboard in Resources */,
				4DACF0B91F55C9A00043ED79 /* LaunchScreen.storyboard in Resources */,
				4D3BB80E1F5FFD0000D6686C /* product.json in Resources */,
				4D1588051F59663C00B1FFB4 /* MenuTableViewCell.xib in Resources */,
				4DACF0B61F55C9A00043ED79 /* Assets.xcassets in Resources */,
			);
			runOnlyForDeploymentPostprocessing = 0;
		};
/* End PBXResourcesBuildPhase section */

/* Begin PBXShellScriptBuildPhase section */
		140F51C71023051090935AB0 /* [CP] Check Pods Manifest.lock */ = {
			isa = PBXShellScriptBuildPhase;
			buildActionMask = 2147483647;
			files = (
			);
			inputPaths = (
			);
			name = "[CP] Check Pods Manifest.lock";
			outputPaths = (
			);
			runOnlyForDeploymentPostprocessing = 0;
			shellPath = /bin/sh;
			shellScript = "diff \"${PODS_PODFILE_DIR_PATH}/Podfile.lock\" \"${PODS_ROOT}/Manifest.lock\" > /dev/null\nif [ $? != 0 ] ; then\n    # print error to STDERR\n    echo \"error: The sandbox is not in sync with the Podfile.lock. Run 'pod install' or update your CocoaPods installation.\" >&2\n    exit 1\nfi\n";
			showEnvVarsInLog = 0;
		};
		997A74DD038FF8F91FBB7214 /* [CP] Copy Pods Resources */ = {
			isa = PBXShellScriptBuildPhase;
			buildActionMask = 2147483647;
			files = (
			);
			inputPaths = (
			);
			name = "[CP] Copy Pods Resources";
			outputPaths = (
			);
			runOnlyForDeploymentPostprocessing = 0;
			shellPath = /bin/sh;
			shellScript = "\"${SRCROOT}/Pods/Target Support Files/Pods-HomeKitchen/Pods-HomeKitchen-resources.sh\"\n";
			showEnvVarsInLog = 0;
		};
		AF6D24C2BEE1D4AF7EAC5D0B /* [CP] Embed Pods Frameworks */ = {
			isa = PBXShellScriptBuildPhase;
			buildActionMask = 2147483647;
			files = (
			);
			inputPaths = (
			);
			name = "[CP] Embed Pods Frameworks";
			outputPaths = (
			);
			runOnlyForDeploymentPostprocessing = 0;
			shellPath = /bin/sh;
			shellScript = "\"${SRCROOT}/Pods/Target Support Files/Pods-HomeKitchen/Pods-HomeKitchen-frameworks.sh\"\n";
			showEnvVarsInLog = 0;
		};
/* End PBXShellScriptBuildPhase section */

/* Begin PBXSourcesBuildPhase section */
		4DACF0A71F55C9A00043ED79 /* Sources */ = {
			isa = PBXSourcesBuildPhase;
			buildActionMask = 2147483647;
			files = (
				4DEDD3371F5BF90100D24E79 /* LoginViewController.swift in Sources */,
				4DF43FFD1F5E3B7A00365F57 /* Kitchen.swift in Sources */,
				4DEDD33D1F5C075500D24E79 /* SignupViewController.swift in Sources */,
				4DACF0AF1F55C9A00043ED79 /* AppDelegate.swift in Sources */,
				4D4086581F5F9558004697CE /* KitchenDetailViewController.swift in Sources */,
				4D3BB8121F60035100D6686C /* Recipe.swift in Sources */,
				4D1588001F59657500B1FFB4 /* LeftMenuTableViewController.swift in Sources */,
				4DF43FFB1F5E3B6B00365F57 /* Address.swift in Sources */,
				4DFAAEC61F5D459500FE2EAE /* KitchenTableViewCell.swift in Sources */,
				4D6620E71F5C5A6200B96DC7 /* User.swift in Sources */,
				4D3BB8101F5FFDAF00D6686C /* Product.swift in Sources */,
				4DFAAEC31F5D44B600FE2EAE /* KitchenViewController.swift in Sources */,
				4D3BB80B1F5FF52B00D6686C /* TopOrderTableViewCell.swift in Sources */,
				4DF440011F5E448E00365F57 /* KitchenDataModel.swift in Sources */,
				4D1587FE1F59651900B1FFB4 /* SMNavigationController.swift in Sources */,
				4D1588041F59663C00B1FFB4 /* MenuTableViewCell.swift in Sources */,
				4DF43FFF1F5E3DC200365F57 /* ResultKitchen.swift in Sources */,
			);
			runOnlyForDeploymentPostprocessing = 0;
		};
/* End PBXSourcesBuildPhase section */

/* Begin PBXVariantGroup section */
		4D1587F71F59639100B1FFB4 /* Main.storyboard */ = {
			isa = PBXVariantGroup;
			children = (
				4D1587F81F59639100B1FFB4 /* Base */,
			);
			name = Main.storyboard;
			path = .;
			sourceTree = "<group>";
		};
		4DACF0B71F55C9A00043ED79 /* LaunchScreen.storyboard */ = {
			isa = PBXVariantGroup;
			children = (
				4DACF0B81F55C9A00043ED79 /* Base */,
			);
			name = LaunchScreen.storyboard;
			path = .;
			sourceTree = "<group>";
		};
/* End PBXVariantGroup section */

/* Begin XCBuildConfiguration section */
		4DACF0BB1F55C9A00043ED79 /* Debug */ = {
			isa = XCBuildConfiguration;
			buildSettings = {
				ALWAYS_SEARCH_USER_PATHS = NO;
				CLANG_ANALYZER_NONNULL = YES;
				CLANG_ANALYZER_NUMBER_OBJECT_CONVERSION = YES_AGGRESSIVE;
				CLANG_CXX_LANGUAGE_STANDARD = "gnu++0x";
				CLANG_CXX_LIBRARY = "libc++";
				CLANG_ENABLE_MODULES = YES;
				CLANG_ENABLE_OBJC_ARC = YES;
				CLANG_WARN_BOOL_CONVERSION = YES;
				CLANG_WARN_CONSTANT_CONVERSION = YES;
				CLANG_WARN_DIRECT_OBJC_ISA_USAGE = YES_ERROR;
				CLANG_WARN_DOCUMENTATION_COMMENTS = YES;
				CLANG_WARN_EMPTY_BODY = YES;
				CLANG_WARN_ENUM_CONVERSION = YES;
				CLANG_WARN_INFINITE_RECURSION = YES;
				CLANG_WARN_INT_CONVERSION = YES;
				CLANG_WARN_OBJC_ROOT_CLASS = YES_ERROR;
				CLANG_WARN_SUSPICIOUS_MOVE = YES;
				CLANG_WARN_UNREACHABLE_CODE = YES;
				CLANG_WARN__DUPLICATE_METHOD_MATCH = YES;
				"CODE_SIGN_IDENTITY[sdk=iphoneos*]" = "iPhone Developer";
				COPY_PHASE_STRIP = NO;
				DEBUG_INFORMATION_FORMAT = dwarf;
				ENABLE_STRICT_OBJC_MSGSEND = YES;
				ENABLE_TESTABILITY = YES;
				GCC_C_LANGUAGE_STANDARD = gnu99;
				GCC_DYNAMIC_NO_PIC = NO;
				GCC_NO_COMMON_BLOCKS = YES;
				GCC_OPTIMIZATION_LEVEL = 0;
				GCC_PREPROCESSOR_DEFINITIONS = (
					"DEBUG=1",
					"$(inherited)",
				);
				GCC_WARN_64_TO_32_BIT_CONVERSION = YES;
				GCC_WARN_ABOUT_RETURN_TYPE = YES_ERROR;
				GCC_WARN_UNDECLARED_SELECTOR = YES;
				GCC_WARN_UNINITIALIZED_AUTOS = YES_AGGRESSIVE;
				GCC_WARN_UNUSED_FUNCTION = YES;
				GCC_WARN_UNUSED_VARIABLE = YES;
				IPHONEOS_DEPLOYMENT_TARGET = 10.3;
				MTL_ENABLE_DEBUG_INFO = YES;
				ONLY_ACTIVE_ARCH = YES;
				SDKROOT = iphoneos;
				SWIFT_ACTIVE_COMPILATION_CONDITIONS = DEBUG;
				SWIFT_OPTIMIZATION_LEVEL = "-Onone";
			};
			name = Debug;
		};
		4DACF0BC1F55C9A00043ED79 /* Release */ = {
			isa = XCBuildConfiguration;
			buildSettings = {
				ALWAYS_SEARCH_USER_PATHS = NO;
				CLANG_ANALYZER_NONNULL = YES;
				CLANG_ANALYZER_NUMBER_OBJECT_CONVERSION = YES_AGGRESSIVE;
				CLANG_CXX_LANGUAGE_STANDARD = "gnu++0x";
				CLANG_CXX_LIBRARY = "libc++";
				CLANG_ENABLE_MODULES = YES;
				CLANG_ENABLE_OBJC_ARC = YES;
				CLANG_WARN_BOOL_CONVERSION = YES;
				CLANG_WARN_CONSTANT_CONVERSION = YES;
				CLANG_WARN_DIRECT_OBJC_ISA_USAGE = YES_ERROR;
				CLANG_WARN_DOCUMENTATION_COMMENTS = YES;
				CLANG_WARN_EMPTY_BODY = YES;
				CLANG_WARN_ENUM_CONVERSION = YES;
				CLANG_WARN_INFINITE_RECURSION = YES;
				CLANG_WARN_INT_CONVERSION = YES;
				CLANG_WARN_OBJC_ROOT_CLASS = YES_ERROR;
				CLANG_WARN_SUSPICIOUS_MOVE = YES;
				CLANG_WARN_UNREACHABLE_CODE = YES;
				CLANG_WARN__DUPLICATE_METHOD_MATCH = YES;
				"CODE_SIGN_IDENTITY[sdk=iphoneos*]" = "iPhone Developer";
				COPY_PHASE_STRIP = NO;
				DEBUG_INFORMATION_FORMAT = "dwarf-with-dsym";
				ENABLE_NS_ASSERTIONS = NO;
				ENABLE_STRICT_OBJC_MSGSEND = YES;
				GCC_C_LANGUAGE_STANDARD = gnu99;
				GCC_NO_COMMON_BLOCKS = YES;
				GCC_WARN_64_TO_32_BIT_CONVERSION = YES;
				GCC_WARN_ABOUT_RETURN_TYPE = YES_ERROR;
				GCC_WARN_UNDECLARED_SELECTOR = YES;
				GCC_WARN_UNINITIALIZED_AUTOS = YES_AGGRESSIVE;
				GCC_WARN_UNUSED_FUNCTION = YES;
				GCC_WARN_UNUSED_VARIABLE = YES;
				IPHONEOS_DEPLOYMENT_TARGET = 10.3;
				MTL_ENABLE_DEBUG_INFO = NO;
				SDKROOT = iphoneos;
				SWIFT_OPTIMIZATION_LEVEL = "-Owholemodule";
				VALIDATE_PRODUCT = YES;
			};
			name = Release;
		};
		4DACF0BE1F55C9A00043ED79 /* Debug */ = {
			isa = XCBuildConfiguration;
			baseConfigurationReference = D9DF5D2093C2480DF0169BD0 /* Pods-HomeKitchen.debug.xcconfig */;
			buildSettings = {
				ASSETCATALOG_COMPILER_APPICON_NAME = AppIcon;
				DEVELOPMENT_TEAM = JVVJR7Q26C;
				INFOPLIST_FILE = HomeKitchen/Info.plist;
				LD_RUNPATH_SEARCH_PATHS = "$(inherited) @executable_path/Frameworks";
				PRODUCT_BUNDLE_IDENTIFIER = com.agilityIO.HomeKitchen;
				PRODUCT_NAME = "$(TARGET_NAME)";
				SWIFT_VERSION = 3.0;
			};
			name = Debug;
		};
		4DACF0BF1F55C9A00043ED79 /* Release */ = {
			isa = XCBuildConfiguration;
			baseConfigurationReference = 47C45F89A3DE0DE24F6C2B14 /* Pods-HomeKitchen.release.xcconfig */;
			buildSettings = {
				ASSETCATALOG_COMPILER_APPICON_NAME = AppIcon;
				DEVELOPMENT_TEAM = JVVJR7Q26C;
				INFOPLIST_FILE = HomeKitchen/Info.plist;
				LD_RUNPATH_SEARCH_PATHS = "$(inherited) @executable_path/Frameworks";
				PRODUCT_BUNDLE_IDENTIFIER = com.agilityIO.HomeKitchen;
				PRODUCT_NAME = "$(TARGET_NAME)";
				SWIFT_VERSION = 3.0;
			};
			name = Release;
		};
/* End XCBuildConfiguration section */

/* Begin XCConfigurationList section */
		4DACF0A61F55C9A00043ED79 /* Build configuration list for PBXProject "HomeKitchen" */ = {
			isa = XCConfigurationList;
			buildConfigurations = (
				4DACF0BB1F55C9A00043ED79 /* Debug */,
				4DACF0BC1F55C9A00043ED79 /* Release */,
			);
			defaultConfigurationIsVisible = 0;
			defaultConfigurationName = Release;
		};
		4DACF0BD1F55C9A00043ED79 /* Build configuration list for PBXNativeTarget "HomeKitchen" */ = {
			isa = XCConfigurationList;
			buildConfigurations = (
				4DACF0BE1F55C9A00043ED79 /* Debug */,
				4DACF0BF1F55C9A00043ED79 /* Release */,
			);
			defaultConfigurationIsVisible = 0;
			defaultConfigurationName = Release;
		};
/* End XCConfigurationList section */
	};
	rootObject = 4DACF0A31F55C9A00043ED79 /* Project object */;
}
